{
    "version": 3,
    "terraform_version": "0.7.2",
    "serial": 12,
    "lineage": "bd16d67c-8110-495f-86fd-c0212e15e2c9",
    "modules": [
        {
            "path": [
                "root"
            ],
            "outputs": {},
            "resources": {
                "google_compute_firewall.perfectgourmet_internal": {
                    "type": "google_compute_firewall",
                    "depends_on": [],
                    "primary": {
                        "id": "perfectgourmet-internal",
                        "attributes": {
                            "allow.#": "3",
                            "allow.1249999313.ports.#": "1",
                            "allow.1249999313.ports.0": "1-65535",
                            "allow.1249999313.protocol": "tcp",
                            "allow.1367131964.ports.#": "0",
                            "allow.1367131964.protocol": "icmp",
                            "allow.4162789437.ports.#": "1",
                            "allow.4162789437.ports.0": "1-65535",
                            "allow.4162789437.protocol": "udp",
                            "description": "",
                            "id": "perfectgourmet-internal",
                            "name": "perfectgourmet-internal",
                            "network": "perfectgourmet",
                            "project": "foxcommerce-production-shared",
                            "self_link": "https://www.googleapis.com/compute/v1/projects/foxcommerce-production-shared/global/firewalls/perfectgourmet-internal",
                            "source_ranges.#": "1",
                            "source_ranges.179966490": "10.0.0.0/16",
                            "source_tags.#": "0",
                            "target_tags.#": "0"
                        },
                        "meta": {
                            "schema_version": "1"
                        },
                        "tainted": false
                    },
                    "deposed": [],
                    "provider": ""
                },
                "google_compute_firewall.perfectgourmet_ssh": {
                    "type": "google_compute_firewall",
                    "depends_on": [],
                    "primary": {
                        "id": "perfectgourmet-ssh",
                        "attributes": {
                            "allow.#": "2",
                            "allow.1367131964.ports.#": "0",
                            "allow.1367131964.protocol": "icmp",
                            "allow.803338340.ports.#": "1",
                            "allow.803338340.ports.0": "22",
                            "allow.803338340.protocol": "tcp",
                            "description": "",
                            "id": "perfectgourmet-ssh",
                            "name": "perfectgourmet-ssh",
                            "network": "perfectgourmet",
                            "project": "foxcommerce-production-shared",
                            "self_link": "https://www.googleapis.com/compute/v1/projects/foxcommerce-production-shared/global/firewalls/perfectgourmet-ssh",
                            "source_ranges.#": "1",
                            "source_ranges.1080289494": "0.0.0.0/0",
                            "source_tags.#": "0",
                            "target_tags.#": "1",
                            "target_tags.4002270276": "ssh"
                        },
                        "meta": {
                            "schema_version": "1"
                        },
                        "tainted": false
                    },
                    "deposed": [],
                    "provider": ""
                },
                "google_compute_firewall.perfectgourmet_web": {
                    "type": "google_compute_firewall",
                    "depends_on": [],
                    "primary": {
                        "id": "perfectgourmet-web",
                        "attributes": {
                            "allow.#": "2",
                            "allow.1250112605.ports.#": "2",
                            "allow.1250112605.ports.0": "80",
                            "allow.1250112605.ports.1": "443",
                            "allow.1250112605.protocol": "tcp",
                            "allow.1367131964.ports.#": "0",
                            "allow.1367131964.protocol": "icmp",
                            "description": "",
                            "id": "perfectgourmet-web",
                            "name": "perfectgourmet-web",
                            "network": "perfectgourmet",
                            "project": "foxcommerce-production-shared",
                            "self_link": "https://www.googleapis.com/compute/v1/projects/foxcommerce-production-shared/global/firewalls/perfectgourmet-web",
                            "source_ranges.#": "1",
                            "source_ranges.1080289494": "0.0.0.0/0",
                            "source_tags.#": "0",
                            "target_tags.#": "2",
                            "target_tags.1936433573": "https-server",
                            "target_tags.988335155": "http-server"
                        },
                        "meta": {
                            "schema_version": "1"
                        },
                        "tainted": false
                    },
                    "deposed": [],
                    "provider": ""
                },
                "google_compute_network.perfectgourmet": {
                    "type": "google_compute_network",
                    "depends_on": [],
                    "primary": {
                        "id": "perfectgourmet",
                        "attributes": {
                            "gateway_ipv4": "10.0.0.1",
                            "id": "perfectgourmet",
                            "ipv4_range": "10.0.0.0/16",
                            "name": "perfectgourmet",
                            "self_link": "https://www.googleapis.com/compute/v1/projects/foxcommerce-production-shared/global/networks/perfectgourmet"
                        },
                        "meta": {},
                        "tainted": false
                    },
                    "deposed": [],
                    "provider": ""
                }
            },
            "depends_on": []
        },
        {
            "path": [
                "root",
                "perfectgourmet_amigo_cluster"
            ],
            "outputs": {
                "leader": {
                    "sensitive": false,
                    "type": "string",
                    "value": "10.0.0.3"
                }
            },
            "resources": {
                "google_compute_instance.amigo_server.0": {
                    "type": "google_compute_instance",
                    "depends_on": [],
                    "primary": {
                        "id": "perfectgourmet-amigo-server-0",
                        "attributes": {
                            "can_ip_forward": "false",
                            "disk.#": "1",
                            "disk.0.auto_delete": "true",
                            "disk.0.device_name": "",
                            "disk.0.disk": "",
                            "disk.0.image": "amigo-server-1473000052",
                            "disk.0.scratch": "false",
                            "disk.0.size": "30",
                            "disk.0.type": "pd-ssd",
                            "id": "perfectgourmet-amigo-server-0",
                            "machine_type": "n1-standard-1",
                            "metadata.%": "1",
                            "metadata.amigo_dc": "perfectgourmet",
                            "metadata_fingerprint": "8YeDiP3izhI=",
                            "name": "perfectgourmet-amigo-server-0",
                            "network.#": "0",
                            "network_interface.#": "1",
                            "network_interface.0.access_config.#": "0",
                            "network_interface.0.address": "10.0.0.3",
                            "network_interface.0.name": "nic0",
                            "network_interface.0.network": "perfectgourmet",
                            "network_interface.0.subnetwork": "",
                            "self_link": "https://www.googleapis.com/compute/v1/projects/foxcommerce-production-shared/zones/us-central1-a/instances/perfectgourmet-amigo-server-0",
                            "service_account.#": "1",
                            "service_account.0.email": "594091449665-compute@developer.gserviceaccount.com",
                            "service_account.0.scopes.#": "1",
                            "service_account.0.scopes.1328717722": "https://www.googleapis.com/auth/devstorage.read_write",
                            "tags.#": "5",
                            "tags.1472900357": "no-ip",
                            "tags.1786296088": "perfectgourmet",
                            "tags.370511911": "perfectgourmet-amigo-server-0",
                            "tags.3862505803": "perfectgourmet-amigo-server",
                            "tags.4002270276": "ssh",
                            "tags_fingerprint": "JAQwysh4_iQ=",
                            "zone": "us-central1-a"
                        },
                        "meta": {
                            "schema_version": "2"
                        },
                        "tainted": false
                    },
                    "deposed": [],
                    "provider": ""
                },
                "google_compute_instance.amigo_server.1": {
                    "type": "google_compute_instance",
                    "depends_on": [
                        "google_compute_instance.amigo_server.0"
                    ],
                    "primary": {
                        "id": "perfectgourmet-amigo-server-1",
                        "attributes": {
                            "can_ip_forward": "false",
                            "disk.#": "1",
                            "disk.0.auto_delete": "true",
                            "disk.0.device_name": "",
                            "disk.0.disk": "",
                            "disk.0.image": "amigo-server-1473000052",
                            "disk.0.scratch": "false",
                            "disk.0.size": "30",
                            "disk.0.type": "pd-ssd",
                            "id": "perfectgourmet-amigo-server-1",
                            "machine_type": "n1-standard-1",
                            "metadata.%": "1",
                            "metadata.amigo_dc": "perfectgourmet",
                            "metadata_fingerprint": "8YeDiP3izhI=",
                            "name": "perfectgourmet-amigo-server-1",
                            "network.#": "0",
                            "network_interface.#": "1",
                            "network_interface.0.access_config.#": "0",
                            "network_interface.0.address": "10.0.0.5",
                            "network_interface.0.name": "nic0",
                            "network_interface.0.network": "perfectgourmet",
                            "network_interface.0.subnetwork": "",
                            "self_link": "https://www.googleapis.com/compute/v1/projects/foxcommerce-production-shared/zones/us-central1-a/instances/perfectgourmet-amigo-server-1",
                            "service_account.#": "1",
                            "service_account.0.email": "594091449665-compute@developer.gserviceaccount.com",
                            "service_account.0.scopes.#": "1",
                            "service_account.0.scopes.1328717722": "https://www.googleapis.com/auth/devstorage.read_write",
                            "tags.#": "5",
                            "tags.1472900357": "no-ip",
                            "tags.1628610737": "perfectgourmet-amigo-server-1",
                            "tags.1786296088": "perfectgourmet",
                            "tags.3862505803": "perfectgourmet-amigo-server",
                            "tags.4002270276": "ssh",
                            "tags_fingerprint": "Fc1-eIFo9L0=",
                            "zone": "us-central1-a"
                        },
                        "meta": {
                            "schema_version": "2"
                        },
                        "tainted": false
                    },
                    "deposed": [],
                    "provider": ""
                },
                "google_compute_instance.amigo_server.2": {
                    "type": "google_compute_instance",
                    "depends_on": [
                        "google_compute_instance.amigo_server.0"
                    ],
                    "primary": {
                        "id": "perfectgourmet-amigo-server-2",
                        "attributes": {
                            "can_ip_forward": "false",
                            "disk.#": "1",
                            "disk.0.auto_delete": "true",
                            "disk.0.device_name": "",
                            "disk.0.disk": "",
                            "disk.0.image": "amigo-server-1473000052",
                            "disk.0.scratch": "false",
                            "disk.0.size": "30",
                            "disk.0.type": "pd-ssd",
                            "id": "perfectgourmet-amigo-server-2",
                            "machine_type": "n1-standard-1",
                            "metadata.%": "1",
                            "metadata.amigo_dc": "perfectgourmet",
                            "metadata_fingerprint": "8YeDiP3izhI=",
                            "name": "perfectgourmet-amigo-server-2",
                            "network.#": "0",
                            "network_interface.#": "1",
                            "network_interface.0.access_config.#": "0",
                            "network_interface.0.address": "10.0.0.4",
                            "network_interface.0.name": "nic0",
                            "network_interface.0.network": "perfectgourmet",
                            "network_interface.0.subnetwork": "",
                            "self_link": "https://www.googleapis.com/compute/v1/projects/foxcommerce-production-shared/zones/us-central1-a/instances/perfectgourmet-amigo-server-2",
                            "service_account.#": "1",
                            "service_account.0.email": "594091449665-compute@developer.gserviceaccount.com",
                            "service_account.0.scopes.#": "1",
                            "service_account.0.scopes.1328717722": "https://www.googleapis.com/auth/devstorage.read_write",
                            "tags.#": "5",
                            "tags.1472900357": "no-ip",
                            "tags.1786296088": "perfectgourmet",
                            "tags.3862505803": "perfectgourmet-amigo-server",
                            "tags.4002270276": "ssh",
                            "tags.4162580747": "perfectgourmet-amigo-server-2",
                            "tags_fingerprint": "jwjqDVQMLdY=",
                            "zone": "us-central1-a"
                        },
                        "meta": {
                            "schema_version": "2"
                        },
                        "tainted": false
                    },
                    "deposed": [],
                    "provider": ""
                }
            },
            "depends_on": []
        },
        {
            "path": [
                "root",
                "perfectgourmet_stack"
            ],
            "outputs": {
                "kakfa_address": {
                    "sensitive": false,
                    "type": "string",
                    "value": "10.0.0.12"
                }
            },
            "resources": {
                "google_compute_instance.db": {
                    "type": "google_compute_instance",
                    "depends_on": [],
                    "primary": {
                        "id": "perfectgourmet-db",
                        "attributes": {
                            "can_ip_forward": "false",
                            "disk.#": "1",
                            "disk.0.auto_delete": "true",
                            "disk.0.device_name": "",
                            "disk.0.disk": "",
                            "disk.0.image": "perfectgourmet-db-1473001859",
                            "disk.0.scratch": "false",
                            "disk.0.size": "100",
                            "disk.0.type": "pd-ssd",
                            "id": "perfectgourmet-db",
                            "machine_type": "n1-highmem-4",
                            "metadata.%": "0",
                            "metadata_fingerprint": "T7NK9iJnyFA=",
                            "name": "perfectgourmet-db",
                            "network.#": "0",
                            "network_interface.#": "1",
                            "network_interface.0.access_config.#": "0",
                            "network_interface.0.address": "10.0.0.8",
                            "network_interface.0.name": "nic0",
                            "network_interface.0.network": "perfectgourmet",
                            "network_interface.0.subnetwork": "",
                            "self_link": "https://www.googleapis.com/compute/v1/projects/foxcommerce-production-shared/zones/us-central1-a/instances/perfectgourmet-db",
                            "service_account.#": "1",
                            "service_account.0.email": "594091449665-compute@developer.gserviceaccount.com",
                            "service_account.0.scopes.#": "1",
                            "service_account.0.scopes.1328717722": "https://www.googleapis.com/auth/devstorage.read_write",
                            "tags.#": "6",
                            "tags.1472900357": "no-ip",
                            "tags.1786296088": "perfectgourmet",
                            "tags.1936433573": "https-server",
                            "tags.2325123493": "perfectgourmet-db",
                            "tags.4002270276": "ssh",
                            "tags.988335155": "http-server",
                            "tags_fingerprint": "OzMHYPBYaF8=",
                            "zone": "us-central1-a"
                        },
                        "meta": {
                            "schema_version": "2"
                        },
                        "tainted": false
                    },
                    "deposed": [],
                    "provider": ""
                },
                "google_compute_instance.es": {
                    "type": "google_compute_instance",
                    "depends_on": [],
                    "primary": {
                        "id": "perfectgourmet-es",
                        "attributes": {
                            "can_ip_forward": "false",
                            "disk.#": "1",
                            "disk.0.auto_delete": "true",
                            "disk.0.device_name": "",
                            "disk.0.disk": "",
                            "disk.0.image": "perfectgourmet-es-1473001026",
                            "disk.0.scratch": "false",
                            "disk.0.size": "100",
                            "disk.0.type": "pd-ssd",
                            "id": "perfectgourmet-es",
                            "machine_type": "n1-highmem-2",
                            "metadata.%": "0",
                            "metadata_fingerprint": "T7NK9iJnyFA=",
                            "name": "perfectgourmet-es",
                            "network.#": "0",
                            "network_interface.#": "1",
                            "network_interface.0.access_config.#": "0",
                            "network_interface.0.address": "10.0.0.6",
                            "network_interface.0.name": "nic0",
                            "network_interface.0.network": "perfectgourmet",
                            "network_interface.0.subnetwork": "",
                            "self_link": "https://www.googleapis.com/compute/v1/projects/foxcommerce-production-shared/zones/us-central1-a/instances/perfectgourmet-es",
                            "service_account.#": "0",
                            "tags.#": "6",
                            "tags.1472900357": "no-ip",
                            "tags.1786296088": "perfectgourmet",
                            "tags.1936433573": "https-server",
                            "tags.4002270276": "ssh",
                            "tags.4181557270": "perfectgourmet-es",
                            "tags.988335155": "http-server",
                            "tags_fingerprint": "kyxWPgDUGog=",
                            "zone": "us-central1-a"
                        },
                        "meta": {
                            "schema_version": "2"
                        },
                        "tainted": false
                    },
                    "deposed": [],
                    "provider": ""
                },
                "google_compute_instance.greenriver": {
                    "type": "google_compute_instance",
                    "depends_on": [],
                    "primary": {
                        "id": "perfectgourmet-greenriver",
                        "attributes": {
                            "can_ip_forward": "false",
                            "disk.#": "1",
                            "disk.0.auto_delete": "true",
                            "disk.0.device_name": "",
                            "disk.0.disk": "",
                            "disk.0.image": "perfectgourmet-green-1473001753",
                            "disk.0.scratch": "false",
                            "disk.0.size": "10",
                            "disk.0.type": "pd-ssd",
                            "id": "perfectgourmet-greenriver",
                            "machine_type": "n1-standard-2",
                            "metadata.%": "0",
                            "metadata_fingerprint": "T7NK9iJnyFA=",
                            "name": "perfectgourmet-greenriver",
                            "network.#": "0",
                            "network_interface.#": "1",
                            "network_interface.0.access_config.#": "0",
                            "network_interface.0.address": "10.0.0.7",
                            "network_interface.0.name": "nic0",
                            "network_interface.0.network": "perfectgourmet",
                            "network_interface.0.subnetwork": "",
                            "self_link": "https://www.googleapis.com/compute/v1/projects/foxcommerce-production-shared/zones/us-central1-a/instances/perfectgourmet-greenriver",
                            "service_account.#": "0",
                            "tags.#": "6",
                            "tags.1472900357": "no-ip",
                            "tags.1786296088": "perfectgourmet",
                            "tags.1936433573": "https-server",
                            "tags.4002270276": "ssh",
                            "tags.4178893975": "perfectgourmet-greenriver",
                            "tags.988335155": "http-server",
                            "tags_fingerprint": "0GmtcT7HBZc=",
                            "zone": "us-central1-a"
                        },
                        "meta": {
                            "schema_version": "2"
                        },
                        "tainted": false
                    },
                    "deposed": [],
                    "provider": ""
                },
                "google_compute_instance.kafka": {
                    "type": "google_compute_instance",
                    "depends_on": [],
                    "primary": {
                        "id": "perfectgourmet-kafka",
                        "attributes": {
                            "can_ip_forward": "false",
                            "disk.#": "1",
                            "disk.0.auto_delete": "true",
                            "disk.0.device_name": "",
                            "disk.0.disk": "",
                            "disk.0.image": "perfectgourmet-kafka-1473001311",
                            "disk.0.scratch": "false",
                            "disk.0.size": "100",
                            "disk.0.type": "pd-ssd",
                            "id": "perfectgourmet-kafka",
                            "machine_type": "n1-standard-2",
                            "metadata.%": "0",
                            "metadata_fingerprint": "T7NK9iJnyFA=",
                            "name": "perfectgourmet-kafka",
                            "network.#": "0",
                            "network_interface.#": "1",
                            "network_interface.0.access_config.#": "0",
                            "network_interface.0.address": "10.0.0.12",
                            "network_interface.0.name": "nic0",
                            "network_interface.0.network": "perfectgourmet",
                            "network_interface.0.subnetwork": "",
                            "self_link": "https://www.googleapis.com/compute/v1/projects/foxcommerce-production-shared/zones/us-central1-a/instances/perfectgourmet-kafka",
                            "service_account.#": "0",
                            "tags.#": "6",
                            "tags.1472900357": "no-ip",
                            "tags.1786296088": "perfectgourmet",
                            "tags.1936433573": "https-server",
                            "tags.4002270276": "ssh",
                            "tags.835168054": "perfectgourmet-kafka",
                            "tags.988335155": "http-server",
                            "tags_fingerprint": "0YbKgRq7-Eo=",
                            "zone": "us-central1-a"
                        },
                        "meta": {
                            "schema_version": "2"
                        },
                        "tainted": false
                    },
                    "deposed": [],
                    "provider": ""
                },
                "google_compute_instance.log": {
                    "type": "google_compute_instance",
                    "depends_on": [],
                    "primary": {
                        "id": "perfectgourmet-log",
                        "attributes": {
                            "can_ip_forward": "false",
                            "disk.#": "1",
                            "disk.0.auto_delete": "true",
                            "disk.0.device_name": "",
                            "disk.0.disk": "",
                            "disk.0.image": "perfectgourmet-es-log-1473001308",
                            "disk.0.scratch": "false",
                            "disk.0.size": "100",
                            "disk.0.type": "pd-ssd",
                            "id": "perfectgourmet-log",
                            "machine_type": "n1-highmem-2",
                            "metadata.%": "0",
                            "metadata_fingerprint": "T7NK9iJnyFA=",
                            "name": "perfectgourmet-log",
                            "network.#": "0",
                            "network_interface.#": "1",
                            "network_interface.0.access_config.#": "0",
                            "network_interface.0.address": "10.0.0.9",
                            "network_interface.0.name": "nic0",
                            "network_interface.0.network": "perfectgourmet",
                            "network_interface.0.subnetwork": "",
                            "self_link": "https://www.googleapis.com/compute/v1/projects/foxcommerce-production-shared/zones/us-central1-a/instances/perfectgourmet-log",
                            "service_account.#": "0",
                            "tags.#": "6",
                            "tags.1472900357": "no-ip",
                            "tags.1786296088": "perfectgourmet",
                            "tags.1936433573": "https-server",
                            "tags.4002270276": "ssh",
                            "tags.476050805": "perfectgourmet-log",
                            "tags.988335155": "http-server",
                            "tags_fingerprint": "77CI-4cb6qE=",
                            "zone": "us-central1-a"
                        },
                        "meta": {
                            "schema_version": "2"
                        },
                        "tainted": false
                    },
                    "deposed": [],
                    "provider": ""
                },
                "google_compute_instance.phoenix": {
                    "type": "google_compute_instance",
                    "depends_on": [],
                    "primary": {
                        "id": "perfectgourmet-phoenix",
                        "attributes": {
                            "can_ip_forward": "false",
                            "disk.#": "1",
                            "disk.0.auto_delete": "true",
                            "disk.0.device_name": "",
                            "disk.0.disk": "",
                            "disk.0.image": "perfectgourmet-phoenix-1473002389",
                            "disk.0.scratch": "false",
                            "disk.0.size": "10",
                            "disk.0.type": "pd-ssd",
                            "id": "perfectgourmet-phoenix",
                            "machine_type": "n1-standard-4",
                            "metadata.%": "0",
                            "metadata_fingerprint": "T7NK9iJnyFA=",
                            "name": "perfectgourmet-phoenix",
                            "network.#": "0",
                            "network_interface.#": "1",
                            "network_interface.0.access_config.#": "0",
                            "network_interface.0.address": "10.0.0.11",
                            "network_interface.0.name": "nic0",
                            "network_interface.0.network": "perfectgourmet",
                            "network_interface.0.subnetwork": "",
                            "self_link": "https://www.googleapis.com/compute/v1/projects/foxcommerce-production-shared/zones/us-central1-a/instances/perfectgourmet-phoenix",
                            "service_account.#": "0",
                            "tags.#": "6",
                            "tags.1472900357": "no-ip",
                            "tags.1786296088": "perfectgourmet",
                            "tags.1936433573": "https-server",
                            "tags.3469960805": "perfectgourmet-phoenix",
                            "tags.4002270276": "ssh",
                            "tags.988335155": "http-server",
                            "tags_fingerprint": "JExisH6CQs0=",
                            "zone": "us-central1-a"
                        },
                        "meta": {
                            "schema_version": "2"
                        },
                        "tainted": false
                    },
                    "deposed": [],
                    "provider": ""
                },
                "google_compute_instance.stage-amigo": {
                    "type": "google_compute_instance",
                    "depends_on": [],
                    "primary": {
                        "id": "perfectgourmet-stage-amigo",
                        "attributes": {
                            "can_ip_forward": "false",
                            "disk.#": "1",
                            "disk.0.auto_delete": "true",
                            "disk.0.device_name": "",
                            "disk.0.disk": "",
                            "disk.0.image": "perfectgourmet-stage-amigo-1473002871",
                            "disk.0.scratch": "false",
                            "disk.0.size": "20",
                            "disk.0.type": "pd-ssd",
                            "id": "perfectgourmet-stage-amigo",
                            "machine_type": "n1-standard-1",
                            "metadata.%": "1",
                            "metadata.consul_dc": "perfectgourmet-stage",
                            "metadata_fingerprint": "CN5cC9VoWcA=",
                            "name": "perfectgourmet-stage-amigo",
                            "network.#": "0",
                            "network_interface.#": "1",
                            "network_interface.0.access_config.#": "0",
                            "network_interface.0.address": "10.0.0.10",
                            "network_interface.0.name": "nic0",
                            "network_interface.0.network": "perfectgourmet",
                            "network_interface.0.subnetwork": "",
                            "self_link": "https://www.googleapis.com/compute/v1/projects/foxcommerce-production-shared/zones/us-central1-a/instances/perfectgourmet-stage-amigo",
                            "service_account.#": "0",
                            "tags.#": "3",
                            "tags.1472900357": "no-ip",
                            "tags.2819047752": "perfectgourmet-stage",
                            "tags.461208311": "perfectgourmet-stage-amigo",
                            "tags_fingerprint": "dXoIeI_65qs=",
                            "zone": "us-central1-a"
                        },
                        "meta": {
                            "schema_version": "2"
                        },
                        "tainted": false
                    },
                    "deposed": [],
                    "provider": ""
                },
                "google_compute_instance.stage-backend": {
                    "type": "google_compute_instance",
                    "depends_on": [
                        "google_compute_instance.stage-amigo"
                    ],
                    "primary": {
                        "id": "perfectgourmet-stage-backend",
                        "attributes": {
                            "can_ip_forward": "false",
                            "disk.#": "1",
                            "disk.0.auto_delete": "true",
                            "disk.0.device_name": "",
                            "disk.0.disk": "",
                            "disk.0.image": "perfectgourmet-stage-backend-1473002902",
                            "disk.0.scratch": "false",
                            "disk.0.size": "100",
                            "disk.0.type": "pd-ssd",
                            "id": "perfectgourmet-stage-backend",
                            "machine_type": "n1-highmem-4",
                            "metadata.%": "0",
                            "metadata_fingerprint": "T7NK9iJnyFA=",
                            "name": "perfectgourmet-stage-backend",
                            "network.#": "0",
                            "network_interface.#": "1",
                            "network_interface.0.access_config.#": "0",
                            "network_interface.0.address": "10.0.0.16",
                            "network_interface.0.name": "nic0",
                            "network_interface.0.network": "perfectgourmet",
                            "network_interface.0.subnetwork": "",
                            "self_link": "https://www.googleapis.com/compute/v1/projects/foxcommerce-production-shared/zones/us-central1-a/instances/perfectgourmet-stage-backend",
                            "service_account.#": "0",
                            "tags.#": "3",
                            "tags.1351548315": "perfectgourmet-stage-backend",
                            "tags.1472900357": "no-ip",
                            "tags.2819047752": "perfectgourmet-stage",
                            "tags_fingerprint": "1pdq4L0GIEM=",
                            "zone": "us-central1-a"
                        },
                        "meta": {
                            "schema_version": "2"
                        },
                        "tainted": false
                    },
                    "deposed": [],
                    "provider": ""
                },
                "google_compute_instance.stage-frontend": {
                    "type": "google_compute_instance",
                    "depends_on": [
                        "google_compute_instance.stage-amigo"
                    ],
                    "primary": {
                        "id": "perfectgourmet-stage-frontend",
                        "attributes": {
                            "can_ip_forward": "false",
                            "disk.#": "1",
                            "disk.0.auto_delete": "true",
                            "disk.0.device_name": "",
                            "disk.0.disk": "",
                            "disk.0.image": "perfectgourmet-stage-frontend-1473002881",
                            "disk.0.scratch": "false",
                            "disk.0.size": "30",
                            "disk.0.type": "pd-ssd",
                            "id": "perfectgourmet-stage-frontend",
                            "machine_type": "n1-highcpu-4",
                            "metadata.%": "0",
                            "metadata_fingerprint": "T7NK9iJnyFA=",
                            "name": "perfectgourmet-stage-frontend",
                            "network.#": "0",
                            "network_interface.#": "1",
                            "network_interface.0.access_config.#": "0",
                            "network_interface.0.address": "10.0.0.15",
                            "network_interface.0.name": "nic0",
                            "network_interface.0.network": "perfectgourmet",
                            "network_interface.0.subnetwork": "",
                            "self_link": "https://www.googleapis.com/compute/v1/projects/foxcommerce-production-shared/zones/us-central1-a/instances/perfectgourmet-stage-frontend",
                            "service_account.#": "0",
                            "tags.#": "5",
                            "tags.1472900357": "no-ip",
                            "tags.1936433573": "https-server",
                            "tags.2349956814": "perfectgourmet-stage-frontend",
                            "tags.2819047752": "perfectgourmet-stage",
                            "tags.988335155": "http-server",
                            "tags_fingerprint": "LHJbkqhfc0E=",
                            "zone": "us-central1-a"
                        },
                        "meta": {
                            "schema_version": "2"
                        },
                        "tainted": false
                    },
                    "deposed": [],
                    "provider": ""
                },
                "google_compute_instance_group_manager.front_group_manager": {
                    "type": "google_compute_instance_group_manager",
                    "depends_on": [
                        "google_compute_instance_template.front_template"
                    ],
                    "primary": {
                        "id": "perfectgourmet-front-group-manager",
                        "attributes": {
                            "base_instance_name": "perfectgourmet-front",
                            "description": "",
                            "fingerprint": "2YkE-5FVVAU=",
                            "id": "perfectgourmet-front-group-manager",
                            "instance_group": "https://www.googleapis.com/compute/v1/projects/foxcommerce-production-shared/zones/us-central1-a/instanceGroups/perfectgourmet-front-group-manager",
                            "instance_template": "https://www.googleapis.com/compute/v1/projects/foxcommerce-production-shared/global/instanceTemplates/perfectgourmet-front-template-20160904172506630859779atz",
                            "name": "perfectgourmet-front-group-manager",
                            "named_port.#": "2",
                            "named_port.0.name": "http-front",
                            "named_port.0.port": "80",
                            "named_port.1.name": "https-front",
                            "named_port.1.port": "443",
                            "project": "foxcommerce-production-shared",
                            "self_link": "https://www.googleapis.com/compute/v1/projects/foxcommerce-production-shared/zones/us-central1-a/instanceGroupManagers/perfectgourmet-front-group-manager",
                            "target_pools.#": "0",
                            "target_size": "1",
                            "update_strategy": "RESTART",
                            "zone": "us-central1-a"
                        },
                        "meta": {},
                        "tainted": false
                    },
                    "deposed": [],
                    "provider": ""
                },
                "google_compute_instance_group_manager.service_worker_group_manager": {
                    "type": "google_compute_instance_group_manager",
                    "depends_on": [
                        "google_compute_instance_template.service_worker_template"
                    ],
                    "primary": {
                        "id": "perfectgourmet-service-worker-group-manager",
                        "attributes": {
                            "base_instance_name": "perfectgourmet-service-worker",
                            "description": "",
                            "fingerprint": "DLrLJlkZD7I=",
                            "id": "perfectgourmet-service-worker-group-manager",
                            "instance_group": "https://www.googleapis.com/compute/v1/projects/foxcommerce-production-shared/zones/us-central1-a/instanceGroups/perfectgourmet-service-worker-group-manager",
                            "instance_template": "https://www.googleapis.com/compute/v1/projects/foxcommerce-production-shared/global/instanceTemplates/perfectgourmet-service-worker-tmpl20160904172506630856038o6d",
                            "name": "perfectgourmet-service-worker-group-manager",
                            "named_port.#": "0",
                            "project": "foxcommerce-production-shared",
                            "self_link": "https://www.googleapis.com/compute/v1/projects/foxcommerce-production-shared/zones/us-central1-a/instanceGroupManagers/perfectgourmet-service-worker-group-manager",
                            "target_pools.#": "0",
                            "target_size": "1",
                            "update_strategy": "RESTART",
                            "zone": "us-central1-a"
                        },
                        "meta": {},
                        "tainted": false
                    },
                    "deposed": [],
                    "provider": ""
                },
                "google_compute_instance_template.front_template": {
                    "type": "google_compute_instance_template",
                    "depends_on": [],
                    "primary": {
                        "id": "perfectgourmet-front-template-20160904172506630859779atz",
                        "attributes": {
                            "automatic_restart": "true",
                            "can_ip_forward": "false",
                            "description": "",
                            "disk.#": "1",
                            "disk.0.auto_delete": "true",
                            "disk.0.boot": "true",
                            "disk.0.device_name": "",
                            "disk.0.disk_name": "",
                            "disk.0.disk_size_gb": "20",
                            "disk.0.disk_type": "pd-standard",
                            "disk.0.interface": "SCSI",
                            "disk.0.mode": "READ_WRITE",
                            "disk.0.source": "",
                            "disk.0.source_image": "perfectgourmet-front-1473002170",
                            "disk.0.type": "PERSISTENT",
                            "id": "perfectgourmet-front-template-20160904172506630859779atz",
                            "instance_description": "",
                            "machine_type": "n1-standard-2",
                            "metadata.%": "1",
                            "metadata.startup-script": "/usr/local/bin/bootstrap_consul.sh perfectgourmet 10.0.0.3",
                            "metadata_fingerprint": "uEdhyivJ_BM=",
                            "name": "perfectgourmet-front-template-20160904172506630859779atz",
                            "name_prefix": "perfectgourmet-front-template-",
                            "network_interface.#": "1",
                            "network_interface.0.access_config.#": "0",
                            "network_interface.0.network": "perfectgourmet",
                            "network_interface.0.subnetwork": "",
                            "project": "foxcommerce-production-shared",
                            "scheduling.#": "1",
                            "scheduling.0.automatic_restart": "true",
                            "scheduling.0.on_host_maintenance": "MIGRATE",
                            "scheduling.0.preemptible": "false",
                            "self_link": "https://www.googleapis.com/compute/v1/projects/foxcommerce-production-shared/global/instanceTemplates/perfectgourmet-front-template-20160904172506630859779atz",
                            "tags.#": "6",
                            "tags.1472900357": "no-ip",
                            "tags.1786296088": "perfectgourmet",
                            "tags.1936433573": "https-server",
                            "tags.2491461847": "perfectgourmet-front",
                            "tags.4002270276": "ssh",
                            "tags.988335155": "http-server",
                            "tags_fingerprint": ""
                        },
                        "meta": {},
                        "tainted": false
                    },
                    "deposed": [],
                    "provider": ""
                },
                "google_compute_instance_template.service_worker_template": {
                    "type": "google_compute_instance_template",
                    "depends_on": [],
                    "primary": {
                        "id": "perfectgourmet-service-worker-tmpl20160904172506630856038o6d",
                        "attributes": {
                            "automatic_restart": "true",
                            "can_ip_forward": "false",
                            "description": "",
                            "disk.#": "1",
                            "disk.0.auto_delete": "true",
                            "disk.0.boot": "true",
                            "disk.0.device_name": "",
                            "disk.0.disk_name": "",
                            "disk.0.disk_size_gb": "20",
                            "disk.0.disk_type": "pd-ssd",
                            "disk.0.interface": "SCSI",
                            "disk.0.mode": "READ_WRITE",
                            "disk.0.source": "",
                            "disk.0.source_image": "service-worker-1473001079",
                            "disk.0.type": "PERSISTENT",
                            "id": "perfectgourmet-service-worker-tmpl20160904172506630856038o6d",
                            "instance_description": "",
                            "machine_type": "n1-standard-4",
                            "metadata.%": "1",
                            "metadata.startup-script": "/usr/local/bin/bootstrap_consul.sh perfectgourmet 10.0.0.3",
                            "metadata_fingerprint": "uEdhyivJ_BM=",
                            "name": "perfectgourmet-service-worker-tmpl20160904172506630856038o6d",
                            "name_prefix": "perfectgourmet-service-worker-tmpl",
                            "network_interface.#": "1",
                            "network_interface.0.access_config.#": "0",
                            "network_interface.0.network": "perfectgourmet",
                            "network_interface.0.subnetwork": "",
                            "project": "foxcommerce-production-shared",
                            "scheduling.#": "1",
                            "scheduling.0.automatic_restart": "true",
                            "scheduling.0.on_host_maintenance": "MIGRATE",
                            "scheduling.0.preemptible": "false",
                            "self_link": "https://www.googleapis.com/compute/v1/projects/foxcommerce-production-shared/global/instanceTemplates/perfectgourmet-service-worker-tmpl20160904172506630856038o6d",
                            "service_account.#": "1",
                            "service_account.0.email": "",
                            "service_account.0.scopes.#": "1",
                            "service_account.0.scopes.0": "https://www.googleapis.com/auth/devstorage.read_only",
                            "tags.#": "7",
                            "tags.1278227514": "perfectgourmet-service-worker",
                            "tags.1472900357": "no-ip",
                            "tags.1786296088": "perfectgourmet",
                            "tags.1936433573": "https-server",
                            "tags.3665984342": "service-worker",
                            "tags.4002270276": "ssh",
                            "tags.988335155": "http-server",
                            "tags_fingerprint": ""
                        },
                        "meta": {},
                        "tainted": false
                    },
                    "deposed": [],
                    "provider": ""
                },
                "google_storage_bucket.backups": {
                    "type": "google_storage_bucket",
                    "depends_on": [],
                    "primary": {
                        "id": "perfectgourmet-backups",
                        "attributes": {
                            "force_destroy": "false",
                            "id": "perfectgourmet-backups",
                            "location": "us",
                            "name": "perfectgourmet-backups",
                            "self_link": "https://www.googleapis.com/storage/v1/b/perfectgourmet-backups"
                        },
                        "meta": {},
                        "tainted": false
                    },
                    "deposed": [],
                    "provider": ""
                },
                "google_storage_bucket.registry": {
                    "type": "google_storage_bucket",
                    "depends_on": [],
                    "primary": {
                        "id": "perfectgourmet-docker",
                        "attributes": {
                            "force_destroy": "false",
                            "id": "perfectgourmet-docker",
                            "location": "us",
                            "name": "perfectgourmet-docker",
                            "self_link": "https://www.googleapis.com/storage/v1/b/perfectgourmet-docker"
                        },
                        "meta": {},
                        "tainted": false
                    },
                    "deposed": [],
                    "provider": ""
                }
            },
            "depends_on": []
        },
        {
            "path": [
                "root",
                "perfectgourmet_vpn"
            ],
            "outputs": {},
            "resources": {
                "google_compute_firewall.vpn": {
                    "type": "google_compute_firewall",
                    "depends_on": [],
                    "primary": {
                        "id": "perfectgourmet-vpn",
                        "attributes": {
                            "allow.#": "3",
                            "allow.1138858115.ports.#": "1",
                            "allow.1138858115.ports.0": "1194",
                            "allow.1138858115.protocol": "tcp",
                            "allow.1367131964.ports.#": "0",
                            "allow.1367131964.protocol": "icmp",
                            "allow.1583318489.ports.#": "1",
                            "allow.1583318489.ports.0": "1194",
                            "allow.1583318489.protocol": "udp",
                            "description": "",
                            "id": "perfectgourmet-vpn",
                            "name": "perfectgourmet-vpn",
                            "network": "perfectgourmet",
                            "project": "foxcommerce-production-shared",
                            "self_link": "https://www.googleapis.com/compute/v1/projects/foxcommerce-production-shared/global/firewalls/perfectgourmet-vpn",
                            "source_ranges.#": "1",
                            "source_ranges.1080289494": "0.0.0.0/0",
                            "source_tags.#": "0",
                            "target_tags.#": "1",
                            "target_tags.3110626793": "perfectgourmet-vpn"
                        },
                        "meta": {
                            "schema_version": "1"
                        },
                        "tainted": false
                    },
                    "deposed": [],
                    "provider": ""
                },
                "google_compute_instance.vpn": {
                    "type": "google_compute_instance",
                    "depends_on": [],
                    "primary": {
                        "id": "perfectgourmet-vpn",
                        "attributes": {
                            "can_ip_forward": "true",
                            "disk.#": "1",
                            "disk.0.auto_delete": "true",
                            "disk.0.device_name": "",
                            "disk.0.disk": "",
                            "disk.0.image": "base-1472900448",
                            "disk.0.scratch": "false",
                            "disk.0.size": "10",
                            "disk.0.type": "pd-ssd",
                            "id": "perfectgourmet-vpn",
                            "machine_type": "n1-standard-1",
                            "metadata.%": "0",
                            "metadata_fingerprint": "T7NK9iJnyFA=",
                            "name": "perfectgourmet-vpn",
                            "network.#": "0",
                            "network_interface.#": "1",
                            "network_interface.0.access_config.#": "1",
                            "network_interface.0.access_config.0.assigned_nat_ip": "104.198.49.125",
                            "network_interface.0.access_config.0.nat_ip": "",
                            "network_interface.0.address": "10.0.0.2",
                            "network_interface.0.name": "nic0",
                            "network_interface.0.network": "perfectgourmet",
                            "network_interface.0.subnetwork": "",
                            "self_link": "https://www.googleapis.com/compute/v1/projects/foxcommerce-production-shared/zones/us-central1-a/instances/perfectgourmet-vpn",
                            "service_account.#": "0",
                            "tags.#": "2",
                            "tags.3110626793": "perfectgourmet-vpn",
                            "tags.4002270276": "ssh",
                            "tags_fingerprint": "5OC4MQqX-TE=",
                            "zone": "us-central1-a"
                        },
                        "meta": {
                            "schema_version": "2"
                        },
                        "tainted": false
                    },
                    "deposed": [],
                    "provider": ""
                },
                "google_compute_route.vpn": {
                    "type": "google_compute_route",
                    "depends_on": [
                        "google_compute_instance.vpn"
                    ],
                    "primary": {
                        "id": "perfectgourmet-vpn-route",
                        "attributes": {
                            "dest_range": "0.0.0.0/0",
                            "id": "perfectgourmet-vpn-route",
                            "name": "perfectgourmet-vpn-route",
                            "network": "perfectgourmet",
                            "next_hop_instance": "perfectgourmet-vpn",
                            "next_hop_instance_zone": "us-central1-a",
                            "next_hop_network": "",
                            "priority": "800",
                            "self_link": "https://www.googleapis.com/compute/v1/projects/foxcommerce-production-shared/global/routes/perfectgourmet-vpn-route",
                            "tags.#": "1",
                            "tags.1472900357": "no-ip"
                        },
                        "meta": {},
                        "tainted": false
                    },
                    "deposed": [],
                    "provider": ""
                }
            },
            "depends_on": []
        },
        {
            "path": [
                "root",
                "vanilla_amigo_cluster"
            ],
            "outputs": {
                "leader": {
                    "sensitive": false,
                    "type": "string",
                    "value": "10.0.0.3"
                }
            },
            "resources": {},
            "depends_on": []
        },
        {
            "path": [
                "root",
                "vanilla_stack"
            ],
            "outputs": {
                "kakfa_address": {
                    "sensitive": false,
                    "type": "string",
                    "value": "10.0.0.8"
                }
            },
            "resources": {},
            "depends_on": []
        }
    ]
}
