{
    "version": 3,
    "terraform_version": "0.7.1",
    "serial": 1,
    "lineage": "bd16d67c-8110-495f-86fd-c0212e15e2c9",
    "modules": [
        {
            "path": [
                "root"
            ],
            "outputs": {},
            "resources": {
                "google_compute_firewall.perfectgourmet_internal": {
                    "type": "google_compute_firewall",
                    "depends_on": [],
                    "primary": {
                        "id": "perfectgourmet-internal",
                        "attributes": {
                            "allow.#": "3",
                            "allow.1249999313.ports.#": "1",
                            "allow.1249999313.ports.0": "1-65535",
                            "allow.1249999313.protocol": "tcp",
                            "allow.1367131964.ports.#": "0",
                            "allow.1367131964.protocol": "icmp",
                            "allow.4162789437.ports.#": "1",
                            "allow.4162789437.ports.0": "1-65535",
                            "allow.4162789437.protocol": "udp",
                            "description": "",
                            "id": "perfectgourmet-internal",
                            "name": "perfectgourmet-internal",
                            "network": "perfectgourmet",
                            "project": "foxcommerce-production-shared",
                            "self_link": "https://www.googleapis.com/compute/v1/projects/foxcommerce-production-shared/global/firewalls/perfectgourmet-internal",
                            "source_ranges.#": "1",
                            "source_ranges.179966490": "10.0.0.0/16",
                            "source_tags.#": "0",
                            "target_tags.#": "0"
                        },
                        "meta": {
                            "schema_version": "1"
                        },
                        "tainted": false
                    },
                    "deposed": [],
                    "provider": ""
                },
                "google_compute_firewall.perfectgourmet_ssh": {
                    "type": "google_compute_firewall",
                    "depends_on": [],
                    "primary": {
                        "id": "perfectgourmet-ssh",
                        "attributes": {
                            "allow.#": "2",
                            "allow.1367131964.ports.#": "0",
                            "allow.1367131964.protocol": "icmp",
                            "allow.803338340.ports.#": "1",
                            "allow.803338340.ports.0": "22",
                            "allow.803338340.protocol": "tcp",
                            "description": "",
                            "id": "perfectgourmet-ssh",
                            "name": "perfectgourmet-ssh",
                            "network": "perfectgourmet",
                            "project": "foxcommerce-production-shared",
                            "self_link": "https://www.googleapis.com/compute/v1/projects/foxcommerce-production-shared/global/firewalls/perfectgourmet-ssh",
                            "source_ranges.#": "1",
                            "source_ranges.1080289494": "0.0.0.0/0",
                            "source_tags.#": "0",
                            "target_tags.#": "1",
                            "target_tags.4002270276": "ssh"
                        },
                        "meta": {
                            "schema_version": "1"
                        },
                        "tainted": false
                    },
                    "deposed": [],
                    "provider": ""
                },
                "google_compute_firewall.perfectgourmet_web": {
                    "type": "google_compute_firewall",
                    "depends_on": [],
                    "primary": {
                        "id": "perfectgourmet-web",
                        "attributes": {
                            "allow.#": "2",
                            "allow.1250112605.ports.#": "2",
                            "allow.1250112605.ports.0": "80",
                            "allow.1250112605.ports.1": "443",
                            "allow.1250112605.protocol": "tcp",
                            "allow.1367131964.ports.#": "0",
                            "allow.1367131964.protocol": "icmp",
                            "description": "",
                            "id": "perfectgourmet-web",
                            "name": "perfectgourmet-web",
                            "network": "perfectgourmet",
                            "project": "foxcommerce-production-shared",
                            "self_link": "https://www.googleapis.com/compute/v1/projects/foxcommerce-production-shared/global/firewalls/perfectgourmet-web",
                            "source_ranges.#": "1",
                            "source_ranges.1080289494": "0.0.0.0/0",
                            "source_tags.#": "0",
                            "target_tags.#": "2",
                            "target_tags.1936433573": "https-server",
                            "target_tags.988335155": "http-server"
                        },
                        "meta": {
                            "schema_version": "1"
                        },
                        "tainted": false
                    },
                    "deposed": [],
                    "provider": ""
                },
                "google_compute_network.perfectgourmet": {
                    "type": "google_compute_network",
                    "depends_on": [],
                    "primary": {
                        "id": "perfectgourmet",
                        "attributes": {
                            "gateway_ipv4": "10.0.0.1",
                            "id": "perfectgourmet",
                            "ipv4_range": "10.0.0.0/16",
                            "name": "perfectgourmet",
                            "self_link": "https://www.googleapis.com/compute/v1/projects/foxcommerce-production-shared/global/networks/perfectgourmet"
                        },
                        "meta": {},
                        "tainted": false
                    },
                    "deposed": [],
                    "provider": ""
                }
            },
            "depends_on": []
        }
    ]
}
