{
    "version": 3,
    "terraform_version": "0.7.10",
    "serial": 0,
    "lineage": "d3334abf-cd93-4b08-b1b8-79656685fcc6",
    "modules": [
        {
            "path": [
                "root"
            ],
            "outputs": {},
            "resources": {},
            "depends_on": []
        },
        {
            "path": [
                "root",
                "dev"
            ],
            "outputs": {},
            "resources": {
                "aws_instance.amigo_leader": {
                    "type": "aws_instance",
                    "depends_on": [],
                    "primary": {
                        "id": "i-571391c2",
                        "attributes": {
                            "ami": "ami-84bd11e4",
                            "associate_public_ip_address": "false",
                            "availability_zone": "us-west-2a",
                            "disable_api_termination": "false",
                            "ebs_block_device.#": "0",
                            "ebs_optimized": "false",
                            "ephemeral_block_device.#": "0",
                            "iam_instance_profile": "",
                            "id": "i-571391c2",
                            "instance_state": "running",
                            "instance_type": "m4.large",
                            "key_name": "goldfish",
                            "monitoring": "false",
                            "network_interface_id": "eni-c6735fb8",
                            "private_dns": "ip-10-0-2-95.us-west-2.compute.internal",
                            "private_ip": "10.0.2.95",
                            "public_dns": "",
                            "public_ip": "",
                            "root_block_device.#": "1",
                            "root_block_device.0.delete_on_termination": "true",
                            "root_block_device.0.iops": "0",
                            "root_block_device.0.volume_size": "20",
                            "root_block_device.0.volume_type": "standard",
                            "security_groups.#": "0",
                            "source_dest_check": "true",
                            "subnet_id": "subnet-9094cdf4",
                            "tags.%": "1",
                            "tags.Name": "dev-amigo-leader",
                            "tenancy": "default",
                            "vpc_security_group_ids.#": "4",
                            "vpc_security_group_ids.233676626": "sg-0f38ca76",
                            "vpc_security_group_ids.2620958433": "sg-7905111f",
                            "vpc_security_group_ids.3078259481": "sg-60051106",
                            "vpc_security_group_ids.3790524466": "sg-a021d3d9"
                        },
                        "meta": {
                            "schema_version": "1"
                        },
                        "tainted": true
                    },
                    "deposed": [],
                    "provider": ""
                }
            },
            "depends_on": []
        },
        {
            "path": [
                "root",
                "tgt"
            ],
            "outputs": {},
            "resources": {},
            "depends_on": []
        },
        {
            "path": [
                "root",
                "tgt-wild"
            ],
            "outputs": {},
            "resources": {},
            "depends_on": []
        }
    ]
}
