{
    "version": 3,
    "terraform_version": "0.7.13",
    "serial": 3,
    "lineage": "d3334abf-cd93-4b08-b1b8-79656685fcc6",
    "modules": [
        {
            "path": [
                "root"
            ],
            "outputs": {},
            "resources": {},
            "depends_on": []
        },
        {
            "path": [
                "root",
                "dev"
            ],
            "outputs": {
                "leader": {
                    "sensitive": false,
                    "type": "string",
                    "value": "10.0.2.4"
                }
            },
            "resources": {
                "aws_instance.amigo_leader": {
                    "type": "aws_instance",
                    "depends_on": [],
                    "primary": {
                        "id": "i-ea80147f",
                        "attributes": {
                            "ami": "ami-84bd11e4",
                            "associate_public_ip_address": "false",
                            "availability_zone": "us-west-2a",
                            "disable_api_termination": "false",
                            "ebs_block_device.#": "0",
                            "ebs_optimized": "false",
                            "ephemeral_block_device.#": "0",
                            "iam_instance_profile": "",
                            "id": "i-ea80147f",
                            "instance_state": "running",
                            "instance_type": "m4.large",
                            "key_name": "goldfish",
                            "monitoring": "false",
                            "network_interface_id": "eni-181c0566",
                            "private_dns": "ip-10-0-2-4.us-west-2.compute.internal",
                            "private_ip": "10.0.2.4",
                            "public_dns": "",
                            "public_ip": "",
                            "root_block_device.#": "1",
                            "root_block_device.0.delete_on_termination": "true",
                            "root_block_device.0.iops": "0",
                            "root_block_device.0.volume_size": "20",
                            "root_block_device.0.volume_type": "standard",
                            "security_groups.#": "0",
                            "source_dest_check": "true",
                            "subnet_id": "subnet-9094cdf4",
                            "tags.%": "1",
                            "tags.Name": "dev-amigo-leader",
                            "tenancy": "default",
                            "vpc_security_group_ids.#": "4",
                            "vpc_security_group_ids.233676626": "sg-0f38ca76",
                            "vpc_security_group_ids.2620958433": "sg-7905111f",
                            "vpc_security_group_ids.3078259481": "sg-60051106",
                            "vpc_security_group_ids.3790524466": "sg-a021d3d9"
                        },
                        "meta": {
                            "schema_version": "1"
                        },
                        "tainted": false
                    },
                    "deposed": [],
                    "provider": ""
                },
                "dnsimple_record.amigo_leader_dns_record": {
                    "type": "dnsimple_record",
                    "depends_on": [
                        "aws_instance.amigo_leader"
                    ],
                    "primary": {
                        "id": "6815411",
                        "attributes": {
                            "domain": "foxcommerce.com",
                            "domain_id": "123968",
                            "hostname": "consul.aws-dev.foxcommerce.com",
                            "id": "6815411",
                            "name": "consul.aws-dev",
                            "priority": "0",
                            "ttl": "3600",
                            "type": "A",
                            "value": "10.0.2.4"
                        },
                        "meta": {},
                        "tainted": false
                    },
                    "deposed": [],
                    "provider": ""
                }
            },
            "depends_on": []
        },
        {
            "path": [
                "root",
                "tgt"
            ],
            "outputs": {},
            "resources": {
                "aws_instance.tiny_backend": {
                    "type": "aws_instance",
                    "depends_on": [
                        "aws_instance.tiny_consul"
                    ],
                    "primary": {
                        "id": "i-5f8115ca",
                        "attributes": {
                            "ami": "ami-c977dba9",
                            "associate_public_ip_address": "false",
                            "availability_zone": "us-west-2a",
                            "disable_api_termination": "false",
                            "ebs_block_device.#": "0",
                            "ebs_optimized": "false",
                            "ephemeral_block_device.#": "0",
                            "iam_instance_profile": "",
                            "id": "i-5f8115ca",
                            "instance_state": "running",
                            "instance_type": "m4.xlarge",
                            "key_name": "goldfish",
                            "monitoring": "false",
                            "network_interface_id": "eni-81160fff",
                            "private_dns": "ip-10-0-7-117.us-west-2.compute.internal",
                            "private_ip": "10.0.7.117",
                            "public_dns": "",
                            "public_ip": "",
                            "root_block_device.#": "1",
                            "root_block_device.0.delete_on_termination": "true",
                            "root_block_device.0.iops": "0",
                            "root_block_device.0.volume_size": "60",
                            "root_block_device.0.volume_type": "standard",
                            "security_groups.#": "0",
                            "source_dest_check": "true",
                            "subnet_id": "subnet-9094cdf4",
                            "tags.%": "1",
                            "tags.Name": "tgt-backend-server",
                            "tenancy": "default",
                            "vpc_security_group_ids.#": "4",
                            "vpc_security_group_ids.233676626": "sg-0f38ca76",
                            "vpc_security_group_ids.2620958433": "sg-7905111f",
                            "vpc_security_group_ids.3078259481": "sg-60051106",
                            "vpc_security_group_ids.3790524466": "sg-a021d3d9"
                        },
                        "meta": {
                            "schema_version": "1"
                        },
                        "tainted": false
                    },
                    "deposed": [],
                    "provider": ""
                },
                "aws_instance.tiny_consul": {
                    "type": "aws_instance",
                    "depends_on": [],
                    "primary": {
                        "id": "i-e2811577",
                        "attributes": {
                            "ami": "ami-2f862a4f",
                            "associate_public_ip_address": "false",
                            "availability_zone": "us-west-2a",
                            "disable_api_termination": "false",
                            "ebs_block_device.#": "0",
                            "ebs_optimized": "false",
                            "ephemeral_block_device.#": "0",
                            "iam_instance_profile": "",
                            "id": "i-e2811577",
                            "instance_state": "running",
                            "instance_type": "m4.large",
                            "key_name": "goldfish",
                            "monitoring": "false",
                            "network_interface_id": "eni-43150c3d",
                            "private_dns": "ip-10-0-1-118.us-west-2.compute.internal",
                            "private_ip": "10.0.1.118",
                            "public_dns": "",
                            "public_ip": "",
                            "root_block_device.#": "1",
                            "root_block_device.0.delete_on_termination": "true",
                            "root_block_device.0.iops": "0",
                            "root_block_device.0.volume_size": "20",
                            "root_block_device.0.volume_type": "standard",
                            "security_groups.#": "0",
                            "source_dest_check": "true",
                            "subnet_id": "subnet-9094cdf4",
                            "tags.%": "1",
                            "tags.Name": "tgt-amigo-server",
                            "tenancy": "default",
                            "vpc_security_group_ids.#": "4",
                            "vpc_security_group_ids.233676626": "sg-0f38ca76",
                            "vpc_security_group_ids.2620958433": "sg-7905111f",
                            "vpc_security_group_ids.3078259481": "sg-60051106",
                            "vpc_security_group_ids.3790524466": "sg-a021d3d9"
                        },
                        "meta": {
                            "schema_version": "1"
                        },
                        "tainted": false
                    },
                    "deposed": [],
                    "provider": ""
                },
                "aws_instance.tiny_frontend": {
                    "type": "aws_instance",
                    "depends_on": [
                        "aws_instance.tiny_consul"
                    ],
                    "primary": {
                        "id": "i-4e8612db",
                        "attributes": {
                            "ami": "ami-5f7ad63f",
                            "associate_public_ip_address": "true",
                            "availability_zone": "us-west-2a",
                            "disable_api_termination": "false",
                            "ebs_block_device.#": "0",
                            "ebs_optimized": "false",
                            "ephemeral_block_device.#": "0",
                            "iam_instance_profile": "",
                            "id": "i-4e8612db",
                            "instance_state": "running",
                            "instance_type": "m4.large",
                            "key_name": "goldfish",
                            "monitoring": "false",
                            "network_interface_id": "eni-5a0a1324",
                            "private_dns": "ip-10-0-8-197.us-west-2.compute.internal",
                            "private_ip": "10.0.8.197",
                            "public_dns": "ec2-35-164-219-82.us-west-2.compute.amazonaws.com",
                            "public_ip": "35.164.219.82",
                            "root_block_device.#": "1",
                            "root_block_device.0.delete_on_termination": "true",
                            "root_block_device.0.iops": "0",
                            "root_block_device.0.volume_size": "20",
                            "root_block_device.0.volume_type": "standard",
                            "security_groups.#": "0",
                            "source_dest_check": "true",
                            "subnet_id": "subnet-9794cdf3",
                            "tags.%": "1",
                            "tags.Name": "tgt-frontend-server",
                            "tenancy": "default",
                            "vpc_security_group_ids.#": "5",
                            "vpc_security_group_ids.233676626": "sg-0f38ca76",
                            "vpc_security_group_ids.2620958433": "sg-7905111f",
                            "vpc_security_group_ids.3078259481": "sg-60051106",
                            "vpc_security_group_ids.3790524466": "sg-a021d3d9",
                            "vpc_security_group_ids.3932969677": "sg-449b8922"
                        },
                        "meta": {
                            "schema_version": "1"
                        },
                        "tainted": false
                    },
                    "deposed": [],
                    "provider": ""
                },
                "dnsimple_record.amigo_dns_record": {
                    "type": "dnsimple_record",
                    "depends_on": [
                        "aws_instance.tiny_consul"
                    ],
                    "primary": {
                        "id": "6815417",
                        "attributes": {
                            "domain": "foxcommerce.com",
                            "domain_id": "123968",
                            "hostname": "amigo.tgt2.foxcommerce.com.foxcommerce.com",
                            "id": "6815417",
                            "name": "amigo.tgt2.foxcommerce.com",
                            "priority": "0",
                            "ttl": "3600",
                            "type": "A",
                            "value": "10.0.1.118"
                        },
                        "meta": {},
                        "tainted": false
                    },
                    "deposed": [],
                    "provider": ""
                },
                "dnsimple_record.frontend_dns_record": {
                    "type": "dnsimple_record",
                    "depends_on": [
                        "aws_instance.tiny_frontend"
                    ],
                    "primary": {
                        "id": "6815421",
                        "attributes": {
                            "domain": "foxcommerce.com",
                            "domain_id": "123968",
                            "hostname": "tgt2.foxcommerce.com.foxcommerce.com",
                            "id": "6815421",
                            "name": "tgt2.foxcommerce.com",
                            "priority": "0",
                            "ttl": "3600",
                            "type": "A",
                            "value": "35.164.219.82"
                        },
                        "meta": {},
                        "tainted": false
                    },
                    "deposed": [],
                    "provider": ""
                }
            },
            "depends_on": []
        },
        {
            "path": [
                "root",
                "tgt-wild"
            ],
            "outputs": {},
            "resources": {
                "aws_instance.tiny_backend": {
                    "type": "aws_instance",
                    "depends_on": [
                        "aws_instance.tiny_consul"
                    ],
                    "primary": {
                        "id": "i-07801492",
                        "attributes": {
                            "ami": "ami-c977dba9",
                            "associate_public_ip_address": "false",
                            "availability_zone": "us-west-2a",
                            "disable_api_termination": "false",
                            "ebs_block_device.#": "0",
                            "ebs_optimized": "false",
                            "ephemeral_block_device.#": "0",
                            "iam_instance_profile": "",
                            "id": "i-07801492",
                            "instance_state": "running",
                            "instance_type": "m4.xlarge",
                            "key_name": "goldfish",
                            "monitoring": "false",
                            "network_interface_id": "eni-47160f39",
                            "private_dns": "ip-10-0-6-2.us-west-2.compute.internal",
                            "private_ip": "10.0.6.2",
                            "public_dns": "",
                            "public_ip": "",
                            "root_block_device.#": "1",
                            "root_block_device.0.delete_on_termination": "true",
                            "root_block_device.0.iops": "0",
                            "root_block_device.0.volume_size": "60",
                            "root_block_device.0.volume_type": "standard",
                            "security_groups.#": "0",
                            "source_dest_check": "true",
                            "subnet_id": "subnet-9094cdf4",
                            "tags.%": "1",
                            "tags.Name": "tgt-wild-backend-server",
                            "tenancy": "default",
                            "vpc_security_group_ids.#": "4",
                            "vpc_security_group_ids.233676626": "sg-0f38ca76",
                            "vpc_security_group_ids.2620958433": "sg-7905111f",
                            "vpc_security_group_ids.3078259481": "sg-60051106",
                            "vpc_security_group_ids.3790524466": "sg-a021d3d9"
                        },
                        "meta": {
                            "schema_version": "1"
                        },
                        "tainted": false
                    },
                    "deposed": [],
                    "provider": ""
                },
                "aws_instance.tiny_consul": {
                    "type": "aws_instance",
                    "depends_on": [],
                    "primary": {
                        "id": "i-468115d3",
                        "attributes": {
                            "ami": "ami-2f862a4f",
                            "associate_public_ip_address": "false",
                            "availability_zone": "us-west-2a",
                            "disable_api_termination": "false",
                            "ebs_block_device.#": "0",
                            "ebs_optimized": "false",
                            "ephemeral_block_device.#": "0",
                            "iam_instance_profile": "",
                            "id": "i-468115d3",
                            "instance_state": "running",
                            "instance_type": "m4.large",
                            "key_name": "goldfish",
                            "monitoring": "false",
                            "network_interface_id": "eni-7f0a1301",
                            "private_dns": "ip-10-0-4-184.us-west-2.compute.internal",
                            "private_ip": "10.0.4.184",
                            "public_dns": "",
                            "public_ip": "",
                            "root_block_device.#": "1",
                            "root_block_device.0.delete_on_termination": "true",
                            "root_block_device.0.iops": "0",
                            "root_block_device.0.volume_size": "20",
                            "root_block_device.0.volume_type": "standard",
                            "security_groups.#": "0",
                            "source_dest_check": "true",
                            "subnet_id": "subnet-9094cdf4",
                            "tags.%": "1",
                            "tags.Name": "tgt-wild-amigo-server",
                            "tenancy": "default",
                            "vpc_security_group_ids.#": "4",
                            "vpc_security_group_ids.233676626": "sg-0f38ca76",
                            "vpc_security_group_ids.2620958433": "sg-7905111f",
                            "vpc_security_group_ids.3078259481": "sg-60051106",
                            "vpc_security_group_ids.3790524466": "sg-a021d3d9"
                        },
                        "meta": {
                            "schema_version": "1"
                        },
                        "tainted": false
                    },
                    "deposed": [],
                    "provider": ""
                },
                "aws_instance.tiny_frontend": {
                    "type": "aws_instance",
                    "depends_on": [
                        "aws_instance.tiny_consul"
                    ],
                    "primary": {
                        "id": "i-10871385",
                        "attributes": {
                            "ami": "ami-5f7ad63f",
                            "associate_public_ip_address": "true",
                            "availability_zone": "us-west-2a",
                            "disable_api_termination": "false",
                            "ebs_block_device.#": "0",
                            "ebs_optimized": "false",
                            "ephemeral_block_device.#": "0",
                            "iam_instance_profile": "",
                            "id": "i-10871385",
                            "instance_state": "running",
                            "instance_type": "m4.large",
                            "key_name": "goldfish",
                            "monitoring": "false",
                            "network_interface_id": "eni-79140d07",
                            "private_dns": "ip-10-0-8-107.us-west-2.compute.internal",
                            "private_ip": "10.0.8.107",
                            "public_dns": "ec2-35-162-50-249.us-west-2.compute.amazonaws.com",
                            "public_ip": "35.162.50.249",
                            "root_block_device.#": "1",
                            "root_block_device.0.delete_on_termination": "true",
                            "root_block_device.0.iops": "0",
                            "root_block_device.0.volume_size": "20",
                            "root_block_device.0.volume_type": "standard",
                            "security_groups.#": "0",
                            "source_dest_check": "true",
                            "subnet_id": "subnet-9794cdf3",
                            "tags.%": "1",
                            "tags.Name": "tgt-wild-frontend-server",
                            "tenancy": "default",
                            "vpc_security_group_ids.#": "5",
                            "vpc_security_group_ids.233676626": "sg-0f38ca76",
                            "vpc_security_group_ids.2620958433": "sg-7905111f",
                            "vpc_security_group_ids.3078259481": "sg-60051106",
                            "vpc_security_group_ids.3790524466": "sg-a021d3d9",
                            "vpc_security_group_ids.3932969677": "sg-449b8922"
                        },
                        "meta": {
                            "schema_version": "1"
                        },
                        "tainted": false
                    },
                    "deposed": [],
                    "provider": ""
                },
                "dnsimple_record.amigo_dns_record": {
                    "type": "dnsimple_record",
                    "depends_on": [
                        "aws_instance.tiny_consul"
                    ],
                    "primary": {
                        "id": "6815416",
                        "attributes": {
                            "domain": "foxcommerce.com",
                            "domain_id": "123968",
                            "hostname": "amigo.tgt-wild2.foxcommerce.com.foxcommerce.com",
                            "id": "6815416",
                            "name": "amigo.tgt-wild2.foxcommerce.com",
                            "priority": "0",
                            "ttl": "3600",
                            "type": "A",
                            "value": "10.0.4.184"
                        },
                        "meta": {},
                        "tainted": false
                    },
                    "deposed": [],
                    "provider": ""
                },
                "dnsimple_record.frontend_dns_record": {
                    "type": "dnsimple_record",
                    "depends_on": [
                        "aws_instance.tiny_frontend"
                    ],
                    "primary": {
                        "id": "6815422",
                        "attributes": {
                            "domain": "foxcommerce.com",
                            "domain_id": "123968",
                            "hostname": "tgt-wild2.foxcommerce.com.foxcommerce.com",
                            "id": "6815422",
                            "name": "tgt-wild2.foxcommerce.com",
                            "priority": "0",
                            "ttl": "3600",
                            "type": "A",
                            "value": "35.162.50.249"
                        },
                        "meta": {},
                        "tainted": false
                    },
                    "deposed": [],
                    "provider": ""
                }
            },
            "depends_on": []
        }
    ]
}
