{
    "version": 3,
    "terraform_version": "0.7.13",
    "serial": 13,
    "lineage": "d3334abf-cd93-4b08-b1b8-79656685fcc6",
    "modules": [
        {
            "path": [
                "root"
            ],
            "outputs": {},
            "resources": {},
            "depends_on": []
        },
        {
            "path": [
                "root",
                "dev"
            ],
            "outputs": {
                "leader": {
                    "sensitive": false,
                    "type": "string",
                    "value": "10.0.2.126"
                }
            },
            "resources": {
                "aws_instance.amigo_leader": {
                    "type": "aws_instance",
                    "depends_on": [],
                    "primary": {
                        "id": "i-0e30a29b",
                        "attributes": {
                            "ami": "ami-84bd11e4",
                            "associate_public_ip_address": "false",
                            "availability_zone": "us-west-2a",
                            "disable_api_termination": "false",
                            "ebs_block_device.#": "0",
                            "ebs_optimized": "false",
                            "ephemeral_block_device.#": "0",
                            "iam_instance_profile": "",
                            "id": "i-0e30a29b",
                            "instance_state": "running",
                            "instance_type": "m4.large",
                            "key_name": "goldfish",
                            "monitoring": "false",
                            "network_interface_id": "eni-183ccf69",
                            "private_dns": "ip-10-0-2-126.us-west-2.compute.internal",
                            "private_ip": "10.0.2.126",
                            "public_dns": "",
                            "public_ip": "",
                            "root_block_device.#": "1",
                            "root_block_device.0.delete_on_termination": "true",
                            "root_block_device.0.iops": "0",
                            "root_block_device.0.volume_size": "20",
                            "root_block_device.0.volume_type": "standard",
                            "security_groups.#": "0",
                            "source_dest_check": "true",
                            "subnet_id": "subnet-9094cdf4",
                            "tags.%": "1",
                            "tags.Name": "dev-amigo-leader",
                            "tenancy": "default",
                            "vpc_security_group_ids.#": "4",
                            "vpc_security_group_ids.233676626": "sg-0f38ca76",
                            "vpc_security_group_ids.2620958433": "sg-7905111f",
                            "vpc_security_group_ids.3078259481": "sg-60051106",
                            "vpc_security_group_ids.3790524466": "sg-a021d3d9"
                        },
                        "meta": {
                            "schema_version": "1"
                        },
                        "tainted": false
                    },
                    "deposed": [],
                    "provider": ""
                },
                "dnsimple_record.amigo_leader_dns_record": {
                    "type": "dnsimple_record",
                    "depends_on": [
                        "aws_instance.amigo_leader"
                    ],
                    "primary": {
                        "id": "6837484",
                        "attributes": {
                            "domain": "foxcommerce.com",
                            "domain_id": "123968",
                            "hostname": "consul.aws-dev.foxcommerce.com",
                            "id": "6837484",
                            "name": "consul.aws-dev",
                            "priority": "0",
                            "ttl": "3600",
                            "type": "A",
                            "value": "10.0.2.126"
                        },
                        "meta": {},
                        "tainted": false
                    },
                    "deposed": [],
                    "provider": ""
                }
            },
            "depends_on": []
        },
        {
            "path": [
                "root",
                "tgt"
            ],
            "outputs": {},
            "resources": {
                "aws_instance.tiny_backend": {
                    "type": "aws_instance",
                    "depends_on": [
                        "aws_instance.tiny_consul"
                    ],
                    "primary": {
                        "id": "i-d536a440",
                        "attributes": {
                            "ami": "ami-ee81288e",
                            "associate_public_ip_address": "false",
                            "availability_zone": "us-west-2a",
                            "disable_api_termination": "false",
                            "ebs_block_device.#": "0",
                            "ebs_optimized": "false",
                            "ephemeral_block_device.#": "0",
                            "iam_instance_profile": "",
                            "id": "i-d536a440",
                            "instance_state": "running",
                            "instance_type": "m4.xlarge",
                            "key_name": "goldfish",
                            "monitoring": "false",
                            "network_interface_id": "eni-593ecd28",
                            "private_dns": "ip-10-0-4-229.us-west-2.compute.internal",
                            "private_ip": "10.0.4.229",
                            "public_dns": "",
                            "public_ip": "",
                            "root_block_device.#": "1",
                            "root_block_device.0.delete_on_termination": "true",
                            "root_block_device.0.iops": "0",
                            "root_block_device.0.volume_size": "60",
                            "root_block_device.0.volume_type": "standard",
                            "security_groups.#": "0",
                            "source_dest_check": "true",
                            "subnet_id": "subnet-9094cdf4",
                            "tags.%": "1",
                            "tags.Name": "tgt-backend-server",
                            "tenancy": "default",
                            "vpc_security_group_ids.#": "4",
                            "vpc_security_group_ids.233676626": "sg-0f38ca76",
                            "vpc_security_group_ids.2620958433": "sg-7905111f",
                            "vpc_security_group_ids.3078259481": "sg-60051106",
                            "vpc_security_group_ids.3790524466": "sg-a021d3d9"
                        },
                        "meta": {
                            "schema_version": "1"
                        },
                        "tainted": false
                    },
                    "deposed": [],
                    "provider": ""
                },
                "aws_instance.tiny_consul": {
                    "type": "aws_instance",
                    "depends_on": [],
                    "primary": {
                        "id": "i-b231a327",
                        "attributes": {
                            "ami": "ami-2f862a4f",
                            "associate_public_ip_address": "false",
                            "availability_zone": "us-west-2a",
                            "disable_api_termination": "false",
                            "ebs_block_device.#": "0",
                            "ebs_optimized": "false",
                            "ephemeral_block_device.#": "0",
                            "iam_instance_profile": "",
                            "id": "i-b231a327",
                            "instance_state": "running",
                            "instance_type": "m4.large",
                            "key_name": "goldfish",
                            "monitoring": "false",
                            "network_interface_id": "eni-1b3ecd6a",
                            "private_dns": "ip-10-0-6-82.us-west-2.compute.internal",
                            "private_ip": "10.0.6.82",
                            "public_dns": "",
                            "public_ip": "",
                            "root_block_device.#": "1",
                            "root_block_device.0.delete_on_termination": "true",
                            "root_block_device.0.iops": "0",
                            "root_block_device.0.volume_size": "20",
                            "root_block_device.0.volume_type": "standard",
                            "security_groups.#": "0",
                            "source_dest_check": "true",
                            "subnet_id": "subnet-9094cdf4",
                            "tags.%": "1",
                            "tags.Name": "tgt-amigo-server",
                            "tenancy": "default",
                            "vpc_security_group_ids.#": "4",
                            "vpc_security_group_ids.233676626": "sg-0f38ca76",
                            "vpc_security_group_ids.2620958433": "sg-7905111f",
                            "vpc_security_group_ids.3078259481": "sg-60051106",
                            "vpc_security_group_ids.3790524466": "sg-a021d3d9"
                        },
                        "meta": {
                            "schema_version": "1"
                        },
                        "tainted": false
                    },
                    "deposed": [],
                    "provider": ""
                },
                "aws_instance.tiny_frontend": {
                    "type": "aws_instance",
                    "depends_on": [
                        "aws_instance.tiny_consul"
                    ],
                    "primary": {
                        "id": "i-0b33a19e",
                        "attributes": {
                            "ami": "ami-33892053",
                            "associate_public_ip_address": "true",
                            "availability_zone": "us-west-2a",
                            "disable_api_termination": "false",
                            "ebs_block_device.#": "0",
                            "ebs_optimized": "false",
                            "ephemeral_block_device.#": "0",
                            "iam_instance_profile": "",
                            "id": "i-0b33a19e",
                            "instance_state": "running",
                            "instance_type": "m4.large",
                            "key_name": "goldfish",
                            "monitoring": "false",
                            "network_interface_id": "eni-a925d6d8",
                            "private_dns": "ip-10-0-8-68.us-west-2.compute.internal",
                            "private_ip": "10.0.8.68",
                            "public_dns": "ec2-35-161-239-108.us-west-2.compute.amazonaws.com",
                            "public_ip": "35.161.239.108",
                            "root_block_device.#": "1",
                            "root_block_device.0.delete_on_termination": "true",
                            "root_block_device.0.iops": "0",
                            "root_block_device.0.volume_size": "20",
                            "root_block_device.0.volume_type": "standard",
                            "security_groups.#": "0",
                            "source_dest_check": "true",
                            "subnet_id": "subnet-9794cdf3",
                            "tags.%": "1",
                            "tags.Name": "tgt-frontend-server",
                            "tenancy": "default",
                            "vpc_security_group_ids.#": "5",
                            "vpc_security_group_ids.233676626": "sg-0f38ca76",
                            "vpc_security_group_ids.2620958433": "sg-7905111f",
                            "vpc_security_group_ids.3078259481": "sg-60051106",
                            "vpc_security_group_ids.3790524466": "sg-a021d3d9",
                            "vpc_security_group_ids.3932969677": "sg-449b8922"
                        },
                        "meta": {
                            "schema_version": "1"
                        },
                        "tainted": false
                    },
                    "deposed": [],
                    "provider": ""
                },
                "dnsimple_record.amigo_dns_record": {
                    "type": "dnsimple_record",
                    "depends_on": [
                        "aws_instance.tiny_consul"
                    ],
                    "primary": {
                        "id": "6837492",
                        "attributes": {
                            "domain": "foxcommerce.com",
                            "domain_id": "123968",
                            "hostname": "amigo.tgt2.foxcommerce.com",
                            "id": "6837492",
                            "name": "amigo.tgt2",
                            "priority": "0",
                            "ttl": "3600",
                            "type": "A",
                            "value": "10.0.6.82"
                        },
                        "meta": {},
                        "tainted": false
                    },
                    "deposed": [],
                    "provider": ""
                },
                "dnsimple_record.frontend_dns_record": {
                    "type": "dnsimple_record",
                    "depends_on": [
                        "aws_instance.tiny_frontend"
                    ],
                    "primary": {
                        "id": "6837501",
                        "attributes": {
                            "domain": "foxcommerce.com",
                            "domain_id": "123968",
                            "hostname": "tgt2.foxcommerce.com",
                            "id": "6837501",
                            "name": "tgt2",
                            "priority": "0",
                            "ttl": "3600",
                            "type": "A",
                            "value": "35.161.239.108"
                        },
                        "meta": {},
                        "tainted": false
                    },
                    "deposed": [],
                    "provider": ""
                }
            },
            "depends_on": []
        },
        {
            "path": [
                "root",
                "tgt-wild"
            ],
            "outputs": {},
            "resources": {
                "aws_instance.tiny_backend": {
                    "type": "aws_instance",
                    "depends_on": [
                        "aws_instance.tiny_consul"
                    ],
                    "primary": {
                        "id": "i-6231a3f7",
                        "attributes": {
                            "ami": "ami-ee81288e",
                            "associate_public_ip_address": "false",
                            "availability_zone": "us-west-2a",
                            "disable_api_termination": "false",
                            "ebs_block_device.#": "0",
                            "ebs_optimized": "false",
                            "ephemeral_block_device.#": "0",
                            "iam_instance_profile": "",
                            "id": "i-6231a3f7",
                            "instance_state": "running",
                            "instance_type": "m4.xlarge",
                            "key_name": "goldfish",
                            "monitoring": "false",
                            "network_interface_id": "eni-7c22d10d",
                            "private_dns": "ip-10-0-4-162.us-west-2.compute.internal",
                            "private_ip": "10.0.4.162",
                            "public_dns": "",
                            "public_ip": "",
                            "root_block_device.#": "1",
                            "root_block_device.0.delete_on_termination": "true",
                            "root_block_device.0.iops": "0",
                            "root_block_device.0.volume_size": "60",
                            "root_block_device.0.volume_type": "standard",
                            "security_groups.#": "0",
                            "source_dest_check": "true",
                            "subnet_id": "subnet-9094cdf4",
                            "tags.%": "1",
                            "tags.Name": "tgt-wild-backend-server",
                            "tenancy": "default",
                            "vpc_security_group_ids.#": "4",
                            "vpc_security_group_ids.233676626": "sg-0f38ca76",
                            "vpc_security_group_ids.2620958433": "sg-7905111f",
                            "vpc_security_group_ids.3078259481": "sg-60051106",
                            "vpc_security_group_ids.3790524466": "sg-a021d3d9"
                        },
                        "meta": {
                            "schema_version": "1"
                        },
                        "tainted": false
                    },
                    "deposed": [],
                    "provider": ""
                },
                "aws_instance.tiny_consul": {
                    "type": "aws_instance",
                    "depends_on": [],
                    "primary": {
                        "id": "i-b331a326",
                        "attributes": {
                            "ami": "ami-2f862a4f",
                            "associate_public_ip_address": "false",
                            "availability_zone": "us-west-2a",
                            "disable_api_termination": "false",
                            "ebs_block_device.#": "0",
                            "ebs_optimized": "false",
                            "ephemeral_block_device.#": "0",
                            "iam_instance_profile": "",
                            "id": "i-b331a326",
                            "instance_state": "running",
                            "instance_type": "m4.large",
                            "key_name": "goldfish",
                            "monitoring": "false",
                            "network_interface_id": "eni-b33fccc2",
                            "private_dns": "ip-10-0-1-159.us-west-2.compute.internal",
                            "private_ip": "10.0.1.159",
                            "public_dns": "",
                            "public_ip": "",
                            "root_block_device.#": "1",
                            "root_block_device.0.delete_on_termination": "true",
                            "root_block_device.0.iops": "0",
                            "root_block_device.0.volume_size": "20",
                            "root_block_device.0.volume_type": "standard",
                            "security_groups.#": "0",
                            "source_dest_check": "true",
                            "subnet_id": "subnet-9094cdf4",
                            "tags.%": "1",
                            "tags.Name": "tgt-wild-amigo-server",
                            "tenancy": "default",
                            "vpc_security_group_ids.#": "4",
                            "vpc_security_group_ids.233676626": "sg-0f38ca76",
                            "vpc_security_group_ids.2620958433": "sg-7905111f",
                            "vpc_security_group_ids.3078259481": "sg-60051106",
                            "vpc_security_group_ids.3790524466": "sg-a021d3d9"
                        },
                        "meta": {
                            "schema_version": "1"
                        },
                        "tainted": false
                    },
                    "deposed": [],
                    "provider": ""
                },
                "aws_instance.tiny_frontend": {
                    "type": "aws_instance",
                    "depends_on": [
                        "aws_instance.tiny_consul"
                    ],
                    "primary": {
                        "id": "i-0a33a19f",
                        "attributes": {
                            "ami": "ami-33892053",
                            "associate_public_ip_address": "true",
                            "availability_zone": "us-west-2a",
                            "disable_api_termination": "false",
                            "ebs_block_device.#": "0",
                            "ebs_optimized": "false",
                            "ephemeral_block_device.#": "0",
                            "iam_instance_profile": "",
                            "id": "i-0a33a19f",
                            "instance_state": "running",
                            "instance_type": "m4.large",
                            "key_name": "goldfish",
                            "monitoring": "false",
                            "network_interface_id": "eni-563ecd27",
                            "private_dns": "ip-10-0-9-181.us-west-2.compute.internal",
                            "private_ip": "10.0.9.181",
                            "public_dns": "ec2-35-163-91-79.us-west-2.compute.amazonaws.com",
                            "public_ip": "35.163.91.79",
                            "root_block_device.#": "1",
                            "root_block_device.0.delete_on_termination": "true",
                            "root_block_device.0.iops": "0",
                            "root_block_device.0.volume_size": "20",
                            "root_block_device.0.volume_type": "standard",
                            "security_groups.#": "0",
                            "source_dest_check": "true",
                            "subnet_id": "subnet-9794cdf3",
                            "tags.%": "1",
                            "tags.Name": "tgt-wild-frontend-server",
                            "tenancy": "default",
                            "vpc_security_group_ids.#": "5",
                            "vpc_security_group_ids.233676626": "sg-0f38ca76",
                            "vpc_security_group_ids.2620958433": "sg-7905111f",
                            "vpc_security_group_ids.3078259481": "sg-60051106",
                            "vpc_security_group_ids.3790524466": "sg-a021d3d9",
                            "vpc_security_group_ids.3932969677": "sg-449b8922"
                        },
                        "meta": {
                            "schema_version": "1"
                        },
                        "tainted": false
                    },
                    "deposed": [],
                    "provider": ""
                },
                "dnsimple_record.amigo_dns_record": {
                    "type": "dnsimple_record",
                    "depends_on": [
                        "aws_instance.tiny_consul"
                    ],
                    "primary": {
                        "id": "6837491",
                        "attributes": {
                            "domain": "foxcommerce.com",
                            "domain_id": "123968",
                            "hostname": "amigo.tgt-wild2.foxcommerce.com",
                            "id": "6837491",
                            "name": "amigo.tgt-wild2",
                            "priority": "0",
                            "ttl": "3600",
                            "type": "A",
                            "value": "10.0.1.159"
                        },
                        "meta": {},
                        "tainted": false
                    },
                    "deposed": [],
                    "provider": ""
                },
                "dnsimple_record.frontend_dns_record": {
                    "type": "dnsimple_record",
                    "depends_on": [
                        "aws_instance.tiny_frontend"
                    ],
                    "primary": {
                        "id": "6837500",
                        "attributes": {
                            "domain": "foxcommerce.com",
                            "domain_id": "123968",
                            "hostname": "tgt-wild2.foxcommerce.com",
                            "id": "6837500",
                            "name": "tgt-wild2",
                            "priority": "0",
                            "ttl": "3600",
                            "type": "A",
                            "value": "35.163.91.79"
                        },
                        "meta": {},
                        "tainted": false
                    },
                    "deposed": [],
                    "provider": ""
                }
            },
            "depends_on": []
        }
    ]
}
