{
    "version": 3,
    "terraform_version": "0.7.10",
    "serial": 1,
    "lineage": "d3334abf-cd93-4b08-b1b8-79656685fcc6",
    "modules": [
        {
            "path": [
                "root"
            ],
            "outputs": {},
            "resources": {},
            "depends_on": []
        },
        {
            "path": [
                "root",
                "dev"
            ],
            "outputs": {
                "leader": {
                    "sensitive": false,
                    "type": "string",
                    "value": "10.0.7.142"
                }
            },
            "resources": {
                "aws_instance.amigo_leader": {
                    "type": "aws_instance",
                    "depends_on": [],
                    "primary": {
                        "id": "i-298c02bc",
                        "attributes": {
                            "ami": "ami-84bd11e4",
                            "associate_public_ip_address": "false",
                            "availability_zone": "us-west-2a",
                            "disable_api_termination": "false",
                            "ebs_block_device.#": "0",
                            "ebs_optimized": "false",
                            "ephemeral_block_device.#": "0",
                            "iam_instance_profile": "",
                            "id": "i-298c02bc",
                            "instance_state": "running",
                            "instance_type": "m4.large",
                            "key_name": "goldfish",
                            "monitoring": "false",
                            "network_interface_id": "eni-770d3209",
                            "private_dns": "ip-10-0-7-142.us-west-2.compute.internal",
                            "private_ip": "10.0.7.142",
                            "public_dns": "",
                            "public_ip": "",
                            "root_block_device.#": "1",
                            "root_block_device.0.delete_on_termination": "true",
                            "root_block_device.0.iops": "0",
                            "root_block_device.0.volume_size": "20",
                            "root_block_device.0.volume_type": "standard",
                            "security_groups.#": "0",
                            "source_dest_check": "true",
                            "subnet_id": "subnet-9094cdf4",
                            "tags.%": "1",
                            "tags.Name": "dev-amigo-leader",
                            "tenancy": "default",
                            "vpc_security_group_ids.#": "4",
                            "vpc_security_group_ids.233676626": "sg-0f38ca76",
                            "vpc_security_group_ids.2620958433": "sg-7905111f",
                            "vpc_security_group_ids.3078259481": "sg-60051106",
                            "vpc_security_group_ids.3790524466": "sg-a021d3d9"
                        },
                        "meta": {
                            "schema_version": "1"
                        },
                        "tainted": false
                    },
                    "deposed": [],
                    "provider": ""
                },
                "dnsimple_record.amigo_leader_dns_record": {
                    "type": "dnsimple_record",
                    "depends_on": [
                        "aws_instance.amigo_leader"
                    ],
                    "primary": {
                        "id": "6788238",
                        "attributes": {
                            "domain": "foxcommerce.com",
                            "domain_id": "123968",
                            "hostname": "consul.aws-dev.foxcommerce.com",
                            "id": "6788238",
                            "name": "consul.aws-dev",
                            "priority": "0",
                            "ttl": "3600",
                            "type": "A",
                            "value": "10.0.7.142"
                        },
                        "meta": {},
                        "tainted": false
                    },
                    "deposed": [],
                    "provider": ""
                }
            },
            "depends_on": []
        },
        {
            "path": [
                "root",
                "tgt"
            ],
            "outputs": {},
            "resources": {
                "aws_instance.tiny_backend": {
                    "type": "aws_instance",
                    "depends_on": [
                        "aws_instance.tiny_consul"
                    ],
                    "primary": {
                        "id": "i-5a8b05cf",
                        "attributes": {
                            "ami": "ami-c977dba9",
                            "associate_public_ip_address": "false",
                            "availability_zone": "us-west-2a",
                            "disable_api_termination": "false",
                            "ebs_block_device.#": "0",
                            "ebs_optimized": "false",
                            "ephemeral_block_device.#": "0",
                            "iam_instance_profile": "",
                            "id": "i-5a8b05cf",
                            "instance_state": "running",
                            "instance_type": "m4.xlarge",
                            "key_name": "goldfish",
                            "monitoring": "false",
                            "network_interface_id": "eni-e40a359a",
                            "private_dns": "ip-10-0-2-140.us-west-2.compute.internal",
                            "private_ip": "10.0.2.140",
                            "public_dns": "",
                            "public_ip": "",
                            "root_block_device.#": "1",
                            "root_block_device.0.delete_on_termination": "true",
                            "root_block_device.0.iops": "0",
                            "root_block_device.0.volume_size": "60",
                            "root_block_device.0.volume_type": "standard",
                            "security_groups.#": "0",
                            "source_dest_check": "true",
                            "subnet_id": "subnet-9094cdf4",
                            "tags.%": "1",
                            "tags.Name": "tgt-backend-server",
                            "tenancy": "default",
                            "vpc_security_group_ids.#": "4",
                            "vpc_security_group_ids.233676626": "sg-0f38ca76",
                            "vpc_security_group_ids.2620958433": "sg-7905111f",
                            "vpc_security_group_ids.3078259481": "sg-60051106",
                            "vpc_security_group_ids.3790524466": "sg-a021d3d9"
                        },
                        "meta": {
                            "schema_version": "1"
                        },
                        "tainted": false
                    },
                    "deposed": [],
                    "provider": ""
                },
                "aws_instance.tiny_consul": {
                    "type": "aws_instance",
                    "depends_on": [],
                    "primary": {
                        "id": "i-c58b0550",
                        "attributes": {
                            "ami": "ami-2f862a4f",
                            "associate_public_ip_address": "false",
                            "availability_zone": "us-west-2a",
                            "disable_api_termination": "false",
                            "ebs_block_device.#": "0",
                            "ebs_optimized": "false",
                            "ephemeral_block_device.#": "0",
                            "iam_instance_profile": "",
                            "id": "i-c58b0550",
                            "instance_state": "running",
                            "instance_type": "m4.large",
                            "key_name": "goldfish",
                            "monitoring": "false",
                            "network_interface_id": "eni-9f102fe1",
                            "private_dns": "ip-10-0-3-250.us-west-2.compute.internal",
                            "private_ip": "10.0.3.250",
                            "public_dns": "",
                            "public_ip": "",
                            "root_block_device.#": "1",
                            "root_block_device.0.delete_on_termination": "true",
                            "root_block_device.0.iops": "0",
                            "root_block_device.0.volume_size": "20",
                            "root_block_device.0.volume_type": "standard",
                            "security_groups.#": "0",
                            "source_dest_check": "true",
                            "subnet_id": "subnet-9094cdf4",
                            "tags.%": "1",
                            "tags.Name": "tgt-amigo-server",
                            "tenancy": "default",
                            "vpc_security_group_ids.#": "4",
                            "vpc_security_group_ids.233676626": "sg-0f38ca76",
                            "vpc_security_group_ids.2620958433": "sg-7905111f",
                            "vpc_security_group_ids.3078259481": "sg-60051106",
                            "vpc_security_group_ids.3790524466": "sg-a021d3d9"
                        },
                        "meta": {
                            "schema_version": "1"
                        },
                        "tainted": false
                    },
                    "deposed": [],
                    "provider": ""
                },
                "aws_instance.tiny_frontend": {
                    "type": "aws_instance",
                    "depends_on": [
                        "aws_instance.tiny_consul"
                    ],
                    "primary": {
                        "id": "i-a38b0536",
                        "attributes": {
                            "ami": "ami-5f7ad63f",
                            "associate_public_ip_address": "true",
                            "availability_zone": "us-west-2a",
                            "disable_api_termination": "false",
                            "ebs_block_device.#": "0",
                            "ebs_optimized": "false",
                            "ephemeral_block_device.#": "0",
                            "iam_instance_profile": "",
                            "id": "i-a38b0536",
                            "instance_state": "running",
                            "instance_type": "m4.large",
                            "key_name": "goldfish",
                            "monitoring": "false",
                            "network_interface_id": "eni-3107384f",
                            "private_dns": "ip-10-0-9-2.us-west-2.compute.internal",
                            "private_ip": "10.0.9.2",
                            "public_dns": "ec2-35-164-103-39.us-west-2.compute.amazonaws.com",
                            "public_ip": "35.164.103.39",
                            "root_block_device.#": "1",
                            "root_block_device.0.delete_on_termination": "true",
                            "root_block_device.0.iops": "0",
                            "root_block_device.0.volume_size": "20",
                            "root_block_device.0.volume_type": "standard",
                            "security_groups.#": "0",
                            "source_dest_check": "true",
                            "subnet_id": "subnet-9794cdf3",
                            "tags.%": "1",
                            "tags.Name": "tgt-frontend-server",
                            "tenancy": "default",
                            "vpc_security_group_ids.#": "5",
                            "vpc_security_group_ids.233676626": "sg-0f38ca76",
                            "vpc_security_group_ids.2620958433": "sg-7905111f",
                            "vpc_security_group_ids.3078259481": "sg-60051106",
                            "vpc_security_group_ids.3790524466": "sg-a021d3d9",
                            "vpc_security_group_ids.3932969677": "sg-449b8922"
                        },
                        "meta": {
                            "schema_version": "1"
                        },
                        "tainted": false
                    },
                    "deposed": [],
                    "provider": ""
                }
            },
            "depends_on": []
        },
        {
            "path": [
                "root",
                "tgt-wild"
            ],
            "outputs": {},
            "resources": {
                "aws_instance.tiny_backend": {
                    "type": "aws_instance",
                    "depends_on": [
                        "aws_instance.tiny_consul"
                    ],
                    "primary": {
                        "id": "i-058a0490",
                        "attributes": {
                            "ami": "ami-c977dba9",
                            "associate_public_ip_address": "false",
                            "availability_zone": "us-west-2a",
                            "disable_api_termination": "false",
                            "ebs_block_device.#": "0",
                            "ebs_optimized": "false",
                            "ephemeral_block_device.#": "0",
                            "iam_instance_profile": "",
                            "id": "i-058a0490",
                            "instance_state": "running",
                            "instance_type": "m4.xlarge",
                            "key_name": "goldfish",
                            "monitoring": "false",
                            "network_interface_id": "eni-f20d328c",
                            "private_dns": "ip-10-0-0-85.us-west-2.compute.internal",
                            "private_ip": "10.0.0.85",
                            "public_dns": "",
                            "public_ip": "",
                            "root_block_device.#": "1",
                            "root_block_device.0.delete_on_termination": "true",
                            "root_block_device.0.iops": "0",
                            "root_block_device.0.volume_size": "60",
                            "root_block_device.0.volume_type": "standard",
                            "security_groups.#": "0",
                            "source_dest_check": "true",
                            "subnet_id": "subnet-9094cdf4",
                            "tags.%": "1",
                            "tags.Name": "tgt-wild-backend-server",
                            "tenancy": "default",
                            "vpc_security_group_ids.#": "4",
                            "vpc_security_group_ids.233676626": "sg-0f38ca76",
                            "vpc_security_group_ids.2620958433": "sg-7905111f",
                            "vpc_security_group_ids.3078259481": "sg-60051106",
                            "vpc_security_group_ids.3790524466": "sg-a021d3d9"
                        },
                        "meta": {
                            "schema_version": "1"
                        },
                        "tainted": false
                    },
                    "deposed": [],
                    "provider": ""
                },
                "aws_instance.tiny_consul": {
                    "type": "aws_instance",
                    "depends_on": [],
                    "primary": {
                        "id": "i-848b0511",
                        "attributes": {
                            "ami": "ami-2f862a4f",
                            "associate_public_ip_address": "false",
                            "availability_zone": "us-west-2a",
                            "disable_api_termination": "false",
                            "ebs_block_device.#": "0",
                            "ebs_optimized": "false",
                            "ephemeral_block_device.#": "0",
                            "iam_instance_profile": "",
                            "id": "i-848b0511",
                            "instance_state": "running",
                            "instance_type": "m4.large",
                            "key_name": "goldfish",
                            "monitoring": "false",
                            "network_interface_id": "eni-8b0a35f5",
                            "private_dns": "ip-10-0-1-246.us-west-2.compute.internal",
                            "private_ip": "10.0.1.246",
                            "public_dns": "",
                            "public_ip": "",
                            "root_block_device.#": "1",
                            "root_block_device.0.delete_on_termination": "true",
                            "root_block_device.0.iops": "0",
                            "root_block_device.0.volume_size": "20",
                            "root_block_device.0.volume_type": "standard",
                            "security_groups.#": "0",
                            "source_dest_check": "true",
                            "subnet_id": "subnet-9094cdf4",
                            "tags.%": "1",
                            "tags.Name": "tgt-wild-amigo-server",
                            "tenancy": "default",
                            "vpc_security_group_ids.#": "4",
                            "vpc_security_group_ids.233676626": "sg-0f38ca76",
                            "vpc_security_group_ids.2620958433": "sg-7905111f",
                            "vpc_security_group_ids.3078259481": "sg-60051106",
                            "vpc_security_group_ids.3790524466": "sg-a021d3d9"
                        },
                        "meta": {
                            "schema_version": "1"
                        },
                        "tainted": false
                    },
                    "deposed": [],
                    "provider": ""
                },
                "aws_instance.tiny_frontend": {
                    "type": "aws_instance",
                    "depends_on": [
                        "aws_instance.tiny_consul"
                    ],
                    "primary": {
                        "id": "i-5d8b05c8",
                        "attributes": {
                            "ami": "ami-5f7ad63f",
                            "associate_public_ip_address": "true",
                            "availability_zone": "us-west-2a",
                            "disable_api_termination": "false",
                            "ebs_block_device.#": "0",
                            "ebs_optimized": "false",
                            "ephemeral_block_device.#": "0",
                            "iam_instance_profile": "",
                            "id": "i-5d8b05c8",
                            "instance_state": "running",
                            "instance_type": "m4.large",
                            "key_name": "goldfish",
                            "monitoring": "false",
                            "network_interface_id": "eni-120e316c",
                            "private_dns": "ip-10-0-9-200.us-west-2.compute.internal",
                            "private_ip": "10.0.9.200",
                            "public_dns": "ec2-35-162-187-76.us-west-2.compute.amazonaws.com",
                            "public_ip": "35.162.187.76",
                            "root_block_device.#": "1",
                            "root_block_device.0.delete_on_termination": "true",
                            "root_block_device.0.iops": "0",
                            "root_block_device.0.volume_size": "20",
                            "root_block_device.0.volume_type": "standard",
                            "security_groups.#": "0",
                            "source_dest_check": "true",
                            "subnet_id": "subnet-9794cdf3",
                            "tags.%": "1",
                            "tags.Name": "tgt-wild-frontend-server",
                            "tenancy": "default",
                            "vpc_security_group_ids.#": "5",
                            "vpc_security_group_ids.233676626": "sg-0f38ca76",
                            "vpc_security_group_ids.2620958433": "sg-7905111f",
                            "vpc_security_group_ids.3078259481": "sg-60051106",
                            "vpc_security_group_ids.3790524466": "sg-a021d3d9",
                            "vpc_security_group_ids.3932969677": "sg-449b8922"
                        },
                        "meta": {
                            "schema_version": "1"
                        },
                        "tainted": false
                    },
                    "deposed": [],
                    "provider": ""
                }
            },
            "depends_on": []
        }
    ]
}
