{
    "version": 3,
    "terraform_version": "0.7.10",
    "serial": 17,
    "lineage": "30635f36-2151-4a8b-9355-11c0bedfd43c",
    "modules": [
        {
            "path": [
                "root"
            ],
            "outputs": {},
            "resources": {
                "aws_instance.amigo_leader": {
                    "type": "aws_instance",
                    "depends_on": [],
                    "primary": {
                        "id": "i-b025a625",
                        "attributes": {
                            "ami": "ami-84bd11e4",
                            "associate_public_ip_address": "false",
                            "availability_zone": "us-west-2a",
                            "disable_api_termination": "false",
                            "ebs_block_device.#": "0",
                            "ebs_optimized": "false",
                            "ephemeral_block_device.#": "0",
                            "iam_instance_profile": "",
                            "id": "i-b025a625",
                            "instance_state": "running",
                            "instance_type": "m4.large",
                            "key_name": "goldfish",
                            "monitoring": "false",
                            "network_interface_id": "eni-04f4d27a",
                            "private_dns": "ip-10-0-2-241.us-west-2.compute.internal",
                            "private_ip": "10.0.2.241",
                            "public_dns": "",
                            "public_ip": "",
                            "root_block_device.#": "1",
                            "root_block_device.0.delete_on_termination": "true",
                            "root_block_device.0.iops": "0",
                            "root_block_device.0.volume_size": "20",
                            "root_block_device.0.volume_type": "standard",
                            "security_groups.#": "0",
                            "source_dest_check": "true",
                            "subnet_id": "subnet-9094cdf4",
                            "tags.%": "1",
                            "tags.Name": "dev-amigo-leader",
                            "tenancy": "default",
                            "vpc_security_group_ids.#": "4",
                            "vpc_security_group_ids.233676626": "sg-0f38ca76",
                            "vpc_security_group_ids.2620958433": "sg-7905111f",
                            "vpc_security_group_ids.3078259481": "sg-60051106",
                            "vpc_security_group_ids.3790524466": "sg-a021d3d9"
                        },
                        "meta": {
                            "schema_version": "1"
                        },
                        "tainted": false
                    },
                    "deposed": [],
                    "provider": ""
                }
            },
            "depends_on": []
        },
        {
            "path": [
                "root",
                "tgt"
            ],
            "outputs": {},
            "resources": {
                "aws_instance.tiny_backend": {
                    "type": "aws_instance",
                    "depends_on": [
                        "aws_instance.tiny_consul"
                    ],
                    "primary": {
                        "id": "i-cc890b59",
                        "attributes": {
                            "ami": "ami-73a20e13",
                            "associate_public_ip_address": "false",
                            "availability_zone": "us-west-2a",
                            "disable_api_termination": "false",
                            "ebs_block_device.#": "0",
                            "ebs_optimized": "false",
                            "ephemeral_block_device.#": "0",
                            "iam_instance_profile": "",
                            "id": "i-cc890b59",
                            "instance_state": "running",
                            "instance_type": "m4.xlarge",
                            "key_name": "goldfish",
                            "monitoring": "false",
                            "network_interface_id": "eni-fa7f5c84",
                            "private_dns": "ip-10-0-0-144.us-west-2.compute.internal",
                            "private_ip": "10.0.0.144",
                            "public_dns": "",
                            "public_ip": "",
                            "root_block_device.#": "1",
                            "root_block_device.0.delete_on_termination": "true",
                            "root_block_device.0.iops": "0",
                            "root_block_device.0.volume_size": "60",
                            "root_block_device.0.volume_type": "standard",
                            "security_groups.#": "0",
                            "source_dest_check": "true",
                            "subnet_id": "subnet-9094cdf4",
                            "tags.%": "1",
                            "tags.Name": "tgt-backend-server",
                            "tenancy": "default",
                            "vpc_security_group_ids.#": "4",
                            "vpc_security_group_ids.233676626": "sg-0f38ca76",
                            "vpc_security_group_ids.2620958433": "sg-7905111f",
                            "vpc_security_group_ids.3078259481": "sg-60051106",
                            "vpc_security_group_ids.3790524466": "sg-a021d3d9"
                        },
                        "meta": {
                            "schema_version": "1"
                        },
                        "tainted": false
                    },
                    "deposed": [],
                    "provider": ""
                },
                "aws_instance.tiny_consul": {
                    "type": "aws_instance",
                    "depends_on": [],
                    "primary": {
                        "id": "i-5d880ac8",
                        "attributes": {
                            "ami": "ami-2f862a4f",
                            "associate_public_ip_address": "false",
                            "availability_zone": "us-west-2a",
                            "disable_api_termination": "false",
                            "ebs_block_device.#": "0",
                            "ebs_optimized": "false",
                            "ephemeral_block_device.#": "0",
                            "iam_instance_profile": "",
                            "id": "i-5d880ac8",
                            "instance_state": "running",
                            "instance_type": "m4.large",
                            "key_name": "goldfish",
                            "monitoring": "false",
                            "network_interface_id": "eni-c77655b9",
                            "private_dns": "ip-10-0-6-202.us-west-2.compute.internal",
                            "private_ip": "10.0.6.202",
                            "public_dns": "",
                            "public_ip": "",
                            "root_block_device.#": "1",
                            "root_block_device.0.delete_on_termination": "true",
                            "root_block_device.0.iops": "0",
                            "root_block_device.0.volume_size": "20",
                            "root_block_device.0.volume_type": "standard",
                            "security_groups.#": "0",
                            "source_dest_check": "true",
                            "subnet_id": "subnet-9094cdf4",
                            "tags.%": "1",
                            "tags.Name": "tgt-amigo-server",
                            "tenancy": "default",
                            "vpc_security_group_ids.#": "4",
                            "vpc_security_group_ids.233676626": "sg-0f38ca76",
                            "vpc_security_group_ids.2620958433": "sg-7905111f",
                            "vpc_security_group_ids.3078259481": "sg-60051106",
                            "vpc_security_group_ids.3790524466": "sg-a021d3d9"
                        },
                        "meta": {
                            "schema_version": "1"
                        },
                        "tainted": false
                    },
                    "deposed": [],
                    "provider": ""
                },
                "aws_instance.tiny_frontend": {
                    "type": "aws_instance",
                    "depends_on": [
                        "aws_instance.tiny_consul"
                    ],
                    "primary": {
                        "id": "i-67880af2",
                        "attributes": {
                            "ami": "ami-d1a509b1",
                            "associate_public_ip_address": "true",
                            "availability_zone": "us-west-2a",
                            "disable_api_termination": "false",
                            "ebs_block_device.#": "0",
                            "ebs_optimized": "false",
                            "ephemeral_block_device.#": "0",
                            "iam_instance_profile": "",
                            "id": "i-67880af2",
                            "instance_state": "running",
                            "instance_type": "m4.large",
                            "key_name": "goldfish",
                            "monitoring": "false",
                            "network_interface_id": "eni-fb7f5c85",
                            "private_dns": "ip-10-0-8-123.us-west-2.compute.internal",
                            "private_ip": "10.0.8.123",
                            "public_dns": "ec2-35-164-78-188.us-west-2.compute.amazonaws.com",
                            "public_ip": "35.164.78.188",
                            "root_block_device.#": "1",
                            "root_block_device.0.delete_on_termination": "true",
                            "root_block_device.0.iops": "0",
                            "root_block_device.0.volume_size": "20",
                            "root_block_device.0.volume_type": "standard",
                            "security_groups.#": "0",
                            "source_dest_check": "true",
                            "subnet_id": "subnet-9794cdf3",
                            "tags.%": "1",
                            "tags.Name": "tgt-frontend-server",
                            "tenancy": "default",
                            "vpc_security_group_ids.#": "5",
                            "vpc_security_group_ids.233676626": "sg-0f38ca76",
                            "vpc_security_group_ids.2620958433": "sg-7905111f",
                            "vpc_security_group_ids.3078259481": "sg-60051106",
                            "vpc_security_group_ids.3790524466": "sg-a021d3d9",
                            "vpc_security_group_ids.3932969677": "sg-449b8922"
                        },
                        "meta": {
                            "schema_version": "1"
                        },
                        "tainted": false
                    },
                    "deposed": [],
                    "provider": ""
                }
            },
            "depends_on": []
        },
        {
            "path": [
                "root",
                "tgt-wild"
            ],
            "outputs": {},
            "resources": {
                "aws_instance.tiny_backend": {
                    "type": "aws_instance",
                    "depends_on": [
                        "aws_instance.tiny_consul"
                    ],
                    "primary": {
                        "id": "i-c08b0955",
                        "attributes": {
                            "ami": "ami-73a20e13",
                            "associate_public_ip_address": "false",
                            "availability_zone": "us-west-2a",
                            "disable_api_termination": "false",
                            "ebs_block_device.#": "0",
                            "ebs_optimized": "false",
                            "ephemeral_block_device.#": "0",
                            "iam_instance_profile": "",
                            "id": "i-c08b0955",
                            "instance_state": "running",
                            "instance_type": "m4.xlarge",
                            "key_name": "goldfish",
                            "monitoring": "false",
                            "network_interface_id": "eni-536f4c2d",
                            "private_dns": "ip-10-0-4-84.us-west-2.compute.internal",
                            "private_ip": "10.0.4.84",
                            "public_dns": "",
                            "public_ip": "",
                            "root_block_device.#": "1",
                            "root_block_device.0.delete_on_termination": "true",
                            "root_block_device.0.iops": "0",
                            "root_block_device.0.volume_size": "60",
                            "root_block_device.0.volume_type": "standard",
                            "security_groups.#": "0",
                            "source_dest_check": "true",
                            "subnet_id": "subnet-9094cdf4",
                            "tags.%": "1",
                            "tags.Name": "tgt-wild-backend-server",
                            "tenancy": "default",
                            "vpc_security_group_ids.#": "4",
                            "vpc_security_group_ids.233676626": "sg-0f38ca76",
                            "vpc_security_group_ids.2620958433": "sg-7905111f",
                            "vpc_security_group_ids.3078259481": "sg-60051106",
                            "vpc_security_group_ids.3790524466": "sg-a021d3d9"
                        },
                        "meta": {
                            "schema_version": "1"
                        },
                        "tainted": false
                    },
                    "deposed": [],
                    "provider": ""
                },
                "aws_instance.tiny_consul": {
                    "type": "aws_instance",
                    "depends_on": [],
                    "primary": {
                        "id": "i-2e2daebb",
                        "attributes": {
                            "ami": "ami-2f862a4f",
                            "associate_public_ip_address": "false",
                            "availability_zone": "us-west-2a",
                            "disable_api_termination": "false",
                            "ebs_block_device.#": "0",
                            "ebs_optimized": "false",
                            "ephemeral_block_device.#": "0",
                            "iam_instance_profile": "",
                            "id": "i-2e2daebb",
                            "instance_state": "running",
                            "instance_type": "m4.large",
                            "key_name": "goldfish",
                            "monitoring": "false",
                            "network_interface_id": "eni-b1ab8dcf",
                            "private_dns": "ip-10-0-0-93.us-west-2.compute.internal",
                            "private_ip": "10.0.0.93",
                            "public_dns": "",
                            "public_ip": "",
                            "root_block_device.#": "1",
                            "root_block_device.0.delete_on_termination": "true",
                            "root_block_device.0.iops": "0",
                            "root_block_device.0.volume_size": "20",
                            "root_block_device.0.volume_type": "standard",
                            "security_groups.#": "0",
                            "source_dest_check": "true",
                            "subnet_id": "subnet-9094cdf4",
                            "tags.%": "1",
                            "tags.Name": "tgt-wild-amigo-server",
                            "tenancy": "default",
                            "vpc_security_group_ids.#": "4",
                            "vpc_security_group_ids.233676626": "sg-0f38ca76",
                            "vpc_security_group_ids.2620958433": "sg-7905111f",
                            "vpc_security_group_ids.3078259481": "sg-60051106",
                            "vpc_security_group_ids.3790524466": "sg-a021d3d9"
                        },
                        "meta": {
                            "schema_version": "1"
                        },
                        "tainted": false
                    },
                    "deposed": [],
                    "provider": ""
                },
                "aws_instance.tiny_frontend": {
                    "type": "aws_instance",
                    "depends_on": [
                        "aws_instance.tiny_consul"
                    ],
                    "primary": {
                        "id": "i-468a08d3",
                        "attributes": {
                            "ami": "ami-d1a509b1",
                            "associate_public_ip_address": "true",
                            "availability_zone": "us-west-2a",
                            "disable_api_termination": "false",
                            "ebs_block_device.#": "0",
                            "ebs_optimized": "false",
                            "ephemeral_block_device.#": "0",
                            "iam_instance_profile": "",
                            "id": "i-468a08d3",
                            "instance_state": "running",
                            "instance_type": "m4.large",
                            "key_name": "goldfish",
                            "monitoring": "false",
                            "network_interface_id": "eni-9a7251e4",
                            "private_dns": "ip-10-0-8-9.us-west-2.compute.internal",
                            "private_ip": "10.0.8.9",
                            "public_dns": "ec2-35-162-39-239.us-west-2.compute.amazonaws.com",
                            "public_ip": "35.162.39.239",
                            "root_block_device.#": "1",
                            "root_block_device.0.delete_on_termination": "true",
                            "root_block_device.0.iops": "0",
                            "root_block_device.0.volume_size": "20",
                            "root_block_device.0.volume_type": "standard",
                            "security_groups.#": "0",
                            "source_dest_check": "true",
                            "subnet_id": "subnet-9794cdf3",
                            "tags.%": "1",
                            "tags.Name": "tgt-wild-frontend-server",
                            "tenancy": "default",
                            "vpc_security_group_ids.#": "5",
                            "vpc_security_group_ids.233676626": "sg-0f38ca76",
                            "vpc_security_group_ids.2620958433": "sg-7905111f",
                            "vpc_security_group_ids.3078259481": "sg-60051106",
                            "vpc_security_group_ids.3790524466": "sg-a021d3d9",
                            "vpc_security_group_ids.3932969677": "sg-449b8922"
                        },
                        "meta": {
                            "schema_version": "1"
                        },
                        "tainted": false
                    },
                    "deposed": [],
                    "provider": ""
                }
            },
            "depends_on": []
        }
    ]
}
