{
    "version": 3,
    "terraform_version": "0.7.13",
    "serial": 114,
    "lineage": "9783bfe2-74c2-4997-adf4-d9bffdb4c59e",
    "modules": [
        {
            "path": [
                "root"
            ],
            "outputs": {},
            "resources": {},
            "depends_on": []
        },
        {
            "path": [
                "root",
                "agent-1"
            ],
            "outputs": {},
            "resources": {},
            "depends_on": []
        },
        {
            "path": [
                "root",
                "agent-2"
            ],
            "outputs": {},
            "resources": {},
            "depends_on": []
        },
        {
            "path": [
                "root",
                "agent-3"
            ],
            "outputs": {},
            "resources": {},
            "depends_on": []
        },
        {
            "path": [
                "root",
                "agent-4"
            ],
            "outputs": {},
            "resources": {},
            "depends_on": []
        },
        {
            "path": [
                "root",
                "agent-ashes"
            ],
            "outputs": {},
            "resources": {},
            "depends_on": []
        },
        {
            "path": [
                "root",
                "agent-core"
            ],
            "outputs": {},
            "resources": {},
            "depends_on": []
        },
        {
            "path": [
                "root",
                "agent-core-1"
            ],
            "outputs": {},
            "resources": {},
            "depends_on": []
        },
        {
            "path": [
                "root",
                "agent-core-2"
            ],
            "outputs": {},
            "resources": {},
            "depends_on": []
        },
        {
            "path": [
                "root",
                "agent-core-3"
            ],
            "outputs": {},
            "resources": {},
            "depends_on": []
        },
        {
            "path": [
                "root",
                "agent-core-4"
            ],
            "outputs": {},
            "resources": {},
            "depends_on": []
        },
        {
            "path": [
                "root",
                "agent-stage"
            ],
            "outputs": {},
            "resources": {},
            "depends_on": []
        },
        {
            "path": [
                "root",
                "buildagent"
            ],
            "outputs": {},
            "resources": {},
            "depends_on": []
        },
        {
            "path": [
                "root",
                "buildagents"
            ],
            "outputs": {},
            "resources": {
                "google_compute_instance.agent.0": {
                    "type": "google_compute_instance",
                    "depends_on": [],
                    "primary": {
                        "id": "buildkite-agent-0",
                        "attributes": {
                            "can_ip_forward": "false",
                            "disk.#": "1",
                            "disk.0.auto_delete": "true",
                            "disk.0.device_name": "",
                            "disk.0.disk": "",
                            "disk.0.image": "buildkite-agent-1474653331",
                            "disk.0.scratch": "false",
                            "disk.0.size": "30",
                            "disk.0.type": "pd-ssd",
                            "id": "buildkite-agent-0",
                            "machine_type": "n1-highcpu-8",
                            "metadata.%": "0",
                            "metadata_fingerprint": "1-7KLxnxNkU=",
                            "name": "buildkite-agent-0",
                            "network.#": "0",
                            "network_interface.#": "1",
                            "network_interface.0.access_config.#": "0",
                            "network_interface.0.address": "10.240.0.45",
                            "network_interface.0.name": "nic0",
                            "network_interface.0.network": "default",
                            "network_interface.0.subnetwork": "",
                            "self_link": "https://www.googleapis.com/compute/v1/projects/foxcomm-staging/zones/us-central1-a/instances/buildkite-agent-0",
                            "service_account.#": "0",
                            "tags.#": "3",
                            "tags.1472900357": "no-ip",
                            "tags.1683781376": "buildkite-agent",
                            "tags.2303457407": "buildkite-agent-0",
                            "tags_fingerprint": "0h0LIylMP0Y=",
                            "zone": "us-central1-a"
                        },
                        "meta": {
                            "schema_version": "2"
                        },
                        "tainted": false
                    },
                    "deposed": [],
                    "provider": ""
                },
                "google_compute_instance.agent.1": {
                    "type": "google_compute_instance",
                    "depends_on": [],
                    "primary": {
                        "id": "buildkite-agent-1",
                        "attributes": {
                            "can_ip_forward": "false",
                            "disk.#": "1",
                            "disk.0.auto_delete": "true",
                            "disk.0.device_name": "",
                            "disk.0.disk": "",
                            "disk.0.image": "buildkite-agent-1474653331",
                            "disk.0.scratch": "false",
                            "disk.0.size": "30",
                            "disk.0.type": "pd-ssd",
                            "id": "buildkite-agent-1",
                            "machine_type": "n1-highcpu-8",
                            "metadata.%": "0",
                            "metadata_fingerprint": "1-7KLxnxNkU=",
                            "name": "buildkite-agent-1",
                            "network.#": "0",
                            "network_interface.#": "1",
                            "network_interface.0.access_config.#": "0",
                            "network_interface.0.address": "10.240.0.38",
                            "network_interface.0.name": "nic0",
                            "network_interface.0.network": "default",
                            "network_interface.0.subnetwork": "",
                            "self_link": "https://www.googleapis.com/compute/v1/projects/foxcomm-staging/zones/us-central1-a/instances/buildkite-agent-1",
                            "service_account.#": "0",
                            "tags.#": "3",
                            "tags.1472900357": "no-ip",
                            "tags.1683781376": "buildkite-agent",
                            "tags.4266445033": "buildkite-agent-1",
                            "tags_fingerprint": "QqGomRmw-F0=",
                            "zone": "us-central1-a"
                        },
                        "meta": {
                            "schema_version": "2"
                        },
                        "tainted": false
                    },
                    "deposed": [],
                    "provider": ""
                },
                "google_compute_instance.agent.2": {
                    "type": "google_compute_instance",
                    "depends_on": [],
                    "primary": {
                        "id": "buildkite-agent-2",
                        "attributes": {
                            "can_ip_forward": "false",
                            "disk.#": "1",
                            "disk.0.auto_delete": "true",
                            "disk.0.device_name": "",
                            "disk.0.disk": "",
                            "disk.0.image": "buildkite-agent-1474653331",
                            "disk.0.scratch": "false",
                            "disk.0.size": "30",
                            "disk.0.type": "pd-ssd",
                            "id": "buildkite-agent-2",
                            "machine_type": "n1-highcpu-8",
                            "metadata.%": "0",
                            "metadata_fingerprint": "1-7KLxnxNkU=",
                            "name": "buildkite-agent-2",
                            "network.#": "0",
                            "network_interface.#": "1",
                            "network_interface.0.access_config.#": "0",
                            "network_interface.0.address": "10.240.0.43",
                            "network_interface.0.name": "nic0",
                            "network_interface.0.network": "default",
                            "network_interface.0.subnetwork": "",
                            "self_link": "https://www.googleapis.com/compute/v1/projects/foxcomm-staging/zones/us-central1-a/instances/buildkite-agent-2",
                            "service_account.#": "0",
                            "tags.#": "3",
                            "tags.1472900357": "no-ip",
                            "tags.1683781376": "buildkite-agent",
                            "tags.1732614483": "buildkite-agent-2",
                            "tags_fingerprint": "SVkU2GoPrnM=",
                            "zone": "us-central1-a"
                        },
                        "meta": {
                            "schema_version": "2"
                        },
                        "tainted": false
                    },
                    "deposed": [],
                    "provider": ""
                },
                "google_compute_instance.agent.3": {
                    "type": "google_compute_instance",
                    "depends_on": [],
                    "primary": {
                        "id": "buildkite-agent-3",
                        "attributes": {
                            "can_ip_forward": "false",
                            "disk.#": "1",
                            "disk.0.auto_delete": "true",
                            "disk.0.device_name": "",
                            "disk.0.disk": "",
                            "disk.0.image": "buildkite-agent-1474653331",
                            "disk.0.scratch": "false",
                            "disk.0.size": "30",
                            "disk.0.type": "pd-ssd",
                            "id": "buildkite-agent-3",
                            "machine_type": "n1-highcpu-8",
                            "metadata.%": "0",
                            "metadata_fingerprint": "1-7KLxnxNkU=",
                            "name": "buildkite-agent-3",
                            "network.#": "0",
                            "network_interface.#": "1",
                            "network_interface.0.access_config.#": "0",
                            "network_interface.0.address": "10.240.0.20",
                            "network_interface.0.name": "nic0",
                            "network_interface.0.network": "default",
                            "network_interface.0.subnetwork": "",
                            "self_link": "https://www.googleapis.com/compute/v1/projects/foxcomm-staging/zones/us-central1-a/instances/buildkite-agent-3",
                            "service_account.#": "0",
                            "tags.#": "3",
                            "tags.1472900357": "no-ip",
                            "tags.1683781376": "buildkite-agent",
                            "tags.272804293": "buildkite-agent-3",
                            "tags_fingerprint": "2AJydI_Dg4A=",
                            "zone": "us-central1-a"
                        },
                        "meta": {
                            "schema_version": "2"
                        },
                        "tainted": false
                    },
                    "deposed": [],
                    "provider": ""
                },
                "google_compute_instance.agent.4": {
                    "type": "google_compute_instance",
                    "depends_on": [],
                    "primary": {
                        "id": "buildkite-agent-4",
                        "attributes": {
                            "can_ip_forward": "false",
                            "disk.#": "1",
                            "disk.0.auto_delete": "true",
                            "disk.0.device_name": "",
                            "disk.0.disk": "",
                            "disk.0.image": "buildkite-agent-1474653331",
                            "disk.0.scratch": "false",
                            "disk.0.size": "30",
                            "disk.0.type": "pd-ssd",
                            "id": "buildkite-agent-4",
                            "machine_type": "n1-highcpu-8",
                            "metadata.%": "0",
                            "metadata_fingerprint": "1-7KLxnxNkU=",
                            "name": "buildkite-agent-4",
                            "network.#": "0",
                            "network_interface.#": "1",
                            "network_interface.0.access_config.#": "0",
                            "network_interface.0.address": "10.240.0.19",
                            "network_interface.0.name": "nic0",
                            "network_interface.0.network": "default",
                            "network_interface.0.subnetwork": "",
                            "self_link": "https://www.googleapis.com/compute/v1/projects/foxcomm-staging/zones/us-central1-a/instances/buildkite-agent-4",
                            "service_account.#": "0",
                            "tags.#": "3",
                            "tags.1472900357": "no-ip",
                            "tags.1683781376": "buildkite-agent",
                            "tags.2384870502": "buildkite-agent-4",
                            "tags_fingerprint": "tmbdAH3e4B0=",
                            "zone": "us-central1-a"
                        },
                        "meta": {
                            "schema_version": "2"
                        },
                        "tainted": false
                    },
                    "deposed": [],
                    "provider": ""
                },
                "google_compute_instance.agent.5": {
                    "type": "google_compute_instance",
                    "depends_on": [],
                    "primary": {
                        "id": "buildkite-agent-5",
                        "attributes": {
                            "can_ip_forward": "false",
                            "disk.#": "1",
                            "disk.0.auto_delete": "true",
                            "disk.0.device_name": "",
                            "disk.0.disk": "",
                            "disk.0.image": "buildkite-agent-1474653331",
                            "disk.0.scratch": "false",
                            "disk.0.size": "30",
                            "disk.0.type": "pd-ssd",
                            "id": "buildkite-agent-5",
                            "machine_type": "n1-highcpu-8",
                            "metadata.%": "0",
                            "metadata_fingerprint": "1-7KLxnxNkU=",
                            "name": "buildkite-agent-5",
                            "network.#": "0",
                            "network_interface.#": "1",
                            "network_interface.0.access_config.#": "0",
                            "network_interface.0.address": "10.240.0.44",
                            "network_interface.0.name": "nic0",
                            "network_interface.0.network": "default",
                            "network_interface.0.subnetwork": "",
                            "self_link": "https://www.googleapis.com/compute/v1/projects/foxcomm-staging/zones/us-central1-a/instances/buildkite-agent-5",
                            "service_account.#": "0",
                            "tags.#": "3",
                            "tags.1472900357": "no-ip",
                            "tags.1683781376": "buildkite-agent",
                            "tags.4179692784": "buildkite-agent-5",
                            "tags_fingerprint": "7b-0niqxH58=",
                            "zone": "us-central1-a"
                        },
                        "meta": {
                            "schema_version": "2"
                        },
                        "tainted": false
                    },
                    "deposed": [],
                    "provider": ""
                },
                "google_compute_instance.agent.6": {
                    "type": "google_compute_instance",
                    "depends_on": [],
                    "primary": {
                        "id": "buildkite-agent-6",
                        "attributes": {
                            "can_ip_forward": "false",
                            "disk.#": "1",
                            "disk.0.auto_delete": "true",
                            "disk.0.device_name": "",
                            "disk.0.disk": "",
                            "disk.0.image": "buildkite-agent-1474653331",
                            "disk.0.scratch": "false",
                            "disk.0.size": "30",
                            "disk.0.type": "pd-ssd",
                            "id": "buildkite-agent-6",
                            "machine_type": "n1-highcpu-8",
                            "metadata.%": "0",
                            "metadata_fingerprint": "1-7KLxnxNkU=",
                            "name": "buildkite-agent-6",
                            "network.#": "0",
                            "network_interface.#": "1",
                            "network_interface.0.access_config.#": "0",
                            "network_interface.0.address": "10.240.0.17",
                            "network_interface.0.name": "nic0",
                            "network_interface.0.network": "default",
                            "network_interface.0.subnetwork": "",
                            "self_link": "https://www.googleapis.com/compute/v1/projects/foxcomm-staging/zones/us-central1-a/instances/buildkite-agent-6",
                            "service_account.#": "0",
                            "tags.#": "3",
                            "tags.1472900357": "no-ip",
                            "tags.1613258058": "buildkite-agent-6",
                            "tags.1683781376": "buildkite-agent",
                            "tags_fingerprint": "p5wbbJrTSiI=",
                            "zone": "us-central1-a"
                        },
                        "meta": {
                            "schema_version": "2"
                        },
                        "tainted": false
                    },
                    "deposed": [],
                    "provider": ""
                },
                "google_compute_instance.agent.7": {
                    "type": "google_compute_instance",
                    "depends_on": [],
                    "primary": {
                        "id": "buildkite-agent-7",
                        "attributes": {
                            "can_ip_forward": "false",
                            "disk.#": "1",
                            "disk.0.auto_delete": "true",
                            "disk.0.device_name": "",
                            "disk.0.disk": "",
                            "disk.0.image": "buildkite-agent-1474653331",
                            "disk.0.scratch": "false",
                            "disk.0.size": "30",
                            "disk.0.type": "pd-ssd",
                            "id": "buildkite-agent-7",
                            "machine_type": "n1-highcpu-8",
                            "metadata.%": "0",
                            "metadata_fingerprint": "1-7KLxnxNkU=",
                            "name": "buildkite-agent-7",
                            "network.#": "0",
                            "network_interface.#": "1",
                            "network_interface.0.access_config.#": "0",
                            "network_interface.0.address": "10.240.0.18",
                            "network_interface.0.name": "nic0",
                            "network_interface.0.network": "default",
                            "network_interface.0.subnetwork": "",
                            "self_link": "https://www.googleapis.com/compute/v1/projects/foxcomm-staging/zones/us-central1-a/instances/buildkite-agent-7",
                            "service_account.#": "0",
                            "tags.#": "3",
                            "tags.1472900357": "no-ip",
                            "tags.1683781376": "buildkite-agent",
                            "tags.388984284": "buildkite-agent-7",
                            "tags_fingerprint": "1my0-8wgHqk=",
                            "zone": "us-central1-a"
                        },
                        "meta": {
                            "schema_version": "2"
                        },
                        "tainted": false
                    },
                    "deposed": [],
                    "provider": ""
                }
            },
            "depends_on": []
        },
        {
            "path": [
                "root",
                "consul_cluster"
            ],
            "outputs": {
                "leader": {
                    "sensitive": false,
                    "type": "string",
                    "value": "10.240.0.61"
                }
            },
            "resources": {
                "google_compute_instance.amigo_server.0": {
                    "type": "google_compute_instance",
                    "depends_on": [],
                    "primary": {
                        "id": "dev-amigo-server-0",
                        "attributes": {
                            "can_ip_forward": "false",
                            "disk.#": "1",
                            "disk.0.auto_delete": "true",
                            "disk.0.device_name": "",
                            "disk.0.disk": "",
                            "disk.0.image": "tinystack-amigo-1474569204",
                            "disk.0.scratch": "false",
                            "disk.0.size": "30",
                            "disk.0.type": "pd-ssd",
                            "id": "dev-amigo-server-0",
                            "machine_type": "n1-standard-2",
                            "metadata.%": "1",
                            "metadata.amigo_dc": "dev",
                            "metadata_fingerprint": "erUDRcqSUuE=",
                            "name": "dev-amigo-server-0",
                            "network.#": "0",
                            "network_interface.#": "1",
                            "network_interface.0.access_config.#": "0",
                            "network_interface.0.address": "10.240.0.61",
                            "network_interface.0.name": "nic0",
                            "network_interface.0.network": "default",
                            "network_interface.0.subnetwork": "",
                            "self_link": "https://www.googleapis.com/compute/v1/projects/foxcomm-staging/zones/us-central1-a/instances/dev-amigo-server-0",
                            "service_account.#": "1",
                            "service_account.0.email": "953682058057-compute@developer.gserviceaccount.com",
                            "service_account.0.scopes.#": "1",
                            "service_account.0.scopes.1328717722": "https://www.googleapis.com/auth/devstorage.read_write",
                            "tags.#": "5",
                            "tags.1472900357": "no-ip",
                            "tags.2769509242": "dev-amigo-server-0",
                            "tags.292811013": "dev",
                            "tags.3888383188": "dev-amigo-server",
                            "tags.4002270276": "ssh",
                            "tags_fingerprint": "GaP9qXDoqAE=",
                            "zone": "us-central1-a"
                        },
                        "meta": {
                            "schema_version": "2"
                        },
                        "tainted": false
                    },
                    "deposed": [],
                    "provider": ""
                },
                "google_compute_instance.amigo_server.1": {
                    "type": "google_compute_instance",
                    "depends_on": [
                        "google_compute_instance.amigo_server.0"
                    ],
                    "primary": {
                        "id": "dev-amigo-server-1",
                        "attributes": {
                            "can_ip_forward": "false",
                            "disk.#": "1",
                            "disk.0.auto_delete": "true",
                            "disk.0.device_name": "",
                            "disk.0.disk": "",
                            "disk.0.image": "tinystack-amigo-1474569204",
                            "disk.0.scratch": "false",
                            "disk.0.size": "30",
                            "disk.0.type": "pd-ssd",
                            "id": "dev-amigo-server-1",
                            "machine_type": "n1-standard-2",
                            "metadata.%": "1",
                            "metadata.amigo_dc": "dev",
                            "metadata_fingerprint": "erUDRcqSUuE=",
                            "name": "dev-amigo-server-1",
                            "network.#": "0",
                            "network_interface.#": "1",
                            "network_interface.0.access_config.#": "0",
                            "network_interface.0.address": "10.240.0.11",
                            "network_interface.0.name": "nic0",
                            "network_interface.0.network": "default",
                            "network_interface.0.subnetwork": "",
                            "self_link": "https://www.googleapis.com/compute/v1/projects/foxcomm-staging/zones/us-central1-a/instances/dev-amigo-server-1",
                            "service_account.#": "1",
                            "service_account.0.email": "953682058057-compute@developer.gserviceaccount.com",
                            "service_account.0.scopes.#": "1",
                            "service_account.0.scopes.1328717722": "https://www.googleapis.com/auth/devstorage.read_write",
                            "tags.#": "5",
                            "tags.1472900357": "no-ip",
                            "tags.292811013": "dev",
                            "tags.3524553708": "dev-amigo-server-1",
                            "tags.3888383188": "dev-amigo-server",
                            "tags.4002270276": "ssh",
                            "tags_fingerprint": "jAh8NInngAA=",
                            "zone": "us-central1-a"
                        },
                        "meta": {
                            "schema_version": "2"
                        },
                        "tainted": false
                    },
                    "deposed": [],
                    "provider": ""
                },
                "google_compute_instance.amigo_server.2": {
                    "type": "google_compute_instance",
                    "depends_on": [
                        "google_compute_instance.amigo_server.0"
                    ],
                    "primary": {
                        "id": "dev-amigo-server-2",
                        "attributes": {
                            "can_ip_forward": "false",
                            "disk.#": "1",
                            "disk.0.auto_delete": "true",
                            "disk.0.device_name": "",
                            "disk.0.disk": "",
                            "disk.0.image": "tinystack-amigo-1474569204",
                            "disk.0.scratch": "false",
                            "disk.0.size": "30",
                            "disk.0.type": "pd-ssd",
                            "id": "dev-amigo-server-2",
                            "machine_type": "n1-standard-2",
                            "metadata.%": "1",
                            "metadata.amigo_dc": "dev",
                            "metadata_fingerprint": "erUDRcqSUuE=",
                            "name": "dev-amigo-server-2",
                            "network.#": "0",
                            "network_interface.#": "1",
                            "network_interface.0.access_config.#": "0",
                            "network_interface.0.address": "10.240.0.10",
                            "network_interface.0.name": "nic0",
                            "network_interface.0.network": "default",
                            "network_interface.0.subnetwork": "",
                            "self_link": "https://www.googleapis.com/compute/v1/projects/foxcomm-staging/zones/us-central1-a/instances/dev-amigo-server-2",
                            "service_account.#": "1",
                            "service_account.0.email": "953682058057-compute@developer.gserviceaccount.com",
                            "service_account.0.scopes.#": "1",
                            "service_account.0.scopes.1328717722": "https://www.googleapis.com/auth/devstorage.read_write",
                            "tags.#": "5",
                            "tags.1260206678": "dev-amigo-server-2",
                            "tags.1472900357": "no-ip",
                            "tags.292811013": "dev",
                            "tags.3888383188": "dev-amigo-server",
                            "tags.4002270276": "ssh",
                            "tags_fingerprint": "_ujff1pcvwE=",
                            "zone": "us-central1-a"
                        },
                        "meta": {
                            "schema_version": "2"
                        },
                        "tainted": false
                    },
                    "deposed": [],
                    "provider": ""
                }
            },
            "depends_on": []
        },
        {
            "path": [
                "root",
                "dem1"
            ],
            "outputs": {},
            "resources": {},
            "depends_on": []
        },
        {
            "path": [
                "root",
                "dem2"
            ],
            "outputs": {},
            "resources": {},
            "depends_on": []
        },
        {
            "path": [
                "root",
                "demo1"
            ],
            "outputs": {},
            "resources": {},
            "depends_on": []
        },
        {
            "path": [
                "root",
                "demo2"
            ],
            "outputs": {},
            "resources": {},
            "depends_on": []
        },
        {
            "path": [
                "root",
                "gatling"
            ],
            "outputs": {
                "consul_address": {
                    "sensitive": false,
                    "type": "string",
                    "value": "10.240.0.3"
                }
            },
            "resources": {},
            "depends_on": []
        },
        {
            "path": [
                "root",
                "highlander-gatling"
            ],
            "outputs": {
                "consul_address": {
                    "sensitive": false,
                    "type": "string",
                    "value": "10.240.0.4"
                }
            },
            "resources": {},
            "depends_on": []
        },
        {
            "path": [
                "root",
                "highlander-staging"
            ],
            "outputs": {
                "consul_address": {
                    "sensitive": false,
                    "type": "string",
                    "value": "10.240.0.6"
                }
            },
            "resources": {},
            "depends_on": []
        },
        {
            "path": [
                "root",
                "highlander_gatling"
            ],
            "outputs": {},
            "resources": {},
            "depends_on": []
        },
        {
            "path": [
                "root",
                "sinopia"
            ],
            "outputs": {},
            "resources": {
                "google_compute_firewall.sinopia": {
                    "type": "google_compute_firewall",
                    "depends_on": [],
                    "primary": {
                        "id": "default-sinopia",
                        "attributes": {
                            "allow.#": "2",
                            "allow.1367131964.ports.#": "0",
                            "allow.1367131964.protocol": "icmp",
                            "allow.3017204660.ports.#": "1",
                            "allow.3017204660.ports.0": "4873",
                            "allow.3017204660.protocol": "tcp",
                            "description": "",
                            "id": "default-sinopia",
                            "name": "default-sinopia",
                            "network": "default",
                            "project": "foxcomm-staging",
                            "self_link": "https://www.googleapis.com/compute/v1/projects/foxcomm-staging/global/firewalls/default-sinopia",
                            "source_ranges.#": "1",
                            "source_ranges.1080289494": "0.0.0.0/0",
                            "source_tags.#": "0",
                            "target_tags.#": "0"
                        },
                        "meta": {
                            "schema_version": "1"
                        },
                        "tainted": false
                    },
                    "deposed": [],
                    "provider": ""
                }
            },
            "depends_on": []
        },
        {
            "path": [
                "root",
                "stage"
            ],
            "outputs": {},
            "resources": {},
            "depends_on": []
        },
        {
            "path": [
                "root",
                "stage2"
            ],
            "outputs": {},
            "resources": {},
            "depends_on": []
        },
        {
            "path": [
                "root",
                "stagem"
            ],
            "outputs": {
                "consul_address": {
                    "sensitive": false,
                    "type": "string",
                    "value": "10.240.0.4"
                }
            },
            "resources": {},
            "depends_on": []
        },
        {
            "path": [
                "root",
                "staging"
            ],
            "outputs": {
                "consul_address": {
                    "sensitive": false,
                    "type": "string",
                    "value": "10.240.0.7"
                }
            },
            "resources": {},
            "depends_on": []
        },
        {
            "path": [
                "root",
                "target"
            ],
            "outputs": {
                "consul_address": {
                    "sensitive": false,
                    "type": "string",
                    "value": "10.240.0.27"
                }
            },
            "resources": {},
            "depends_on": []
        },
        {
            "path": [
                "root",
                "topdrawer"
            ],
            "outputs": {},
            "resources": {},
            "depends_on": []
        },
        {
            "path": [
                "root",
                "usertest1"
            ],
            "outputs": {},
            "resources": {},
            "depends_on": []
        },
        {
            "path": [
                "root",
                "usertest2"
            ],
            "outputs": {},
            "resources": {},
            "depends_on": []
        },
        {
            "path": [
                "root",
                "vpn"
            ],
            "outputs": {},
            "resources": {},
            "depends_on": []
        }
    ]
}
