{
    "version": 3,
    "terraform_version": "0.7.2",
    "serial": 81,
    "lineage": "9783bfe2-74c2-4997-adf4-d9bffdb4c59e",
    "modules": [
        {
            "path": [
                "root"
            ],
            "outputs": {},
            "resources": {
                "google_compute_instance.gatling-gun": {
                    "type": "google_compute_instance",
                    "depends_on": [
                        "module.gatling"
                    ],
                    "primary": {
                        "id": "gatling-gun",
                        "attributes": {
                            "can_ip_forward": "false",
                            "disk.#": "1",
                            "disk.0.auto_delete": "true",
                            "disk.0.device_name": "",
                            "disk.0.disk": "",
                            "disk.0.image": "base-jvm-1466549834",
                            "disk.0.scratch": "false",
                            "disk.0.size": "30",
                            "disk.0.type": "pd-ssd",
                            "id": "gatling-gun",
                            "machine_type": "n1-standard-4",
                            "metadata.%": "0",
                            "metadata_fingerprint": "1-7KLxnxNkU=",
                            "name": "gatling-gun",
                            "network.#": "0",
                            "network_interface.#": "1",
                            "network_interface.0.access_config.#": "0",
                            "network_interface.0.address": "10.240.0.16",
                            "network_interface.0.name": "nic0",
                            "network_interface.0.network": "default",
                            "network_interface.0.subnetwork": "",
                            "self_link": "https://www.googleapis.com/compute/v1/projects/foxcomm-staging/zones/us-central1-a/instances/gatling-gun",
                            "service_account.#": "0",
                            "tags.#": "2",
                            "tags.1472900357": "no-ip",
                            "tags.3859209695": "gatling-gun",
                            "tags_fingerprint": "Ror8IZB9Mts=",
                            "zone": "us-central1-a"
                        },
                        "meta": {
                            "schema_version": "2"
                        },
                        "tainted": false
                    },
                    "deposed": [],
                    "provider": ""
                }
            },
            "depends_on": []
        },
        {
            "path": [
                "root",
                "agent-1"
            ],
            "outputs": {},
            "resources": {},
            "depends_on": []
        },
        {
            "path": [
                "root",
                "agent-2"
            ],
            "outputs": {},
            "resources": {},
            "depends_on": []
        },
        {
            "path": [
                "root",
                "agent-3"
            ],
            "outputs": {},
            "resources": {},
            "depends_on": []
        },
        {
            "path": [
                "root",
                "agent-4"
            ],
            "outputs": {},
            "resources": {},
            "depends_on": []
        },
        {
            "path": [
                "root",
                "agent-ashes"
            ],
            "outputs": {},
            "resources": {},
            "depends_on": []
        },
        {
            "path": [
                "root",
                "agent-core"
            ],
            "outputs": {},
            "resources": {},
            "depends_on": []
        },
        {
            "path": [
                "root",
                "agent-core-1"
            ],
            "outputs": {},
            "resources": {},
            "depends_on": []
        },
        {
            "path": [
                "root",
                "agent-core-2"
            ],
            "outputs": {},
            "resources": {},
            "depends_on": []
        },
        {
            "path": [
                "root",
                "agent-core-3"
            ],
            "outputs": {},
            "resources": {},
            "depends_on": []
        },
        {
            "path": [
                "root",
                "agent-core-4"
            ],
            "outputs": {},
            "resources": {},
            "depends_on": []
        },
        {
            "path": [
                "root",
                "agent-stage"
            ],
            "outputs": {},
            "resources": {},
            "depends_on": []
        },
        {
            "path": [
                "root",
                "buildagents"
            ],
            "outputs": {},
            "resources": {},
            "depends_on": []
        },
        {
            "path": [
                "root",
                "consul_cluster"
            ],
            "outputs": {
                "leader": {
                    "sensitive": false,
                    "type": "string",
                    "value": "10.240.0.10"
                }
            },
            "resources": {
                "google_compute_instance.consul_server.0": {
                    "type": "google_compute_instance",
                    "depends_on": [],
                    "primary": {
                        "id": "dev-consul-server-0",
                        "attributes": {
                            "can_ip_forward": "false",
                            "disk.#": "1",
                            "disk.0.auto_delete": "true",
                            "disk.0.device_name": "",
                            "disk.0.disk": "",
                            "disk.0.image": "consul-server-1461715686",
                            "disk.0.scratch": "false",
                            "disk.0.size": "30",
                            "disk.0.type": "pd-ssd",
                            "id": "dev-consul-server-0",
                            "machine_type": "n1-standard-1",
                            "metadata.%": "1",
                            "metadata.consul_dc": "dev",
                            "metadata_fingerprint": "qg9-NecKKNY=",
                            "name": "dev-consul-server-0",
                            "network.#": "0",
                            "network_interface.#": "1",
                            "network_interface.0.access_config.#": "0",
                            "network_interface.0.address": "10.240.0.10",
                            "network_interface.0.name": "nic0",
                            "network_interface.0.network": "default",
                            "network_interface.0.subnetwork": "",
                            "self_link": "https://www.googleapis.com/compute/v1/projects/foxcomm-staging/zones/us-central1-a/instances/dev-consul-server-0",
                            "service_account.#": "0",
                            "tags.#": "5",
                            "tags.1472900357": "no-ip",
                            "tags.1521749531": "dev-consul-server",
                            "tags.161793173": "dev-consul-server-0",
                            "tags.292811013": "dev",
                            "tags.4002270276": "ssh",
                            "tags_fingerprint": "Hk1iKpV-g4I=",
                            "zone": "us-central1-a"
                        },
                        "meta": {
                            "schema_version": "2"
                        },
                        "tainted": false
                    },
                    "deposed": [],
                    "provider": ""
                },
                "google_compute_instance.consul_server.1": {
                    "type": "google_compute_instance",
                    "depends_on": [
                        "google_compute_instance.consul_server.0"
                    ],
                    "primary": {
                        "id": "dev-consul-server-1",
                        "attributes": {
                            "can_ip_forward": "false",
                            "disk.#": "1",
                            "disk.0.auto_delete": "true",
                            "disk.0.device_name": "",
                            "disk.0.disk": "",
                            "disk.0.image": "consul-server-1461715686",
                            "disk.0.scratch": "false",
                            "disk.0.size": "30",
                            "disk.0.type": "pd-ssd",
                            "id": "dev-consul-server-1",
                            "machine_type": "n1-standard-1",
                            "metadata.%": "1",
                            "metadata.consul_dc": "dev",
                            "metadata_fingerprint": "qg9-NecKKNY=",
                            "name": "dev-consul-server-1",
                            "network.#": "0",
                            "network_interface.#": "1",
                            "network_interface.0.access_config.#": "0",
                            "network_interface.0.address": "10.240.0.12",
                            "network_interface.0.name": "nic0",
                            "network_interface.0.network": "default",
                            "network_interface.0.subnetwork": "",
                            "self_link": "https://www.googleapis.com/compute/v1/projects/foxcomm-staging/zones/us-central1-a/instances/dev-consul-server-1",
                            "service_account.#": "0",
                            "tags.#": "5",
                            "tags.1472900357": "no-ip",
                            "tags.1521749531": "dev-consul-server",
                            "tags.2124674051": "dev-consul-server-1",
                            "tags.292811013": "dev",
                            "tags.4002270276": "ssh",
                            "tags_fingerprint": "hmzHb2fwJTk=",
                            "zone": "us-central1-a"
                        },
                        "meta": {
                            "schema_version": "2"
                        },
                        "tainted": false
                    },
                    "deposed": [],
                    "provider": ""
                },
                "google_compute_instance.consul_server.2": {
                    "type": "google_compute_instance",
                    "depends_on": [
                        "google_compute_instance.consul_server.0"
                    ],
                    "primary": {
                        "id": "dev-consul-server-2",
                        "attributes": {
                            "can_ip_forward": "false",
                            "disk.#": "1",
                            "disk.0.auto_delete": "true",
                            "disk.0.device_name": "",
                            "disk.0.disk": "",
                            "disk.0.image": "consul-server-1461715686",
                            "disk.0.scratch": "false",
                            "disk.0.size": "30",
                            "disk.0.type": "pd-ssd",
                            "id": "dev-consul-server-2",
                            "machine_type": "n1-standard-1",
                            "metadata.%": "1",
                            "metadata.consul_dc": "dev",
                            "metadata_fingerprint": "qg9-NecKKNY=",
                            "name": "dev-consul-server-2",
                            "network.#": "0",
                            "network_interface.#": "1",
                            "network_interface.0.access_config.#": "0",
                            "network_interface.0.address": "10.240.0.11",
                            "network_interface.0.name": "nic0",
                            "network_interface.0.network": "default",
                            "network_interface.0.subnetwork": "",
                            "self_link": "https://www.googleapis.com/compute/v1/projects/foxcomm-staging/zones/us-central1-a/instances/dev-consul-server-2",
                            "service_account.#": "0",
                            "tags.#": "5",
                            "tags.1472900357": "no-ip",
                            "tags.1521749531": "dev-consul-server",
                            "tags.292811013": "dev",
                            "tags.3886720441": "dev-consul-server-2",
                            "tags.4002270276": "ssh",
                            "tags_fingerprint": "YDEek9JMSbM=",
                            "zone": "us-central1-a"
                        },
                        "meta": {
                            "schema_version": "2"
                        },
                        "tainted": false
                    },
                    "deposed": [],
                    "provider": ""
                }
            },
            "depends_on": []
        },
        {
            "path": [
                "root",
                "dem1"
            ],
            "outputs": {},
            "resources": {},
            "depends_on": []
        },
        {
            "path": [
                "root",
                "dem2"
            ],
            "outputs": {},
            "resources": {},
            "depends_on": []
        },
        {
            "path": [
                "root",
                "demo1"
            ],
            "outputs": {},
            "resources": {},
            "depends_on": []
        },
        {
            "path": [
                "root",
                "demo2"
            ],
            "outputs": {},
            "resources": {},
            "depends_on": []
        },
        {
            "path": [
                "root",
                "gatling"
            ],
            "outputs": {
                "consul_address": {
                    "sensitive": false,
                    "type": "string",
                    "value": "10.240.0.4"
                }
            },
            "resources": {
                "google_compute_instance.tiny-backend": {
                    "type": "google_compute_instance",
                    "depends_on": [
                        "google_compute_instance.tiny-consul"
                    ],
                    "primary": {
                        "id": "gatling-backend",
                        "attributes": {
                            "can_ip_forward": "false",
                            "disk.#": "1",
                            "disk.0.auto_delete": "true",
                            "disk.0.device_name": "",
                            "disk.0.disk": "",
                            "disk.0.image": "tinystack-backend-1471891840",
                            "disk.0.scratch": "false",
                            "disk.0.size": "100",
                            "disk.0.type": "pd-ssd",
                            "id": "gatling-backend",
                            "machine_type": "n1-highmem-4",
                            "metadata.%": "0",
                            "metadata_fingerprint": "1-7KLxnxNkU=",
                            "name": "gatling-backend",
                            "network.#": "0",
                            "network_interface.#": "1",
                            "network_interface.0.access_config.#": "0",
                            "network_interface.0.address": "10.240.0.7",
                            "network_interface.0.name": "nic0",
                            "network_interface.0.network": "default",
                            "network_interface.0.subnetwork": "",
                            "self_link": "https://www.googleapis.com/compute/v1/projects/foxcomm-staging/zones/us-central1-a/instances/gatling-backend",
                            "service_account.#": "0",
                            "tags.#": "2",
                            "tags.1472900357": "no-ip",
                            "tags.3831759169": "gatling-backend",
                            "tags_fingerprint": "MsKa2jSsJS4=",
                            "zone": "us-central1-a"
                        },
                        "meta": {
                            "schema_version": "2"
                        },
                        "tainted": false
                    },
                    "deposed": [],
                    "provider": ""
                },
                "google_compute_instance.tiny-consul": {
                    "type": "google_compute_instance",
                    "depends_on": [],
                    "primary": {
                        "id": "gatling-consul-server",
                        "attributes": {
                            "can_ip_forward": "false",
                            "disk.#": "1",
                            "disk.0.auto_delete": "true",
                            "disk.0.device_name": "",
                            "disk.0.disk": "",
                            "disk.0.image": "tinystack-consul-server-1466553799",
                            "disk.0.scratch": "false",
                            "disk.0.size": "10",
                            "disk.0.type": "pd-ssd",
                            "id": "gatling-consul-server",
                            "machine_type": "n1-standard-1",
                            "metadata.%": "1",
                            "metadata.consul_dc": "gatling",
                            "metadata_fingerprint": "Ycd5zo3twfE=",
                            "name": "gatling-consul-server",
                            "network.#": "0",
                            "network_interface.#": "1",
                            "network_interface.0.access_config.#": "0",
                            "network_interface.0.address": "10.240.0.4",
                            "network_interface.0.name": "nic0",
                            "network_interface.0.network": "default",
                            "network_interface.0.subnetwork": "",
                            "self_link": "https://www.googleapis.com/compute/v1/projects/foxcomm-staging/zones/us-central1-a/instances/gatling-consul-server",
                            "service_account.#": "0",
                            "tags.#": "4",
                            "tags.1301991041": "gatling-consul-server",
                            "tags.1472900357": "no-ip",
                            "tags.1953760878": "gatling-consol-server",
                            "tags.47791395": "gatling",
                            "tags_fingerprint": "Pi8k7FJdyp8=",
                            "zone": "us-central1-a"
                        },
                        "meta": {
                            "schema_version": "2"
                        },
                        "tainted": false
                    },
                    "deposed": [],
                    "provider": ""
                },
                "google_compute_instance.tiny-frontend": {
                    "type": "google_compute_instance",
                    "depends_on": [
                        "google_compute_instance.tiny-consul"
                    ],
                    "primary": {
                        "id": "gatling-frontend",
                        "attributes": {
                            "can_ip_forward": "false",
                            "disk.#": "1",
                            "disk.0.auto_delete": "true",
                            "disk.0.device_name": "",
                            "disk.0.disk": "",
                            "disk.0.image": "tinystack-frontend-1469015921",
                            "disk.0.scratch": "false",
                            "disk.0.size": "30",
                            "disk.0.type": "pd-ssd",
                            "id": "gatling-frontend",
                            "machine_type": "n1-highcpu-8",
                            "metadata.%": "0",
                            "metadata_fingerprint": "1-7KLxnxNkU=",
                            "name": "gatling-frontend",
                            "network.#": "0",
                            "network_interface.#": "1",
                            "network_interface.0.access_config.#": "0",
                            "network_interface.0.address": "10.240.0.6",
                            "network_interface.0.name": "nic0",
                            "network_interface.0.network": "default",
                            "network_interface.0.subnetwork": "",
                            "self_link": "https://www.googleapis.com/compute/v1/projects/foxcomm-staging/zones/us-central1-a/instances/gatling-frontend",
                            "service_account.#": "0",
                            "tags.#": "4",
                            "tags.1472900357": "no-ip",
                            "tags.1936433573": "https-server",
                            "tags.3936595960": "gatling-frontend",
                            "tags.988335155": "http-server",
                            "tags_fingerprint": "0Nzw3K_nzAk=",
                            "zone": "us-central1-a"
                        },
                        "meta": {
                            "schema_version": "2"
                        },
                        "tainted": false
                    },
                    "deposed": [],
                    "provider": ""
                }
            },
            "depends_on": []
        },
        {
            "path": [
                "root",
                "stage"
            ],
            "outputs": {},
            "resources": {},
            "depends_on": []
        },
        {
            "path": [
                "root",
                "stage2"
            ],
            "outputs": {},
            "resources": {},
            "depends_on": []
        },
        {
            "path": [
                "root",
                "stagem"
            ],
            "outputs": {
                "consul_address": {
                    "sensitive": false,
                    "type": "string",
                    "value": "10.240.0.3"
                }
            },
            "resources": {
                "google_compute_instance.tiny-backend": {
                    "type": "google_compute_instance",
                    "depends_on": [
                        "google_compute_instance.tiny-consul"
                    ],
                    "primary": {
                        "id": "stage-backend",
                        "attributes": {
                            "can_ip_forward": "false",
                            "disk.#": "1",
                            "disk.0.auto_delete": "true",
                            "disk.0.device_name": "",
                            "disk.0.disk": "",
                            "disk.0.image": "tinystack-backend-1471891840",
                            "disk.0.scratch": "false",
                            "disk.0.size": "100",
                            "disk.0.type": "pd-ssd",
                            "id": "stage-backend",
                            "machine_type": "n1-highmem-4",
                            "metadata.%": "0",
                            "metadata_fingerprint": "1-7KLxnxNkU=",
                            "name": "stage-backend",
                            "network.#": "0",
                            "network_interface.#": "1",
                            "network_interface.0.access_config.#": "0",
                            "network_interface.0.address": "10.240.0.8",
                            "network_interface.0.name": "nic0",
                            "network_interface.0.network": "default",
                            "network_interface.0.subnetwork": "",
                            "self_link": "https://www.googleapis.com/compute/v1/projects/foxcomm-staging/zones/us-central1-a/instances/stage-backend",
                            "service_account.#": "0",
                            "tags.#": "2",
                            "tags.1472900357": "no-ip",
                            "tags.3949535185": "stage-backend",
                            "tags_fingerprint": "USAz9wMm9Ug=",
                            "zone": "us-central1-a"
                        },
                        "meta": {
                            "schema_version": "2"
                        },
                        "tainted": false
                    },
                    "deposed": [],
                    "provider": ""
                },
                "google_compute_instance.tiny-consul": {
                    "type": "google_compute_instance",
                    "depends_on": [],
                    "primary": {
                        "id": "stage-consul-server",
                        "attributes": {
                            "can_ip_forward": "false",
                            "disk.#": "1",
                            "disk.0.auto_delete": "true",
                            "disk.0.device_name": "",
                            "disk.0.disk": "",
                            "disk.0.image": "tinystack-consul-server-1466553799",
                            "disk.0.scratch": "false",
                            "disk.0.size": "10",
                            "disk.0.type": "pd-ssd",
                            "id": "stage-consul-server",
                            "machine_type": "n1-standard-1",
                            "metadata.%": "1",
                            "metadata.consul_dc": "stage",
                            "metadata_fingerprint": "qitHxsvtpEQ=",
                            "name": "stage-consul-server",
                            "network.#": "0",
                            "network_interface.#": "1",
                            "network_interface.0.access_config.#": "0",
                            "network_interface.0.address": "10.240.0.3",
                            "network_interface.0.name": "nic0",
                            "network_interface.0.network": "default",
                            "network_interface.0.subnetwork": "",
                            "self_link": "https://www.googleapis.com/compute/v1/projects/foxcomm-staging/zones/us-central1-a/instances/stage-consul-server",
                            "service_account.#": "0",
                            "tags.#": "4",
                            "tags.1341433390": "stage-consol-server",
                            "tags.1472900357": "no-ip",
                            "tags.1981443777": "stage-consul-server",
                            "tags.3262944105": "stage",
                            "tags_fingerprint": "twGP8XPkZis=",
                            "zone": "us-central1-a"
                        },
                        "meta": {
                            "schema_version": "2"
                        },
                        "tainted": false
                    },
                    "deposed": [],
                    "provider": ""
                },
                "google_compute_instance.tiny-frontend": {
                    "type": "google_compute_instance",
                    "depends_on": [
                        "google_compute_instance.tiny-consul"
                    ],
                    "primary": {
                        "id": "stage-frontend",
                        "attributes": {
                            "can_ip_forward": "false",
                            "disk.#": "1",
                            "disk.0.auto_delete": "true",
                            "disk.0.device_name": "",
                            "disk.0.disk": "",
                            "disk.0.image": "tinystack-frontend-1469015921",
                            "disk.0.scratch": "false",
                            "disk.0.size": "30",
                            "disk.0.type": "pd-ssd",
                            "id": "stage-frontend",
                            "machine_type": "n1-highcpu-8",
                            "metadata.%": "0",
                            "metadata_fingerprint": "1-7KLxnxNkU=",
                            "name": "stage-frontend",
                            "network.#": "0",
                            "network_interface.#": "1",
                            "network_interface.0.access_config.#": "0",
                            "network_interface.0.address": "10.240.0.40",
                            "network_interface.0.name": "nic0",
                            "network_interface.0.network": "default",
                            "network_interface.0.subnetwork": "",
                            "self_link": "https://www.googleapis.com/compute/v1/projects/foxcomm-staging/zones/us-central1-a/instances/stage-frontend",
                            "service_account.#": "0",
                            "tags.#": "4",
                            "tags.1472900357": "no-ip",
                            "tags.1936433573": "https-server",
                            "tags.446902690": "stage-frontend",
                            "tags.988335155": "http-server",
                            "tags_fingerprint": "-z_8gGsc01U=",
                            "zone": "us-central1-a"
                        },
                        "meta": {
                            "schema_version": "2"
                        },
                        "tainted": false
                    },
                    "deposed": [],
                    "provider": ""
                }
            },
            "depends_on": []
        },
        {
            "path": [
                "root",
                "target"
            ],
            "outputs": {
                "consul_address": {
                    "sensitive": false,
                    "type": "string",
                    "value": "10.240.0.27"
                }
            },
            "resources": {},
            "depends_on": []
        },
        {
            "path": [
                "root",
                "topdrawer"
            ],
            "outputs": {},
            "resources": {},
            "depends_on": []
        },
        {
            "path": [
                "root",
                "usertest1"
            ],
            "outputs": {},
            "resources": {},
            "depends_on": []
        },
        {
            "path": [
                "root",
                "usertest2"
            ],
            "outputs": {},
            "resources": {},
            "depends_on": []
        },
        {
            "path": [
                "root",
                "vpn"
            ],
            "outputs": {},
            "resources": {},
            "depends_on": []
        }
    ]
}
