{
    "version": 3,
    "terraform_version": "0.8.4",
    "serial": 0,
    "lineage": "7145257b-c7b1-4a20-837a-e2345a1ca21b",
    "modules": [
        {
            "path": [
                "root"
            ],
            "outputs": {},
            "resources": {
                "azurerm_network_interface.helloterraformnic": {
                    "type": "azurerm_network_interface",
                    "depends_on": [
                        "azurerm_public_ip.helloterraformips",
                        "azurerm_resource_group.helloterraform",
                        "azurerm_subnet.helloterraformsubnet"
                    ],
                    "primary": {
                        "id": "/subscriptions/65344d01-3cb8-4a40-8c40-39b6b9276bb0/resourceGroups/terraformtest/providers/Microsoft.Network/networkInterfaces/tfni",
                        "attributes": {
                            "applied_dns_servers.#": "0",
                            "dns_servers.#": "0",
                            "enable_ip_forwarding": "false",
                            "id": "/subscriptions/65344d01-3cb8-4a40-8c40-39b6b9276bb0/resourceGroups/terraformtest/providers/Microsoft.Network/networkInterfaces/tfni",
                            "ip_configuration.#": "1",
                            "ip_configuration.1472925691.load_balancer_backend_address_pools_ids.#": "0",
                            "ip_configuration.1472925691.load_balancer_inbound_nat_rules_ids.#": "0",
                            "ip_configuration.1472925691.name": "testconfiguration1",
                            "ip_configuration.1472925691.private_ip_address": "10.0.2.5",
                            "ip_configuration.1472925691.private_ip_address_allocation": "static",
                            "ip_configuration.1472925691.public_ip_address_id": "/subscriptions/65344d01-3cb8-4a40-8c40-39b6b9276bb0/resourceGroups/terraformtest/providers/Microsoft.Network/publicIPAddresses/terraformtestip",
                            "ip_configuration.1472925691.subnet_id": "/subscriptions/65344d01-3cb8-4a40-8c40-39b6b9276bb0/resourceGroups/terraformtest/providers/Microsoft.Network/virtualNetworks/acctvn/subnets/acctsub",
                            "location": "westus",
                            "name": "tfni",
                            "private_ip_address": "10.0.2.5",
                            "resource_group_name": "terraformtest",
                            "tags.%": "0"
                        },
                        "meta": {},
                        "tainted": false
                    },
                    "deposed": [],
                    "provider": ""
                },
                "azurerm_public_ip.helloterraformips": {
                    "type": "azurerm_public_ip",
                    "depends_on": [
                        "azurerm_resource_group.helloterraform"
                    ],
                    "primary": {
                        "id": "/subscriptions/65344d01-3cb8-4a40-8c40-39b6b9276bb0/resourceGroups/terraformtest/providers/Microsoft.Network/publicIPAddresses/terraformtestip",
                        "attributes": {
                            "id": "/subscriptions/65344d01-3cb8-4a40-8c40-39b6b9276bb0/resourceGroups/terraformtest/providers/Microsoft.Network/publicIPAddresses/terraformtestip",
                            "location": "westus",
                            "name": "terraformtestip",
                            "public_ip_address_allocation": "dynamic",
                            "resource_group_name": "terraformtest",
                            "tags.%": "1",
                            "tags.environment": "TerraformDemo"
                        },
                        "meta": {},
                        "tainted": false
                    },
                    "deposed": [],
                    "provider": ""
                },
                "azurerm_resource_group.helloterraform": {
                    "type": "azurerm_resource_group",
                    "depends_on": [],
                    "primary": {
                        "id": "/subscriptions/65344d01-3cb8-4a40-8c40-39b6b9276bb0/resourceGroups/terraformtest",
                        "attributes": {
                            "id": "/subscriptions/65344d01-3cb8-4a40-8c40-39b6b9276bb0/resourceGroups/terraformtest",
                            "location": "westus",
                            "name": "terraformtest",
                            "tags.%": "0"
                        },
                        "meta": {},
                        "tainted": false
                    },
                    "deposed": [],
                    "provider": ""
                },
                "azurerm_subnet.helloterraformsubnet": {
                    "type": "azurerm_subnet",
                    "depends_on": [
                        "azurerm_resource_group.helloterraform",
                        "azurerm_virtual_network.helloterraformnetwork"
                    ],
                    "primary": {
                        "id": "/subscriptions/65344d01-3cb8-4a40-8c40-39b6b9276bb0/resourceGroups/terraformtest/providers/Microsoft.Network/virtualNetworks/acctvn/subnets/acctsub",
                        "attributes": {
                            "address_prefix": "10.0.2.0/24",
                            "id": "/subscriptions/65344d01-3cb8-4a40-8c40-39b6b9276bb0/resourceGroups/terraformtest/providers/Microsoft.Network/virtualNetworks/acctvn/subnets/acctsub",
                            "ip_configurations.#": "0",
                            "name": "acctsub",
                            "resource_group_name": "terraformtest",
                            "virtual_network_name": "acctvn"
                        },
                        "meta": {},
                        "tainted": false
                    },
                    "deposed": [],
                    "provider": ""
                },
                "azurerm_virtual_network.helloterraformnetwork": {
                    "type": "azurerm_virtual_network",
                    "depends_on": [
                        "azurerm_resource_group.helloterraform"
                    ],
                    "primary": {
                        "id": "/subscriptions/65344d01-3cb8-4a40-8c40-39b6b9276bb0/resourceGroups/terraformtest/providers/Microsoft.Network/virtualNetworks/acctvn",
                        "attributes": {
                            "address_space.#": "1",
                            "address_space.0": "10.0.0.0/16",
                            "dns_servers.#": "0",
                            "id": "/subscriptions/65344d01-3cb8-4a40-8c40-39b6b9276bb0/resourceGroups/terraformtest/providers/Microsoft.Network/virtualNetworks/acctvn",
                            "location": "westus",
                            "name": "acctvn",
                            "resource_group_name": "terraformtest",
                            "subnet.#": "0",
                            "tags.%": "0"
                        },
                        "meta": {},
                        "tainted": false
                    },
                    "deposed": [],
                    "provider": ""
                }
            },
            "depends_on": []
        }
    ]
}
