{
    "version": 3,
    "terraform_version": "0.8.4",
    "serial": 1,
    "lineage": "7145257b-c7b1-4a20-837a-e2345a1ca21b",
    "modules": [
        {
            "path": [
                "root"
            ],
            "outputs": {},
            "resources": {
                "azurerm_network_interface.helloterraformnic": {
                    "type": "azurerm_network_interface",
                    "depends_on": [
                        "azurerm_public_ip.helloterraformips",
                        "azurerm_resource_group.helloterraform",
                        "azurerm_subnet.helloterraformsubnet"
                    ],
                    "primary": {
                        "id": "/subscriptions/65344d01-3cb8-4a40-8c40-39b6b9276bb0/resourceGroups/terraformtest/providers/Microsoft.Network/networkInterfaces/tfni",
                        "attributes": {
                            "applied_dns_servers.#": "0",
                            "dns_servers.#": "0",
                            "enable_ip_forwarding": "false",
                            "id": "/subscriptions/65344d01-3cb8-4a40-8c40-39b6b9276bb0/resourceGroups/terraformtest/providers/Microsoft.Network/networkInterfaces/tfni",
                            "ip_configuration.#": "1",
                            "ip_configuration.1472925691.load_balancer_backend_address_pools_ids.#": "0",
                            "ip_configuration.1472925691.load_balancer_inbound_nat_rules_ids.#": "0",
                            "ip_configuration.1472925691.name": "testconfiguration1",
                            "ip_configuration.1472925691.private_ip_address": "10.0.2.5",
                            "ip_configuration.1472925691.private_ip_address_allocation": "static",
                            "ip_configuration.1472925691.public_ip_address_id": "/subscriptions/65344d01-3cb8-4a40-8c40-39b6b9276bb0/resourceGroups/terraformtest/providers/Microsoft.Network/publicIPAddresses/terraformtestip",
                            "ip_configuration.1472925691.subnet_id": "/subscriptions/65344d01-3cb8-4a40-8c40-39b6b9276bb0/resourceGroups/terraformtest/providers/Microsoft.Network/virtualNetworks/acctvn/subnets/acctsub",
                            "location": "westus",
                            "name": "tfni",
                            "private_ip_address": "10.0.2.5",
                            "resource_group_name": "terraformtest",
                            "tags.%": "0"
                        },
                        "meta": {},
                        "tainted": false
                    },
                    "deposed": [],
                    "provider": ""
                },
                "azurerm_public_ip.helloterraformips": {
                    "type": "azurerm_public_ip",
                    "depends_on": [
                        "azurerm_resource_group.helloterraform"
                    ],
                    "primary": {
                        "id": "/subscriptions/65344d01-3cb8-4a40-8c40-39b6b9276bb0/resourceGroups/terraformtest/providers/Microsoft.Network/publicIPAddresses/terraformtestip",
                        "attributes": {
                            "id": "/subscriptions/65344d01-3cb8-4a40-8c40-39b6b9276bb0/resourceGroups/terraformtest/providers/Microsoft.Network/publicIPAddresses/terraformtestip",
                            "location": "westus",
                            "name": "terraformtestip",
                            "public_ip_address_allocation": "dynamic",
                            "resource_group_name": "terraformtest",
                            "tags.%": "1",
                            "tags.environment": "TerraformDemo"
                        },
                        "meta": {},
                        "tainted": false
                    },
                    "deposed": [],
                    "provider": ""
                },
                "azurerm_resource_group.helloterraform": {
                    "type": "azurerm_resource_group",
                    "depends_on": [],
                    "primary": {
                        "id": "/subscriptions/65344d01-3cb8-4a40-8c40-39b6b9276bb0/resourceGroups/terraformtest",
                        "attributes": {
                            "id": "/subscriptions/65344d01-3cb8-4a40-8c40-39b6b9276bb0/resourceGroups/terraformtest",
                            "location": "westus",
                            "name": "terraformtest",
                            "tags.%": "0"
                        },
                        "meta": {},
                        "tainted": false
                    },
                    "deposed": [],
                    "provider": ""
                },
                "azurerm_storage_account.pavelspikestorage2017": {
                    "type": "azurerm_storage_account",
                    "depends_on": [
                        "azurerm_resource_group.helloterraform"
                    ],
                    "primary": {
                        "id": "/subscriptions/65344d01-3cb8-4a40-8c40-39b6b9276bb0/resourceGroups/terraformtest/providers/Microsoft.Storage/storageAccounts/pavelspikestorage2017",
                        "attributes": {
                            "account_kind": "Storage",
                            "account_type": "Standard_LRS",
                            "id": "/subscriptions/65344d01-3cb8-4a40-8c40-39b6b9276bb0/resourceGroups/terraformtest/providers/Microsoft.Storage/storageAccounts/pavelspikestorage2017",
                            "location": "westus",
                            "name": "pavelspikestorage2017",
                            "primary_access_key": "x3cLrRb11/odcV/+McBHi/jKRqZDROHKnQwPloxkQ5McR4swInUN6lNntKLqfDhVeUBy+fy5Mtx6pCTqgh54ZQ==",
                            "primary_blob_endpoint": "https://pavelspikestorage2017.blob.core.windows.net/",
                            "primary_file_endpoint": "https://pavelspikestorage2017.file.core.windows.net/",
                            "primary_location": "westus",
                            "primary_queue_endpoint": "https://pavelspikestorage2017.queue.core.windows.net/",
                            "primary_table_endpoint": "https://pavelspikestorage2017.table.core.windows.net/",
                            "resource_group_name": "terraformtest",
                            "secondary_access_key": "yfuNi2Q/evJBnsoc4kFxHOmLOn70+pcaDrqt8F2as27sKHlBlQepJQFXMAJ7tQZ3vEIZGTDm/AW25ObcZ1MHUg==",
                            "secondary_location": "",
                            "tags.%": "1",
                            "tags.environment": "staging"
                        },
                        "meta": {},
                        "tainted": false
                    },
                    "deposed": [],
                    "provider": ""
                },
                "azurerm_storage_container.pavelspikestorage2017storagecontainer": {
                    "type": "azurerm_storage_container",
                    "depends_on": [
                        "azurerm_resource_group.helloterraform",
                        "azurerm_storage_account.pavelspikestorage2017",
                        "azurerm_storage_account.pavelspikestorage2017"
                    ],
                    "primary": {
                        "id": "vhd",
                        "attributes": {
                            "container_access_type": "private",
                            "id": "vhd",
                            "name": "vhd",
                            "properties.%": "4",
                            "properties.last_modified": "Mon, 20 Feb 2017 19:43:02 GMT",
                            "properties.lease_duration": "",
                            "properties.lease_state": "available",
                            "properties.lease_status": "unlocked",
                            "resource_group_name": "terraformtest",
                            "storage_account_name": "pavelspikestorage2017"
                        },
                        "meta": {},
                        "tainted": false
                    },
                    "deposed": [],
                    "provider": ""
                },
                "azurerm_subnet.helloterraformsubnet": {
                    "type": "azurerm_subnet",
                    "depends_on": [
                        "azurerm_resource_group.helloterraform",
                        "azurerm_virtual_network.helloterraformnetwork"
                    ],
                    "primary": {
                        "id": "/subscriptions/65344d01-3cb8-4a40-8c40-39b6b9276bb0/resourceGroups/terraformtest/providers/Microsoft.Network/virtualNetworks/acctvn/subnets/acctsub",
                        "attributes": {
                            "address_prefix": "10.0.2.0/24",
                            "id": "/subscriptions/65344d01-3cb8-4a40-8c40-39b6b9276bb0/resourceGroups/terraformtest/providers/Microsoft.Network/virtualNetworks/acctvn/subnets/acctsub",
                            "ip_configurations.#": "1",
                            "ip_configurations.1908015360": "/subscriptions/65344d01-3cb8-4a40-8c40-39b6b9276bb0/resourceGroups/terraformtest/providers/Microsoft.Network/networkInterfaces/tfni/ipConfigurations/testconfiguration1",
                            "name": "acctsub",
                            "resource_group_name": "terraformtest",
                            "virtual_network_name": "acctvn"
                        },
                        "meta": {},
                        "tainted": false
                    },
                    "deposed": [],
                    "provider": ""
                },
                "azurerm_virtual_machine.helloterraformvm": {
                    "type": "azurerm_virtual_machine",
                    "depends_on": [
                        "azurerm_network_interface.helloterraformnic",
                        "azurerm_resource_group.helloterraform",
                        "azurerm_storage_account.pavelspikestorage2017",
                        "azurerm_storage_container.pavelspikestorage2017storagecontainer"
                    ],
                    "primary": {
                        "id": "/subscriptions/65344d01-3cb8-4a40-8c40-39b6b9276bb0/resourceGroups/terraformtest/providers/Microsoft.Compute/virtualMachines/terraformvm",
                        "attributes": {
                            "delete_data_disks_on_termination": "false",
                            "delete_os_disk_on_termination": "false",
                            "id": "/subscriptions/65344d01-3cb8-4a40-8c40-39b6b9276bb0/resourceGroups/terraformtest/providers/Microsoft.Compute/virtualMachines/terraformvm",
                            "location": "westus",
                            "name": "terraformvm",
                            "network_interface_ids.#": "1",
                            "network_interface_ids.447272546": "/subscriptions/65344d01-3cb8-4a40-8c40-39b6b9276bb0/resourceGroups/terraformtest/providers/Microsoft.Network/networkInterfaces/tfni",
                            "os_profile.#": "1",
                            "os_profile.1173764063.admin_password": "",
                            "os_profile.1173764063.admin_username": "testadmin",
                            "os_profile.1173764063.computer_name": "hostname",
                            "os_profile.1173764063.custom_data": "",
                            "os_profile_linux_config.#": "1",
                            "os_profile_linux_config.2972667452.disable_password_authentication": "false",
                            "os_profile_linux_config.2972667452.ssh_keys.#": "0",
                            "os_profile_secrets.#": "0",
                            "resource_group_name": "terraformtest",
                            "storage_data_disk.#": "0",
                            "storage_image_reference.#": "1",
                            "storage_image_reference.3348296070.offer": "UbuntuServer",
                            "storage_image_reference.3348296070.publisher": "Canonical",
                            "storage_image_reference.3348296070.sku": "16.10",
                            "storage_image_reference.3348296070.version": "latest",
                            "storage_os_disk.#": "1",
                            "storage_os_disk.1476934776.caching": "ReadWrite",
                            "storage_os_disk.1476934776.create_option": "FromImage",
                            "storage_os_disk.1476934776.disk_size_gb": "0",
                            "storage_os_disk.1476934776.image_uri": "",
                            "storage_os_disk.1476934776.name": "myosdisk",
                            "storage_os_disk.1476934776.os_type": "",
                            "storage_os_disk.1476934776.vhd_uri": "https://pavelspikestorage2017.blob.core.windows.net/vhd/myosdisk.vhd",
                            "tags.%": "1",
                            "tags.environment": "staging",
                            "vm_size": "Standard_A0"
                        },
                        "meta": {},
                        "tainted": false
                    },
                    "deposed": [],
                    "provider": ""
                },
                "azurerm_virtual_network.helloterraformnetwork": {
                    "type": "azurerm_virtual_network",
                    "depends_on": [
                        "azurerm_resource_group.helloterraform"
                    ],
                    "primary": {
                        "id": "/subscriptions/65344d01-3cb8-4a40-8c40-39b6b9276bb0/resourceGroups/terraformtest/providers/Microsoft.Network/virtualNetworks/acctvn",
                        "attributes": {
                            "address_space.#": "1",
                            "address_space.0": "10.0.0.0/16",
                            "dns_servers.#": "0",
                            "id": "/subscriptions/65344d01-3cb8-4a40-8c40-39b6b9276bb0/resourceGroups/terraformtest/providers/Microsoft.Network/virtualNetworks/acctvn",
                            "location": "westus",
                            "name": "acctvn",
                            "resource_group_name": "terraformtest",
                            "subnet.#": "1",
                            "subnet.3476987968.address_prefix": "10.0.2.0/24",
                            "subnet.3476987968.name": "acctsub",
                            "subnet.3476987968.security_group": "",
                            "tags.%": "0"
                        },
                        "meta": {},
                        "tainted": false
                    },
                    "deposed": [],
                    "provider": ""
                }
            },
            "depends_on": []
        }
    ]
}
