{
    "version": 3,
    "terraform_version": "0.7.2",
    "serial": 3,
    "lineage": "a63eb20b-4d29-4d82-b5e1-c686fb5ad6dc",
    "modules": [
        {
            "path": [
                "root"
            ],
            "outputs": {},
            "resources": {},
            "depends_on": []
        },
        {
            "path": [
                "root",
                "target_amigos"
            ],
            "outputs": {},
            "resources": {
                "aws_instance.amigo_server_0": {
                    "type": "aws_instance",
                    "depends_on": [],
                    "primary": {
                        "id": "i-0c5ee114",
                        "attributes": {
                            "ami": "ami-300ed250",
                            "associate_public_ip_address": "false",
                            "availability_zone": "us-west-2a",
                            "disable_api_termination": "false",
                            "ebs_block_device.#": "0",
                            "ebs_optimized": "false",
                            "ephemeral_block_device.#": "0",
                            "iam_instance_profile": "",
                            "id": "i-0c5ee114",
                            "instance_state": "running",
                            "instance_type": "t2.medium",
                            "key_name": "tgt",
                            "monitoring": "false",
                            "network_interface_id": "eni-4e74c831",
                            "private_dns": "ip-10-0-1-18.us-west-2.compute.internal",
                            "private_ip": "10.0.1.18",
                            "public_dns": "",
                            "public_ip": "",
                            "root_block_device.#": "1",
                            "root_block_device.0.delete_on_termination": "true",
                            "root_block_device.0.iops": "0",
                            "root_block_device.0.volume_size": "30",
                            "root_block_device.0.volume_type": "standard",
                            "security_groups.#": "0",
                            "source_dest_check": "true",
                            "subnet_id": "subnet-9094cdf4",
                            "tags.%": "2",
                            "tags.Datacenter": "target",
                            "tags.Name": "target-amigo-server-0",
                            "tenancy": "default",
                            "vpc_security_group_ids.#": "2",
                            "vpc_security_group_ids.3186507019": "sg-e50cd29c",
                            "vpc_security_group_ids.3790524466": "sg-a021d3d9"
                        },
                        "meta": {
                            "schema_version": "1"
                        },
                        "tainted": false
                    },
                    "deposed": [],
                    "provider": ""
                },
                "aws_instance.amigo_server_1": {
                    "type": "aws_instance",
                    "depends_on": [
                        "aws_instance.amigo_server_0"
                    ],
                    "primary": {
                        "id": "i-ba5fe0a2",
                        "attributes": {
                            "ami": "ami-300ed250",
                            "associate_public_ip_address": "false",
                            "availability_zone": "us-west-2a",
                            "disable_api_termination": "false",
                            "ebs_block_device.#": "0",
                            "ebs_optimized": "false",
                            "ephemeral_block_device.#": "0",
                            "iam_instance_profile": "",
                            "id": "i-ba5fe0a2",
                            "instance_state": "running",
                            "instance_type": "t2.medium",
                            "key_name": "tgt",
                            "monitoring": "false",
                            "network_interface_id": "eni-f76dd188",
                            "private_dns": "ip-10-0-7-209.us-west-2.compute.internal",
                            "private_ip": "10.0.7.209",
                            "public_dns": "",
                            "public_ip": "",
                            "root_block_device.#": "1",
                            "root_block_device.0.delete_on_termination": "true",
                            "root_block_device.0.iops": "0",
                            "root_block_device.0.volume_size": "30",
                            "root_block_device.0.volume_type": "standard",
                            "security_groups.#": "0",
                            "source_dest_check": "true",
                            "subnet_id": "subnet-9094cdf4",
                            "tags.%": "2",
                            "tags.Datacenter": "target",
                            "tags.Name": "target-amigo-server-1",
                            "tenancy": "default",
                            "vpc_security_group_ids.#": "2",
                            "vpc_security_group_ids.3186507019": "sg-e50cd29c",
                            "vpc_security_group_ids.3790524466": "sg-a021d3d9"
                        },
                        "meta": {
                            "schema_version": "1"
                        },
                        "tainted": false
                    },
                    "deposed": [],
                    "provider": ""
                },
                "aws_instance.amigo_server_2": {
                    "type": "aws_instance",
                    "depends_on": [
                        "aws_instance.amigo_server_0"
                    ],
                    "primary": {
                        "id": "i-ca5fe0d2",
                        "attributes": {
                            "ami": "ami-300ed250",
                            "associate_public_ip_address": "false",
                            "availability_zone": "us-west-2a",
                            "disable_api_termination": "false",
                            "ebs_block_device.#": "0",
                            "ebs_optimized": "false",
                            "ephemeral_block_device.#": "0",
                            "iam_instance_profile": "",
                            "id": "i-ca5fe0d2",
                            "instance_state": "running",
                            "instance_type": "t2.medium",
                            "key_name": "tgt",
                            "monitoring": "false",
                            "network_interface_id": "eni-4373cf3c",
                            "private_dns": "ip-10-0-2-145.us-west-2.compute.internal",
                            "private_ip": "10.0.2.145",
                            "public_dns": "",
                            "public_ip": "",
                            "root_block_device.#": "1",
                            "root_block_device.0.delete_on_termination": "true",
                            "root_block_device.0.iops": "0",
                            "root_block_device.0.volume_size": "30",
                            "root_block_device.0.volume_type": "standard",
                            "security_groups.#": "0",
                            "source_dest_check": "true",
                            "subnet_id": "subnet-9094cdf4",
                            "tags.%": "2",
                            "tags.Datacenter": "target",
                            "tags.Name": "target-amigo-server-2",
                            "tenancy": "default",
                            "vpc_security_group_ids.#": "2",
                            "vpc_security_group_ids.3186507019": "sg-e50cd29c",
                            "vpc_security_group_ids.3790524466": "sg-a021d3d9"
                        },
                        "meta": {
                            "schema_version": "1"
                        },
                        "tainted": false
                    },
                    "deposed": [],
                    "provider": ""
                }
            },
            "depends_on": []
        }
    ]
}
