{
    "version": 3,
    "terraform_version": "0.7.4",
    "serial": 26,
    "lineage": "a63eb20b-4d29-4d82-b5e1-c686fb5ad6dc",
    "modules": [
        {
            "path": [
                "root"
            ],
            "outputs": {},
            "resources": {},
            "depends_on": []
        },
        {
            "path": [
                "root",
                "target_amigos"
            ],
            "outputs": {
                "leader": {
                    "sensitive": false,
                    "type": "string",
                    "value": "10.0.1.18"
                }
            },
            "resources": {
                "aws_instance.amigo_server_0": {
                    "type": "aws_instance",
                    "depends_on": [],
                    "primary": {
                        "id": "i-0c5ee114",
                        "attributes": {
                            "ami": "ami-300ed250",
                            "associate_public_ip_address": "false",
                            "availability_zone": "us-west-2a",
                            "disable_api_termination": "false",
                            "ebs_block_device.#": "0",
                            "ebs_optimized": "false",
                            "ephemeral_block_device.#": "0",
                            "iam_instance_profile": "",
                            "id": "i-0c5ee114",
                            "instance_state": "running",
                            "instance_type": "t2.medium",
                            "key_name": "tgt",
                            "monitoring": "false",
                            "network_interface_id": "eni-4e74c831",
                            "private_dns": "ip-10-0-1-18.us-west-2.compute.internal",
                            "private_ip": "10.0.1.18",
                            "public_dns": "",
                            "public_ip": "",
                            "root_block_device.#": "1",
                            "root_block_device.0.delete_on_termination": "true",
                            "root_block_device.0.iops": "0",
                            "root_block_device.0.volume_size": "30",
                            "root_block_device.0.volume_type": "standard",
                            "security_groups.#": "0",
                            "source_dest_check": "true",
                            "subnet_id": "subnet-9094cdf4",
                            "tags.%": "2",
                            "tags.Datacenter": "target",
                            "tags.Name": "target-amigo-server-0",
                            "tenancy": "default",
                            "vpc_security_group_ids.#": "2",
                            "vpc_security_group_ids.3186507019": "sg-e50cd29c",
                            "vpc_security_group_ids.3790524466": "sg-a021d3d9"
                        },
                        "meta": {
                            "schema_version": "1"
                        },
                        "tainted": false
                    },
                    "deposed": [],
                    "provider": ""
                },
                "aws_instance.amigo_server_1": {
                    "type": "aws_instance",
                    "depends_on": [
                        "aws_instance.amigo_server_0"
                    ],
                    "primary": {
                        "id": "i-ba5fe0a2",
                        "attributes": {
                            "ami": "ami-300ed250",
                            "associate_public_ip_address": "false",
                            "availability_zone": "us-west-2a",
                            "disable_api_termination": "false",
                            "ebs_block_device.#": "0",
                            "ebs_optimized": "false",
                            "ephemeral_block_device.#": "0",
                            "iam_instance_profile": "",
                            "id": "i-ba5fe0a2",
                            "instance_state": "running",
                            "instance_type": "t2.medium",
                            "key_name": "tgt",
                            "monitoring": "false",
                            "network_interface_id": "eni-f76dd188",
                            "private_dns": "ip-10-0-7-209.us-west-2.compute.internal",
                            "private_ip": "10.0.7.209",
                            "public_dns": "",
                            "public_ip": "",
                            "root_block_device.#": "1",
                            "root_block_device.0.delete_on_termination": "true",
                            "root_block_device.0.iops": "0",
                            "root_block_device.0.volume_size": "30",
                            "root_block_device.0.volume_type": "standard",
                            "security_groups.#": "0",
                            "source_dest_check": "true",
                            "subnet_id": "subnet-9094cdf4",
                            "tags.%": "2",
                            "tags.Datacenter": "target",
                            "tags.Name": "target-amigo-server-1",
                            "tenancy": "default",
                            "vpc_security_group_ids.#": "2",
                            "vpc_security_group_ids.3186507019": "sg-e50cd29c",
                            "vpc_security_group_ids.3790524466": "sg-a021d3d9"
                        },
                        "meta": {
                            "schema_version": "1"
                        },
                        "tainted": false
                    },
                    "deposed": [],
                    "provider": ""
                },
                "aws_instance.amigo_server_2": {
                    "type": "aws_instance",
                    "depends_on": [
                        "aws_instance.amigo_server_0"
                    ],
                    "primary": {
                        "id": "i-ca5fe0d2",
                        "attributes": {
                            "ami": "ami-300ed250",
                            "associate_public_ip_address": "false",
                            "availability_zone": "us-west-2a",
                            "disable_api_termination": "false",
                            "ebs_block_device.#": "0",
                            "ebs_optimized": "false",
                            "ephemeral_block_device.#": "0",
                            "iam_instance_profile": "",
                            "id": "i-ca5fe0d2",
                            "instance_state": "running",
                            "instance_type": "t2.medium",
                            "key_name": "tgt",
                            "monitoring": "false",
                            "network_interface_id": "eni-4373cf3c",
                            "private_dns": "ip-10-0-2-145.us-west-2.compute.internal",
                            "private_ip": "10.0.2.145",
                            "public_dns": "",
                            "public_ip": "",
                            "root_block_device.#": "1",
                            "root_block_device.0.delete_on_termination": "true",
                            "root_block_device.0.iops": "0",
                            "root_block_device.0.volume_size": "30",
                            "root_block_device.0.volume_type": "standard",
                            "security_groups.#": "0",
                            "source_dest_check": "true",
                            "subnet_id": "subnet-9094cdf4",
                            "tags.%": "2",
                            "tags.Datacenter": "target",
                            "tags.Name": "target-amigo-server-2",
                            "tenancy": "default",
                            "vpc_security_group_ids.#": "2",
                            "vpc_security_group_ids.3186507019": "sg-e50cd29c",
                            "vpc_security_group_ids.3790524466": "sg-a021d3d9"
                        },
                        "meta": {
                            "schema_version": "1"
                        },
                        "tainted": false
                    },
                    "deposed": [],
                    "provider": ""
                }
            },
            "depends_on": []
        },
        {
            "path": [
                "root",
                "target_staging"
            ],
            "outputs": {},
            "resources": {
                "aws_instance.stage_amigo": {
                    "type": "aws_instance",
                    "depends_on": [],
                    "primary": {
                        "id": "i-973c838f",
                        "attributes": {
                            "ami": "ami-740cd014",
                            "associate_public_ip_address": "false",
                            "availability_zone": "us-west-2a",
                            "disable_api_termination": "false",
                            "ebs_block_device.#": "0",
                            "ebs_optimized": "false",
                            "ephemeral_block_device.#": "0",
                            "iam_instance_profile": "",
                            "id": "i-973c838f",
                            "instance_state": "running",
                            "instance_type": "t2.medium",
                            "key_name": "tgt",
                            "monitoring": "false",
                            "network_interface_id": "eni-49e05f36",
                            "private_dns": "ip-10-0-2-215.us-west-2.compute.internal",
                            "private_ip": "10.0.2.215",
                            "public_dns": "",
                            "public_ip": "",
                            "root_block_device.#": "1",
                            "root_block_device.0.delete_on_termination": "true",
                            "root_block_device.0.iops": "0",
                            "root_block_device.0.volume_size": "20",
                            "root_block_device.0.volume_type": "standard",
                            "security_groups.#": "0",
                            "source_dest_check": "true",
                            "subnet_id": "subnet-9094cdf4",
                            "tags.%": "1",
                            "tags.Name": "stage-amigo-server",
                            "tenancy": "default",
                            "vpc_security_group_ids.#": "2",
                            "vpc_security_group_ids.3186507019": "sg-e50cd29c",
                            "vpc_security_group_ids.3790524466": "sg-a021d3d9"
                        },
                        "meta": {
                            "schema_version": "1"
                        },
                        "tainted": false
                    },
                    "deposed": [],
                    "provider": ""
                },
                "aws_instance.stage_backend": {
                    "type": "aws_instance",
                    "depends_on": [
                        "aws_instance.stage_amigo"
                    ],
                    "primary": {
                        "id": "i-d83d82c0",
                        "attributes": {
                            "ami": "ami-e508d485",
                            "associate_public_ip_address": "false",
                            "availability_zone": "us-west-2a",
                            "disable_api_termination": "false",
                            "ebs_block_device.#": "0",
                            "ebs_optimized": "false",
                            "ephemeral_block_device.#": "0",
                            "iam_instance_profile": "",
                            "id": "i-d83d82c0",
                            "instance_state": "running",
                            "instance_type": "r3.xlarge",
                            "key_name": "tgt",
                            "monitoring": "false",
                            "network_interface_id": "eni-32e35c4d",
                            "private_dns": "ip-10-0-3-193.us-west-2.compute.internal",
                            "private_ip": "10.0.3.193",
                            "public_dns": "",
                            "public_ip": "",
                            "root_block_device.#": "1",
                            "root_block_device.0.delete_on_termination": "true",
                            "root_block_device.0.iops": "0",
                            "root_block_device.0.volume_size": "100",
                            "root_block_device.0.volume_type": "standard",
                            "security_groups.#": "0",
                            "source_dest_check": "true",
                            "subnet_id": "subnet-9094cdf4",
                            "tags.%": "1",
                            "tags.Name": "stage-backend",
                            "tenancy": "default",
                            "vpc_security_group_ids.#": "2",
                            "vpc_security_group_ids.3186507019": "sg-e50cd29c",
                            "vpc_security_group_ids.3790524466": "sg-a021d3d9"
                        },
                        "meta": {
                            "schema_version": "1"
                        },
                        "tainted": false
                    },
                    "deposed": [],
                    "provider": ""
                },
                "aws_instance.stage_frontend": {
                    "type": "aws_instance",
                    "depends_on": [
                        "aws_instance.stage_amigo"
                    ],
                    "primary": {
                        "id": "i-963c838e",
                        "attributes": {
                            "ami": "ami-ef0ad68f",
                            "associate_public_ip_address": "false",
                            "availability_zone": "us-west-2a",
                            "disable_api_termination": "false",
                            "ebs_block_device.#": "0",
                            "ebs_optimized": "false",
                            "ephemeral_block_device.#": "0",
                            "iam_instance_profile": "",
                            "id": "i-963c838e",
                            "instance_state": "running",
                            "instance_type": "m4.xlarge",
                            "key_name": "tgt",
                            "monitoring": "false",
                            "network_interface_id": "eni-94e659eb",
                            "private_dns": "ip-10-0-5-183.us-west-2.compute.internal",
                            "private_ip": "10.0.5.183",
                            "public_dns": "",
                            "public_ip": "",
                            "root_block_device.#": "1",
                            "root_block_device.0.delete_on_termination": "true",
                            "root_block_device.0.iops": "0",
                            "root_block_device.0.volume_size": "30",
                            "root_block_device.0.volume_type": "standard",
                            "security_groups.#": "0",
                            "source_dest_check": "true",
                            "subnet_id": "subnet-9094cdf4",
                            "tags.%": "1",
                            "tags.Name": "stage-frontend",
                            "tenancy": "default",
                            "vpc_security_group_ids.#": "3",
                            "vpc_security_group_ids.3186507019": "sg-e50cd29c",
                            "vpc_security_group_ids.3790524466": "sg-a021d3d9",
                            "vpc_security_group_ids.3932969677": "sg-449b8922"
                        },
                        "meta": {
                            "schema_version": "1"
                        },
                        "tainted": false
                    },
                    "deposed": [],
                    "provider": ""
                },
                "aws_s3_bucket.s3_docker_stage": {
                    "type": "aws_s3_bucket",
                    "depends_on": [],
                    "primary": {
                        "id": "s3-docker-stage",
                        "attributes": {
                            "acceleration_status": "",
                            "acl": "private",
                            "arn": "arn:aws:s3:::s3-docker-stage",
                            "bucket": "s3-docker-stage",
                            "force_destroy": "false",
                            "hosted_zone_id": "Z3BJ6K6RIION7M",
                            "id": "s3-docker-stage",
                            "policy": "{\"Statement\":[{\"Action\":[\"s3:ListBucket\",\"s3:GetBucketLocation\",\"s3:ListBucketMultipartUploads\"],\"Effect\":\"Allow\",\"Principal\":{\"AWS\":\"arn:aws:iam::631158685056:user/pavel\"},\"Resource\":\"arn:aws:s3:::s3-docker-stage\"},{\"Action\":[\"s3:PutObject\",\"s3:GetObject\",\"s3:DeleteObject\",\"s3:ListMultipartUploadParts\",\"s3:AbortMultipartUpload\"],\"Effect\":\"Allow\",\"Principal\":{\"AWS\":\"arn:aws:iam::631158685056:user/pavel\"},\"Resource\":\"arn:aws:s3:::s3-docker-stage/*\"}],\"Version\":\"2012-10-17\"}",
                            "region": "us-west-2",
                            "request_payer": "BucketOwner",
                            "tags.%": "2",
                            "tags.Environment": "stage",
                            "tags.Name": "Stage Docker Registry",
                            "website.#": "0"
                        },
                        "meta": {},
                        "tainted": false
                    },
                    "deposed": [],
                    "provider": ""
                }
            },
            "depends_on": []
        },
        {
            "path": [
                "root",
                "target_vanilla"
            ],
            "outputs": {},
            "resources": {
                "aws_instance.db": {
                    "type": "aws_instance",
                    "depends_on": [],
                    "primary": {
                        "id": "i-57803e4f",
                        "attributes": {
                            "ami": "ami-380ad658",
                            "associate_public_ip_address": "false",
                            "availability_zone": "us-west-2a",
                            "disable_api_termination": "false",
                            "ebs_block_device.#": "0",
                            "ebs_optimized": "false",
                            "ephemeral_block_device.#": "0",
                            "iam_instance_profile": "",
                            "id": "i-57803e4f",
                            "instance_state": "running",
                            "instance_type": "r3.xlarge",
                            "key_name": "tgt",
                            "monitoring": "false",
                            "network_interface_id": "eni-8b1aa3f4",
                            "private_dns": "ip-10-0-1-102.us-west-2.compute.internal",
                            "private_ip": "10.0.1.102",
                            "public_dns": "",
                            "public_ip": "",
                            "root_block_device.#": "1",
                            "root_block_device.0.delete_on_termination": "true",
                            "root_block_device.0.iops": "0",
                            "root_block_device.0.volume_size": "100",
                            "root_block_device.0.volume_type": "standard",
                            "security_groups.#": "0",
                            "source_dest_check": "true",
                            "subnet_id": "subnet-9094cdf4",
                            "tags.%": "2",
                            "tags.Datacenter": "target",
                            "tags.Name": "target-db",
                            "tenancy": "default",
                            "vpc_security_group_ids.#": "2",
                            "vpc_security_group_ids.3186507019": "sg-e50cd29c",
                            "vpc_security_group_ids.3790524466": "sg-a021d3d9"
                        },
                        "meta": {
                            "schema_version": "1"
                        },
                        "tainted": false
                    },
                    "deposed": [],
                    "provider": ""
                },
                "aws_instance.es": {
                    "type": "aws_instance",
                    "depends_on": [],
                    "primary": {
                        "id": "i-3d823c25",
                        "attributes": {
                            "ami": "ami-5d08d43d",
                            "associate_public_ip_address": "false",
                            "availability_zone": "us-west-2a",
                            "disable_api_termination": "false",
                            "ebs_block_device.#": "0",
                            "ebs_optimized": "false",
                            "ephemeral_block_device.#": "0",
                            "iam_instance_profile": "",
                            "id": "i-3d823c25",
                            "instance_state": "running",
                            "instance_type": "r3.large",
                            "key_name": "tgt",
                            "monitoring": "false",
                            "network_interface_id": "eni-641ca51b",
                            "private_dns": "ip-10-0-3-81.us-west-2.compute.internal",
                            "private_ip": "10.0.3.81",
                            "public_dns": "",
                            "public_ip": "",
                            "root_block_device.#": "1",
                            "root_block_device.0.delete_on_termination": "true",
                            "root_block_device.0.iops": "0",
                            "root_block_device.0.volume_size": "100",
                            "root_block_device.0.volume_type": "standard",
                            "security_groups.#": "0",
                            "source_dest_check": "true",
                            "subnet_id": "subnet-9094cdf4",
                            "tags.%": "2",
                            "tags.Datacenter": "target",
                            "tags.Name": "target-es",
                            "tenancy": "default",
                            "vpc_security_group_ids.#": "2",
                            "vpc_security_group_ids.3186507019": "sg-e50cd29c",
                            "vpc_security_group_ids.3790524466": "sg-a021d3d9"
                        },
                        "meta": {
                            "schema_version": "1"
                        },
                        "tainted": false
                    },
                    "deposed": [],
                    "provider": ""
                },
                "aws_instance.es-log": {
                    "type": "aws_instance",
                    "depends_on": [],
                    "primary": {
                        "id": "i-f47cc2ec",
                        "attributes": {
                            "ami": "ami-d40ed2b4",
                            "associate_public_ip_address": "false",
                            "availability_zone": "us-west-2a",
                            "disable_api_termination": "false",
                            "ebs_block_device.#": "0",
                            "ebs_optimized": "false",
                            "ephemeral_block_device.#": "0",
                            "iam_instance_profile": "",
                            "id": "i-f47cc2ec",
                            "instance_state": "running",
                            "instance_type": "r3.large",
                            "key_name": "tgt",
                            "monitoring": "false",
                            "network_interface_id": "eni-aa0cb5d5",
                            "private_dns": "ip-10-0-7-18.us-west-2.compute.internal",
                            "private_ip": "10.0.7.18",
                            "public_dns": "",
                            "public_ip": "",
                            "root_block_device.#": "1",
                            "root_block_device.0.delete_on_termination": "true",
                            "root_block_device.0.iops": "0",
                            "root_block_device.0.volume_size": "100",
                            "root_block_device.0.volume_type": "standard",
                            "security_groups.#": "0",
                            "source_dest_check": "true",
                            "subnet_id": "subnet-9094cdf4",
                            "tags.%": "2",
                            "tags.Datacenter": "target",
                            "tags.Name": "target-es-log",
                            "tenancy": "default",
                            "vpc_security_group_ids.#": "2",
                            "vpc_security_group_ids.3186507019": "sg-e50cd29c",
                            "vpc_security_group_ids.3790524466": "sg-a021d3d9"
                        },
                        "meta": {
                            "schema_version": "1"
                        },
                        "tainted": false
                    },
                    "deposed": [],
                    "provider": ""
                },
                "aws_instance.front-worker-0": {
                    "type": "aws_instance",
                    "depends_on": [],
                    "primary": {
                        "id": "i-79ae3b61",
                        "attributes": {
                            "ami": "ami-f508d495",
                            "associate_public_ip_address": "false",
                            "availability_zone": "us-west-2a",
                            "disable_api_termination": "false",
                            "ebs_block_device.#": "0",
                            "ebs_optimized": "false",
                            "ephemeral_block_device.#": "0",
                            "iam_instance_profile": "",
                            "id": "i-79ae3b61",
                            "instance_state": "running",
                            "instance_type": "m4.large",
                            "key_name": "tgt",
                            "monitoring": "false",
                            "network_interface_id": "eni-16367d69",
                            "private_dns": "ip-10-0-3-69.us-west-2.compute.internal",
                            "private_ip": "10.0.3.69",
                            "public_dns": "",
                            "public_ip": "",
                            "root_block_device.#": "1",
                            "root_block_device.0.delete_on_termination": "true",
                            "root_block_device.0.iops": "0",
                            "root_block_device.0.volume_size": "20",
                            "root_block_device.0.volume_type": "standard",
                            "security_groups.#": "0",
                            "source_dest_check": "true",
                            "subnet_id": "subnet-9094cdf4",
                            "tags.%": "2",
                            "tags.Datacenter": "target",
                            "tags.Name": "target-front-worker-0",
                            "tenancy": "default",
                            "vpc_security_group_ids.#": "3",
                            "vpc_security_group_ids.3186507019": "sg-e50cd29c",
                            "vpc_security_group_ids.3790524466": "sg-a021d3d9",
                            "vpc_security_group_ids.3932969677": "sg-449b8922"
                        },
                        "meta": {
                            "schema_version": "1"
                        },
                        "tainted": false
                    },
                    "deposed": [],
                    "provider": ""
                },
                "aws_instance.greenriver": {
                    "type": "aws_instance",
                    "depends_on": [],
                    "primary": {
                        "id": "i-a9823cb1",
                        "attributes": {
                            "ami": "ami-e005d980",
                            "associate_public_ip_address": "false",
                            "availability_zone": "us-west-2a",
                            "disable_api_termination": "false",
                            "ebs_block_device.#": "0",
                            "ebs_optimized": "false",
                            "ephemeral_block_device.#": "0",
                            "iam_instance_profile": "",
                            "id": "i-a9823cb1",
                            "instance_state": "running",
                            "instance_type": "m4.large",
                            "key_name": "tgt",
                            "monitoring": "false",
                            "network_interface_id": "eni-e518a19a",
                            "private_dns": "ip-10-0-0-70.us-west-2.compute.internal",
                            "private_ip": "10.0.0.70",
                            "public_dns": "",
                            "public_ip": "",
                            "root_block_device.#": "1",
                            "root_block_device.0.delete_on_termination": "true",
                            "root_block_device.0.iops": "0",
                            "root_block_device.0.volume_size": "10",
                            "root_block_device.0.volume_type": "standard",
                            "security_groups.#": "0",
                            "source_dest_check": "true",
                            "subnet_id": "subnet-9094cdf4",
                            "tags.%": "2",
                            "tags.Datacenter": "target",
                            "tags.Name": "target-greenriver",
                            "tenancy": "default",
                            "vpc_security_group_ids.#": "2",
                            "vpc_security_group_ids.3186507019": "sg-e50cd29c",
                            "vpc_security_group_ids.3790524466": "sg-a021d3d9"
                        },
                        "meta": {
                            "schema_version": "1"
                        },
                        "tainted": false
                    },
                    "deposed": [],
                    "provider": ""
                },
                "aws_instance.kafka": {
                    "type": "aws_instance",
                    "depends_on": [],
                    "primary": {
                        "id": "i-7e833d66",
                        "attributes": {
                            "ami": "ami-330ed253",
                            "associate_public_ip_address": "false",
                            "availability_zone": "us-west-2a",
                            "disable_api_termination": "false",
                            "ebs_block_device.#": "0",
                            "ebs_optimized": "false",
                            "ephemeral_block_device.#": "0",
                            "iam_instance_profile": "",
                            "id": "i-7e833d66",
                            "instance_state": "running",
                            "instance_type": "m4.large",
                            "key_name": "tgt",
                            "monitoring": "false",
                            "network_interface_id": "eni-7f19a000",
                            "private_dns": "ip-10-0-0-86.us-west-2.compute.internal",
                            "private_ip": "10.0.0.86",
                            "public_dns": "",
                            "public_ip": "",
                            "root_block_device.#": "1",
                            "root_block_device.0.delete_on_termination": "true",
                            "root_block_device.0.iops": "0",
                            "root_block_device.0.volume_size": "100",
                            "root_block_device.0.volume_type": "standard",
                            "security_groups.#": "0",
                            "source_dest_check": "true",
                            "subnet_id": "subnet-9094cdf4",
                            "tags.%": "2",
                            "tags.Datacenter": "target",
                            "tags.Name": "target-kafka",
                            "tenancy": "default",
                            "vpc_security_group_ids.#": "2",
                            "vpc_security_group_ids.3186507019": "sg-e50cd29c",
                            "vpc_security_group_ids.3790524466": "sg-a021d3d9"
                        },
                        "meta": {
                            "schema_version": "1"
                        },
                        "tainted": false
                    },
                    "deposed": [],
                    "provider": ""
                },
                "aws_instance.phoenix": {
                    "type": "aws_instance",
                    "depends_on": [],
                    "primary": {
                        "id": "i-91823c89",
                        "attributes": {
                            "ami": "ami-9808d4f8",
                            "associate_public_ip_address": "false",
                            "availability_zone": "us-west-2a",
                            "disable_api_termination": "false",
                            "ebs_block_device.#": "0",
                            "ebs_optimized": "false",
                            "ephemeral_block_device.#": "0",
                            "iam_instance_profile": "",
                            "id": "i-91823c89",
                            "instance_state": "running",
                            "instance_type": "m4.xlarge",
                            "key_name": "tgt",
                            "monitoring": "false",
                            "network_interface_id": "eni-f2279e8d",
                            "private_dns": "ip-10-0-1-232.us-west-2.compute.internal",
                            "private_ip": "10.0.1.232",
                            "public_dns": "",
                            "public_ip": "",
                            "root_block_device.#": "1",
                            "root_block_device.0.delete_on_termination": "true",
                            "root_block_device.0.iops": "0",
                            "root_block_device.0.volume_size": "10",
                            "root_block_device.0.volume_type": "standard",
                            "security_groups.#": "0",
                            "source_dest_check": "true",
                            "subnet_id": "subnet-9094cdf4",
                            "tags.%": "2",
                            "tags.Datacenter": "target",
                            "tags.Name": "target-phoenix",
                            "tenancy": "default",
                            "vpc_security_group_ids.#": "2",
                            "vpc_security_group_ids.3186507019": "sg-e50cd29c",
                            "vpc_security_group_ids.3790524466": "sg-a021d3d9"
                        },
                        "meta": {
                            "schema_version": "1"
                        },
                        "tainted": false
                    },
                    "deposed": [],
                    "provider": ""
                },
                "aws_instance.service-worker-0": {
                    "type": "aws_instance",
                    "depends_on": [],
                    "primary": {
                        "id": "i-7d833d65",
                        "attributes": {
                            "ami": "ami-3b0ad65b",
                            "associate_public_ip_address": "false",
                            "availability_zone": "us-west-2a",
                            "disable_api_termination": "false",
                            "ebs_block_device.#": "0",
                            "ebs_optimized": "false",
                            "ephemeral_block_device.#": "0",
                            "iam_instance_profile": "",
                            "id": "i-7d833d65",
                            "instance_state": "running",
                            "instance_type": "m4.xlarge",
                            "key_name": "tgt",
                            "monitoring": "false",
                            "network_interface_id": "eni-58239a27",
                            "private_dns": "ip-10-0-6-155.us-west-2.compute.internal",
                            "private_ip": "10.0.6.155",
                            "public_dns": "",
                            "public_ip": "",
                            "root_block_device.#": "1",
                            "root_block_device.0.delete_on_termination": "true",
                            "root_block_device.0.iops": "0",
                            "root_block_device.0.volume_size": "20",
                            "root_block_device.0.volume_type": "standard",
                            "security_groups.#": "0",
                            "source_dest_check": "true",
                            "subnet_id": "subnet-9094cdf4",
                            "tags.%": "2",
                            "tags.Datacenter": "target",
                            "tags.Name": "target-service-worker-0",
                            "tenancy": "default",
                            "vpc_security_group_ids.#": "2",
                            "vpc_security_group_ids.3186507019": "sg-e50cd29c",
                            "vpc_security_group_ids.3790524466": "sg-a021d3d9"
                        },
                        "meta": {
                            "schema_version": "1"
                        },
                        "tainted": false
                    },
                    "deposed": [],
                    "provider": ""
                },
                "aws_s3_bucket.s3_docker_vanilla": {
                    "type": "aws_s3_bucket",
                    "depends_on": [],
                    "primary": {
                        "id": "s3-docker-vanilla",
                        "attributes": {
                            "acceleration_status": "",
                            "acl": "private",
                            "arn": "arn:aws:s3:::s3-docker-vanilla",
                            "bucket": "s3-docker-vanilla",
                            "force_destroy": "false",
                            "hosted_zone_id": "Z3BJ6K6RIION7M",
                            "id": "s3-docker-vanilla",
                            "policy": "{\"Statement\":[{\"Action\":[\"s3:ListBucket\",\"s3:GetBucketLocation\",\"s3:ListBucketMultipartUploads\"],\"Effect\":\"Allow\",\"Principal\":{\"AWS\":\"arn:aws:iam::631158685056:user/pavel\"},\"Resource\":\"arn:aws:s3:::s3-docker-vanilla\"},{\"Action\":[\"s3:PutObject\",\"s3:GetObject\",\"s3:DeleteObject\",\"s3:ListMultipartUploadParts\",\"s3:AbortMultipartUpload\"],\"Effect\":\"Allow\",\"Principal\":{\"AWS\":\"arn:aws:iam::631158685056:user/pavel\"},\"Resource\":\"arn:aws:s3:::s3-docker-vanilla/*\"}],\"Version\":\"2012-10-17\"}",
                            "region": "us-west-2",
                            "request_payer": "BucketOwner",
                            "tags.%": "2",
                            "tags.Environment": "vanilla",
                            "tags.Name": "Vanilla Docker Registry",
                            "website.#": "0"
                        },
                        "meta": {},
                        "tainted": false
                    },
                    "deposed": [],
                    "provider": ""
                }
            },
            "depends_on": []
        }
    ]
}
