{
    "version": 3,
    "terraform_version": "0.7.13",
    "serial": 10,
    "lineage": "e5174cc9-ad12-4597-9f20-7e9e8e691182",
    "modules": [
        {
            "path": [
                "root"
            ],
            "outputs": {},
            "resources": {
                "dnsimple_record.frontend-dns-record": {
                    "type": "dnsimple_record",
                    "depends_on": [
                        "module.top-drawer-test"
                    ],
                    "primary": {
                        "id": "8204842",
                        "attributes": {
                            "domain": "foxcommerce.com",
                            "domain_id": "123968",
                            "hostname": "test-topdrawer.foxcommerce.com",
                            "id": "8204842",
                            "name": "test-topdrawer",
                            "priority": "0",
                            "ttl": "3600",
                            "type": "A",
                            "value": "10.240.0.34"
                        },
                        "meta": {},
                        "tainted": false
                    },
                    "deposed": [],
                    "provider": ""
                }
            },
            "depends_on": []
        },
        {
            "path": [
                "root",
                "foxcomm-staging"
            ],
            "outputs": {},
            "resources": {},
            "depends_on": []
        },
        {
            "path": [
                "root",
                "top-drawer-test"
            ],
            "outputs": {
                "consul_address": {
                    "sensitive": false,
                    "type": "string",
                    "value": "10.240.0.25"
                },
                "frontend_address": {
                    "sensitive": false,
                    "type": "string",
                    "value": "10.240.0.34"
                }
            },
            "resources": {
                "google_compute_instance.tiny-backend": {
                    "type": "google_compute_instance",
                    "depends_on": [
                        "google_compute_instance.tiny-consul"
                    ],
                    "primary": {
                        "id": "top-drawer-test-backend",
                        "attributes": {
                            "can_ip_forward": "false",
                            "disk.#": "1",
                            "disk.0.auto_delete": "true",
                            "disk.0.device_name": "",
                            "disk.0.disk": "",
                            "disk.0.image": "base-backend-161111-203334",
                            "disk.0.scratch": "false",
                            "disk.0.size": "100",
                            "disk.0.type": "pd-ssd",
                            "id": "top-drawer-test-backend",
                            "machine_type": "n1-highmem-4",
                            "metadata.%": "0",
                            "metadata_fingerprint": "1-7KLxnxNkU=",
                            "name": "top-drawer-test-backend",
                            "network.#": "0",
                            "network_interface.#": "1",
                            "network_interface.0.access_config.#": "0",
                            "network_interface.0.address": "10.240.0.35",
                            "network_interface.0.name": "nic0",
                            "network_interface.0.network": "default",
                            "network_interface.0.subnetwork": "",
                            "self_link": "https://www.googleapis.com/compute/v1/projects/foxcomm-staging/zones/us-central1-a/instances/top-drawer-test-backend",
                            "service_account.#": "0",
                            "tags.#": "2",
                            "tags.1472900357": "no-ip",
                            "tags.3202401808": "top-drawer-test-backend",
                            "tags_fingerprint": "USLOKKVgJW0=",
                            "zone": "us-central1-a"
                        },
                        "meta": {
                            "schema_version": "2"
                        },
                        "tainted": false
                    },
                    "deposed": [],
                    "provider": ""
                },
                "google_compute_instance.tiny-consul": {
                    "type": "google_compute_instance",
                    "depends_on": [],
                    "primary": {
                        "id": "top-drawer-test-consul-server",
                        "attributes": {
                            "can_ip_forward": "false",
                            "disk.#": "1",
                            "disk.0.auto_delete": "true",
                            "disk.0.device_name": "",
                            "disk.0.disk": "",
                            "disk.0.image": "base-amigo-161111-195542",
                            "disk.0.scratch": "false",
                            "disk.0.size": "20",
                            "disk.0.type": "pd-ssd",
                            "id": "top-drawer-test-consul-server",
                            "machine_type": "n1-standard-1",
                            "metadata.%": "0",
                            "metadata_fingerprint": "1-7KLxnxNkU=",
                            "name": "top-drawer-test-consul-server",
                            "network.#": "0",
                            "network_interface.#": "1",
                            "network_interface.0.access_config.#": "0",
                            "network_interface.0.address": "10.240.0.25",
                            "network_interface.0.name": "nic0",
                            "network_interface.0.network": "default",
                            "network_interface.0.subnetwork": "",
                            "self_link": "https://www.googleapis.com/compute/v1/projects/foxcomm-staging/zones/us-central1-a/instances/top-drawer-test-consul-server",
                            "service_account.#": "1",
                            "service_account.0.email": "953682058057-compute@developer.gserviceaccount.com",
                            "service_account.0.scopes.#": "1",
                            "service_account.0.scopes.1328717722": "https://www.googleapis.com/auth/devstorage.read_write",
                            "tags.#": "3",
                            "tags.1472900357": "no-ip",
                            "tags.3530402578": "top-drawer-test-consul-server",
                            "tags.501356857": "top-drawer-test",
                            "tags_fingerprint": "LL6cejBcZpY=",
                            "zone": "us-central1-a"
                        },
                        "meta": {
                            "schema_version": "2"
                        },
                        "tainted": false
                    },
                    "deposed": [],
                    "provider": ""
                },
                "google_compute_instance.tiny-frontend": {
                    "type": "google_compute_instance",
                    "depends_on": [
                        "google_compute_instance.tiny-consul"
                    ],
                    "primary": {
                        "id": "top-drawer-test-frontend",
                        "attributes": {
                            "can_ip_forward": "false",
                            "disk.#": "1",
                            "disk.0.auto_delete": "true",
                            "disk.0.device_name": "",
                            "disk.0.disk": "",
                            "disk.0.image": "base-frontend-161111-200508",
                            "disk.0.scratch": "false",
                            "disk.0.size": "30",
                            "disk.0.type": "pd-ssd",
                            "id": "top-drawer-test-frontend",
                            "machine_type": "n1-highmem-8",
                            "metadata.%": "0",
                            "metadata_fingerprint": "1-7KLxnxNkU=",
                            "name": "top-drawer-test-frontend",
                            "network.#": "0",
                            "network_interface.#": "1",
                            "network_interface.0.access_config.#": "0",
                            "network_interface.0.address": "10.240.0.34",
                            "network_interface.0.name": "nic0",
                            "network_interface.0.network": "default",
                            "network_interface.0.subnetwork": "",
                            "self_link": "https://www.googleapis.com/compute/v1/projects/foxcomm-staging/zones/us-central1-a/instances/top-drawer-test-frontend",
                            "service_account.#": "0",
                            "tags.#": "4",
                            "tags.1472900357": "no-ip",
                            "tags.1936433573": "https-server",
                            "tags.4136979037": "top-drawer-test-frontend",
                            "tags.988335155": "http-server",
                            "tags_fingerprint": "gUEtO_UfEV8=",
                            "zone": "us-central1-a"
                        },
                        "meta": {
                            "schema_version": "2"
                        },
                        "tainted": false
                    },
                    "deposed": [],
                    "provider": ""
                }
            },
            "depends_on": []
        }
    ]
}
