hash: 3fae8a417529827e392f05e5fa6098d186ed92a4ee5623bf256a7da248a31bd7
updated: 2016-12-18T23:16:23.026650795+03:00
imports:
- name: github.com/cihub/seelog
  version: d2c6e5aa9fbfdd1c624e140287063c7730654115
- name: github.com/davecgh/go-spew
  version: 5215b55f46b2b919f50a1df0eaa5886afe4e3b3d
  subpackages:
  - spew
- name: github.com/eapache/go-resiliency
  version: b86b1ec0dd4209a588dc1285cdd471e73525c0b3
  subpackages:
  - breaker
- name: github.com/eapache/queue
  version: ded5959c0d4e360646dc9e9908cff48666781367
- name: github.com/elodina/go-avro
  version: 0c8185d9a3ba82aeac98db3313a268a5b6df99b5
- name: github.com/elodina/go-kafka-avro
  version: 0c29ad915b6b7dc6cf416005fdae3d1c6b5d9672
  repo: git@github.com:FoxComm/go-kafka-avro.git
  vcs: git
- name: github.com/elodina/go_kafka_client
  version: 95d107b0c102fa81b8c1e5e556adc23352fad065
  subpackages:
  - avro
- name: github.com/elodina/siesta
  version: fea3d8822e875ffef3895e68f5c2f172e0dd4300
- name: github.com/elodina/siesta-producer
  version: a374fc36c515243efb438aed41c536af55d8b19b
- name: github.com/FoxComm/metamorphosis
  version: f357818171523aa95aafb58ca8cf419cb4f0e291
  repo: git@github.com:FoxComm/metamorphosis.git
  vcs: git
- name: github.com/gin-gonic/gin
  version: f931d1ea80ae95a6fc739213cdd9399bd2967fb6
  subpackages:
  - binding
  - render
- name: github.com/golang/protobuf
  version: 2402d76f3d41f928c7902a765dfc872356dd3aad
  subpackages:
  - proto
- name: github.com/golang/snappy
  version: 723cc1e459b8eea2dea4583200fd60757d40097a
- name: github.com/icrowley/fake
  version: 84bff6d01560fb0b5a396ba29534e93fd00d09c6
- name: github.com/jinzhu/gorm
  version: caa792644ce60fd7b429e0616afbdbccdf011be2
- name: github.com/jinzhu/inflection
  version: 74387dc39a75e970e7a3ae6a3386b5bd2e5c5cff
- name: github.com/jpfuentes2/go-env
  version: 8e0a68de05f21bcefcd581c6b934a1d1e4390fa1
  subpackages:
  - autoload
- name: github.com/lib/pq
  version: 55196ec83d60d789e27b2627549bf00974a70084
  subpackages:
  - oid
- name: github.com/manucorporat/sse
  version: ee05b128a739a0fb76c7ebd3ae4810c1de808d6d
- name: github.com/pmezard/go-difflib
  version: 792786c7400a136282c1664665ae0a8db921c6c2
  subpackages:
  - difflib
- name: github.com/rcrowley/go-metrics
  version: 51425a2415d21afadfd55cd93432c0bc69e9598d
- name: github.com/samuel/go-zookeeper
  version: 218e9c81c0dd8b3b18172b2bbfad92cc7d6db55f
  subpackages:
  - zk
- name: github.com/SermoDigital/jose
  version: b10f12c5188d355a3eacc61aba9abd3eb6b3b787
  subpackages:
  - crypto
  - jws
  - jwt
- name: github.com/Shopify/sarama
  version: 094e483251042a52ce92f76dbcf140ad2bd7cffb
- name: github.com/Sirupsen/logrus
  version: 3ec0642a7fb6488f65b06f9040adc67e3990296a
- name: github.com/stretchr/objx
  version: cbeaeb16a013161a98496fad62933b1d21786672
- name: github.com/stretchr/testify
  version: f390dcf405f7b83c997eac1b06768bb9f44dec18
  subpackages:
  - assert
  - mock
  - require
  - suite
- name: github.com/yanzay/cfg
  version: 3b647091f880406fdb14edcb309ce750a38d3e85
- name: golang.org/x/net
  version: f315505cf3349909cdf013ea56690da34e96a451
  subpackages:
  - context
- name: golang.org/x/sys
  version: a646d33e2ee3172a661fc09bca23bb4889a41bc8
  subpackages:
  - unix
- name: gopkg.in/cihub/seelog.v2
  version: d2c6e5aa9fbfdd1c624e140287063c7730654115
- name: gopkg.in/go-playground/validator.v8
  version: c193cecd124b5cc722d7ee5538e945bdb3348435
- name: gopkg.in/yaml.v2
  version: e4d366fc3c7938e2958e662b4258c7a89e1f0e3e
testImports: []
