{
    "version": 3,
    "terraform_version": "0.7.5",
    "serial": 6,
    "lineage": "61482a45-9f2f-4466-89ae-1f808def84d4",
    "modules": [
        {
            "path": [
                "root"
            ],
            "outputs": {},
            "resources": {},
            "depends_on": []
        },
        {
            "path": [
                "root",
                "new-foxcomm-staging"
            ],
            "outputs": {
                "consul_address": {
                    "sensitive": false,
                    "type": "string",
                    "value": "10.240.0.52"
                }
            },
            "resources": {
                "google_compute_instance.tiny-backend": {
                    "type": "google_compute_instance",
                    "depends_on": [
                        "google_compute_instance.tiny-consul"
                    ],
                    "primary": {
                        "id": "new-foxcomm-stage-backend",
                        "attributes": {
                            "can_ip_forward": "false",
                            "disk.#": "1",
                            "disk.0.auto_delete": "true",
                            "disk.0.device_name": "",
                            "disk.0.disk": "",
                            "disk.0.image": "tinystack-backend-1477553953",
                            "disk.0.scratch": "false",
                            "disk.0.size": "100",
                            "disk.0.type": "pd-ssd",
                            "id": "new-foxcomm-stage-backend",
                            "machine_type": "n1-highmem-4",
                            "metadata.%": "0",
                            "metadata_fingerprint": "1-7KLxnxNkU=",
                            "name": "new-foxcomm-stage-backend",
                            "network.#": "0",
                            "network_interface.#": "1",
                            "network_interface.0.access_config.#": "0",
                            "network_interface.0.address": "10.240.0.60",
                            "network_interface.0.name": "nic0",
                            "network_interface.0.network": "default",
                            "network_interface.0.subnetwork": "",
                            "self_link": "https://www.googleapis.com/compute/v1/projects/foxcomm-staging/zones/us-central1-a/instances/new-foxcomm-stage-backend",
                            "service_account.#": "0",
                            "tags.#": "2",
                            "tags.1472900357": "no-ip",
                            "tags.2163612205": "new-foxcomm-stage-backend",
                            "tags_fingerprint": "l8zjg1ZKlyU=",
                            "zone": "us-central1-a"
                        },
                        "meta": {
                            "schema_version": "2"
                        },
                        "tainted": false
                    },
                    "deposed": [],
                    "provider": ""
                },
                "google_compute_instance.tiny-consul": {
                    "type": "google_compute_instance",
                    "depends_on": [],
                    "primary": {
                        "id": "new-foxcomm-stage-consul-server",
                        "attributes": {
                            "can_ip_forward": "false",
                            "disk.#": "1",
                            "disk.0.auto_delete": "true",
                            "disk.0.device_name": "",
                            "disk.0.disk": "",
                            "disk.0.image": "tinystack-amigo-1476574475",
                            "disk.0.scratch": "false",
                            "disk.0.size": "10",
                            "disk.0.type": "pd-ssd",
                            "id": "new-foxcomm-stage-consul-server",
                            "machine_type": "n1-standard-1",
                            "metadata.%": "1",
                            "metadata.consul_dc": "new-foxcomm-stage",
                            "metadata_fingerprint": "zqJqH9FvNdc=",
                            "name": "new-foxcomm-stage-consul-server",
                            "network.#": "0",
                            "network_interface.#": "1",
                            "network_interface.0.access_config.#": "0",
                            "network_interface.0.address": "10.240.0.52",
                            "network_interface.0.name": "nic0",
                            "network_interface.0.network": "default",
                            "network_interface.0.subnetwork": "",
                            "self_link": "https://www.googleapis.com/compute/v1/projects/foxcomm-staging/zones/us-central1-a/instances/new-foxcomm-stage-consul-server",
                            "service_account.#": "0",
                            "tags.#": "3",
                            "tags.1210944792": "new-foxcomm-stage",
                            "tags.1472900357": "no-ip",
                            "tags.2097933792": "new-foxcomm-stage-consul-server",
                            "tags_fingerprint": "0rSYpO1U01M=",
                            "zone": "us-central1-a"
                        },
                        "meta": {
                            "schema_version": "2"
                        },
                        "tainted": false
                    },
                    "deposed": [],
                    "provider": ""
                },
                "google_compute_instance.tiny-frontend": {
                    "type": "google_compute_instance",
                    "depends_on": [
                        "google_compute_instance.tiny-consul"
                    ],
                    "primary": {
                        "id": "new-foxcomm-stage-frontend",
                        "attributes": {
                            "can_ip_forward": "false",
                            "disk.#": "1",
                            "disk.0.auto_delete": "true",
                            "disk.0.device_name": "",
                            "disk.0.disk": "",
                            "disk.0.image": "tinystack-frontend-1477026455",
                            "disk.0.scratch": "false",
                            "disk.0.size": "30",
                            "disk.0.type": "pd-ssd",
                            "id": "new-foxcomm-stage-frontend",
                            "machine_type": "n1-highmem-8",
                            "metadata.%": "0",
                            "metadata_fingerprint": "1-7KLxnxNkU=",
                            "name": "new-foxcomm-stage-frontend",
                            "network.#": "0",
                            "network_interface.#": "1",
                            "network_interface.0.access_config.#": "0",
                            "network_interface.0.address": "10.240.0.56",
                            "network_interface.0.name": "nic0",
                            "network_interface.0.network": "default",
                            "network_interface.0.subnetwork": "",
                            "self_link": "https://www.googleapis.com/compute/v1/projects/foxcomm-staging/zones/us-central1-a/instances/new-foxcomm-stage-frontend",
                            "service_account.#": "0",
                            "tags.#": "4",
                            "tags.1472900357": "no-ip",
                            "tags.1936433573": "https-server",
                            "tags.2932019344": "new-foxcomm-stage-frontend",
                            "tags.988335155": "http-server",
                            "tags_fingerprint": "qTvctU6x9Fc=",
                            "zone": "us-central1-a"
                        },
                        "meta": {
                            "schema_version": "2"
                        },
                        "tainted": false
                    },
                    "deposed": [],
                    "provider": ""
                }
            },
            "depends_on": []
        },
        {
            "path": [
                "root",
                "new-perfect-gourmet-staging"
            ],
            "outputs": {
                "consul_address": {
                    "sensitive": false,
                    "type": "string",
                    "value": "10.240.0.54"
                }
            },
            "resources": {
                "google_compute_instance.tiny-backend": {
                    "type": "google_compute_instance",
                    "depends_on": [
                        "google_compute_instance.tiny-consul"
                    ],
                    "primary": {
                        "id": "new-perfect-gourmet-stage-backend",
                        "attributes": {
                            "can_ip_forward": "false",
                            "disk.#": "1",
                            "disk.0.auto_delete": "true",
                            "disk.0.device_name": "",
                            "disk.0.disk": "",
                            "disk.0.image": "tinystack-backend-1477553953",
                            "disk.0.scratch": "false",
                            "disk.0.size": "100",
                            "disk.0.type": "pd-ssd",
                            "id": "new-perfect-gourmet-stage-backend",
                            "machine_type": "n1-highmem-4",
                            "metadata.%": "0",
                            "metadata_fingerprint": "1-7KLxnxNkU=",
                            "name": "new-perfect-gourmet-stage-backend",
                            "network.#": "0",
                            "network_interface.#": "1",
                            "network_interface.0.access_config.#": "0",
                            "network_interface.0.address": "10.240.0.55",
                            "network_interface.0.name": "nic0",
                            "network_interface.0.network": "default",
                            "network_interface.0.subnetwork": "",
                            "self_link": "https://www.googleapis.com/compute/v1/projects/foxcomm-staging/zones/us-central1-a/instances/new-perfect-gourmet-stage-backend",
                            "service_account.#": "0",
                            "tags.#": "2",
                            "tags.1472900357": "no-ip",
                            "tags.3590100430": "new-perfect-gourmet-stage-backend",
                            "tags_fingerprint": "gu-zSoi4_kM=",
                            "zone": "us-central1-a"
                        },
                        "meta": {
                            "schema_version": "2"
                        },
                        "tainted": false
                    },
                    "deposed": [],
                    "provider": ""
                },
                "google_compute_instance.tiny-consul": {
                    "type": "google_compute_instance",
                    "depends_on": [],
                    "primary": {
                        "id": "new-perfect-gourmet-stage-consul-server",
                        "attributes": {
                            "can_ip_forward": "false",
                            "disk.#": "1",
                            "disk.0.auto_delete": "true",
                            "disk.0.device_name": "",
                            "disk.0.disk": "",
                            "disk.0.image": "tinystack-amigo-1476574475",
                            "disk.0.scratch": "false",
                            "disk.0.size": "10",
                            "disk.0.type": "pd-ssd",
                            "id": "new-perfect-gourmet-stage-consul-server",
                            "machine_type": "n1-standard-1",
                            "metadata.%": "1",
                            "metadata.consul_dc": "new-perfect-gourmet-stage",
                            "metadata_fingerprint": "UXpoA8LvlCI=",
                            "name": "new-perfect-gourmet-stage-consul-server",
                            "network.#": "0",
                            "network_interface.#": "1",
                            "network_interface.0.access_config.#": "0",
                            "network_interface.0.address": "10.240.0.54",
                            "network_interface.0.name": "nic0",
                            "network_interface.0.network": "default",
                            "network_interface.0.subnetwork": "",
                            "self_link": "https://www.googleapis.com/compute/v1/projects/foxcomm-staging/zones/us-central1-a/instances/new-perfect-gourmet-stage-consul-server",
                            "service_account.#": "0",
                            "tags.#": "3",
                            "tags.1472900357": "no-ip",
                            "tags.3685199792": "new-perfect-gourmet-stage-consul-server",
                            "tags.4053132744": "new-perfect-gourmet-stage",
                            "tags_fingerprint": "Cy157QvN-Xg=",
                            "zone": "us-central1-a"
                        },
                        "meta": {
                            "schema_version": "2"
                        },
                        "tainted": false
                    },
                    "deposed": [],
                    "provider": ""
                },
                "google_compute_instance.tiny-frontend": {
                    "type": "google_compute_instance",
                    "depends_on": [
                        "google_compute_instance.tiny-consul"
                    ],
                    "primary": {
                        "id": "new-perfect-gourmet-stage-frontend",
                        "attributes": {
                            "can_ip_forward": "false",
                            "disk.#": "1",
                            "disk.0.auto_delete": "true",
                            "disk.0.device_name": "",
                            "disk.0.disk": "",
                            "disk.0.image": "tinystack-frontend-1477026455",
                            "disk.0.scratch": "false",
                            "disk.0.size": "30",
                            "disk.0.type": "pd-ssd",
                            "id": "new-perfect-gourmet-stage-frontend",
                            "machine_type": "n1-highcpu-8",
                            "metadata.%": "0",
                            "metadata_fingerprint": "1-7KLxnxNkU=",
                            "name": "new-perfect-gourmet-stage-frontend",
                            "network.#": "0",
                            "network_interface.#": "1",
                            "network_interface.0.access_config.#": "0",
                            "network_interface.0.address": "10.240.0.62",
                            "network_interface.0.name": "nic0",
                            "network_interface.0.network": "default",
                            "network_interface.0.subnetwork": "",
                            "self_link": "https://www.googleapis.com/compute/v1/projects/foxcomm-staging/zones/us-central1-a/instances/new-perfect-gourmet-stage-frontend",
                            "service_account.#": "0",
                            "tags.#": "4",
                            "tags.1472900357": "no-ip",
                            "tags.1936433573": "https-server",
                            "tags.2543167965": "new-perfect-gourmet-stage-frontend",
                            "tags.988335155": "http-server",
                            "tags_fingerprint": "MLgQaDjRlsk=",
                            "zone": "us-central1-a"
                        },
                        "meta": {
                            "schema_version": "2"
                        },
                        "tainted": false
                    },
                    "deposed": [],
                    "provider": ""
                }
            },
            "depends_on": []
        },
        {
            "path": [
                "root",
                "new-target-staging"
            ],
            "outputs": {
                "consul_address": {
                    "sensitive": false,
                    "type": "string",
                    "value": "10.240.0.26"
                }
            },
            "resources": {
                "google_compute_instance.tiny-backend": {
                    "type": "google_compute_instance",
                    "depends_on": [
                        "google_compute_instance.tiny-consul"
                    ],
                    "primary": {
                        "id": "new-target-stage-backend",
                        "attributes": {
                            "can_ip_forward": "false",
                            "disk.#": "1",
                            "disk.0.auto_delete": "true",
                            "disk.0.device_name": "",
                            "disk.0.disk": "",
                            "disk.0.image": "tinystack-backend-1477553953",
                            "disk.0.scratch": "false",
                            "disk.0.size": "100",
                            "disk.0.type": "pd-ssd",
                            "id": "new-target-stage-backend",
                            "machine_type": "n1-highmem-4",
                            "metadata.%": "0",
                            "metadata_fingerprint": "1-7KLxnxNkU=",
                            "name": "new-target-stage-backend",
                            "network.#": "0",
                            "network_interface.#": "1",
                            "network_interface.0.access_config.#": "0",
                            "network_interface.0.address": "10.240.0.35",
                            "network_interface.0.name": "nic0",
                            "network_interface.0.network": "default",
                            "network_interface.0.subnetwork": "",
                            "self_link": "https://www.googleapis.com/compute/v1/projects/foxcomm-staging/zones/us-central1-a/instances/new-target-stage-backend",
                            "service_account.#": "0",
                            "tags.#": "2",
                            "tags.1472900357": "no-ip",
                            "tags.3341570149": "new-target-stage-backend",
                            "tags_fingerprint": "-_4Vj3xKRh4=",
                            "zone": "us-central1-a"
                        },
                        "meta": {
                            "schema_version": "2"
                        },
                        "tainted": false
                    },
                    "deposed": [],
                    "provider": ""
                },
                "google_compute_instance.tiny-consul": {
                    "type": "google_compute_instance",
                    "depends_on": [],
                    "primary": {
                        "id": "new-target-stage-consul-server",
                        "attributes": {
                            "can_ip_forward": "false",
                            "disk.#": "1",
                            "disk.0.auto_delete": "true",
                            "disk.0.device_name": "",
                            "disk.0.disk": "",
                            "disk.0.image": "tinystack-amigo-1476574475",
                            "disk.0.scratch": "false",
                            "disk.0.size": "10",
                            "disk.0.type": "pd-ssd",
                            "id": "new-target-stage-consul-server",
                            "machine_type": "n1-standard-1",
                            "metadata.%": "1",
                            "metadata.consul_dc": "new-target-stage",
                            "metadata_fingerprint": "jbtqRjM-akQ=",
                            "name": "new-target-stage-consul-server",
                            "network.#": "0",
                            "network_interface.#": "1",
                            "network_interface.0.access_config.#": "0",
                            "network_interface.0.address": "10.240.0.26",
                            "network_interface.0.name": "nic0",
                            "network_interface.0.network": "default",
                            "network_interface.0.subnetwork": "",
                            "self_link": "https://www.googleapis.com/compute/v1/projects/foxcomm-staging/zones/us-central1-a/instances/new-target-stage-consul-server",
                            "service_account.#": "0",
                            "tags.#": "3",
                            "tags.1472900357": "no-ip",
                            "tags.2961172401": "new-target-stage-consul-server",
                            "tags.3168377823": "new-target-stage",
                            "tags_fingerprint": "ll05HQ5LwdU=",
                            "zone": "us-central1-a"
                        },
                        "meta": {
                            "schema_version": "2"
                        },
                        "tainted": false
                    },
                    "deposed": [],
                    "provider": ""
                },
                "google_compute_instance.tiny-frontend": {
                    "type": "google_compute_instance",
                    "depends_on": [
                        "google_compute_instance.tiny-consul"
                    ],
                    "primary": {
                        "id": "new-target-stage-frontend",
                        "attributes": {
                            "can_ip_forward": "false",
                            "disk.#": "1",
                            "disk.0.auto_delete": "true",
                            "disk.0.device_name": "",
                            "disk.0.disk": "",
                            "disk.0.image": "tinystack-frontend-1477026455",
                            "disk.0.scratch": "false",
                            "disk.0.size": "30",
                            "disk.0.type": "pd-ssd",
                            "id": "new-target-stage-frontend",
                            "machine_type": "n1-highcpu-8",
                            "metadata.%": "0",
                            "metadata_fingerprint": "1-7KLxnxNkU=",
                            "name": "new-target-stage-frontend",
                            "network.#": "0",
                            "network_interface.#": "1",
                            "network_interface.0.access_config.#": "0",
                            "network_interface.0.address": "10.240.0.58",
                            "network_interface.0.name": "nic0",
                            "network_interface.0.network": "default",
                            "network_interface.0.subnetwork": "",
                            "self_link": "https://www.googleapis.com/compute/v1/projects/foxcomm-staging/zones/us-central1-a/instances/new-target-stage-frontend",
                            "service_account.#": "0",
                            "tags.#": "4",
                            "tags.1472900357": "no-ip",
                            "tags.1936433573": "https-server",
                            "tags.3598910328": "new-target-stage-frontend",
                            "tags.988335155": "http-server",
                            "tags_fingerprint": "wsKe5-zNyvA=",
                            "zone": "us-central1-a"
                        },
                        "meta": {
                            "schema_version": "2"
                        },
                        "tainted": false
                    },
                    "deposed": [],
                    "provider": ""
                }
            },
            "depends_on": []
        },
        {
            "path": [
                "root",
                "new-top-drawer-staging"
            ],
            "outputs": {
                "consul_address": {
                    "sensitive": false,
                    "type": "string",
                    "value": "10.240.0.53"
                }
            },
            "resources": {
                "google_compute_instance.tiny-backend": {
                    "type": "google_compute_instance",
                    "depends_on": [
                        "google_compute_instance.tiny-consul"
                    ],
                    "primary": {
                        "id": "new-top-drawer-stage-backend",
                        "attributes": {
                            "can_ip_forward": "false",
                            "disk.#": "1",
                            "disk.0.auto_delete": "true",
                            "disk.0.device_name": "",
                            "disk.0.disk": "",
                            "disk.0.image": "tinystack-backend-1477553953",
                            "disk.0.scratch": "false",
                            "disk.0.size": "100",
                            "disk.0.type": "pd-ssd",
                            "id": "new-top-drawer-stage-backend",
                            "machine_type": "n1-highmem-4",
                            "metadata.%": "0",
                            "metadata_fingerprint": "1-7KLxnxNkU=",
                            "name": "new-top-drawer-stage-backend",
                            "network.#": "0",
                            "network_interface.#": "1",
                            "network_interface.0.access_config.#": "0",
                            "network_interface.0.address": "10.240.0.57",
                            "network_interface.0.name": "nic0",
                            "network_interface.0.network": "default",
                            "network_interface.0.subnetwork": "",
                            "self_link": "https://www.googleapis.com/compute/v1/projects/foxcomm-staging/zones/us-central1-a/instances/new-top-drawer-stage-backend",
                            "service_account.#": "0",
                            "tags.#": "2",
                            "tags.11757939": "new-top-drawer-stage-backend",
                            "tags.1472900357": "no-ip",
                            "tags_fingerprint": "mheO9R4CpPE=",
                            "zone": "us-central1-a"
                        },
                        "meta": {
                            "schema_version": "2"
                        },
                        "tainted": false
                    },
                    "deposed": [],
                    "provider": ""
                },
                "google_compute_instance.tiny-consul": {
                    "type": "google_compute_instance",
                    "depends_on": [],
                    "primary": {
                        "id": "new-top-drawer-stage-consul-server",
                        "attributes": {
                            "can_ip_forward": "false",
                            "disk.#": "1",
                            "disk.0.auto_delete": "true",
                            "disk.0.device_name": "",
                            "disk.0.disk": "",
                            "disk.0.image": "tinystack-amigo-1476574475",
                            "disk.0.scratch": "false",
                            "disk.0.size": "10",
                            "disk.0.type": "pd-ssd",
                            "id": "new-top-drawer-stage-consul-server",
                            "machine_type": "n1-standard-1",
                            "metadata.%": "1",
                            "metadata.consul_dc": "new-top-drawer-stage",
                            "metadata_fingerprint": "phnEqb2DRfs=",
                            "name": "new-top-drawer-stage-consul-server",
                            "network.#": "0",
                            "network_interface.#": "1",
                            "network_interface.0.access_config.#": "0",
                            "network_interface.0.address": "10.240.0.53",
                            "network_interface.0.name": "nic0",
                            "network_interface.0.network": "default",
                            "network_interface.0.subnetwork": "",
                            "self_link": "https://www.googleapis.com/compute/v1/projects/foxcomm-staging/zones/us-central1-a/instances/new-top-drawer-stage-consul-server",
                            "service_account.#": "0",
                            "tags.#": "3",
                            "tags.12958157": "new-top-drawer-stage",
                            "tags.1472900357": "no-ip",
                            "tags.3087183351": "new-top-drawer-stage-consul-server",
                            "tags_fingerprint": "kaEJlRAvJx8=",
                            "zone": "us-central1-a"
                        },
                        "meta": {
                            "schema_version": "2"
                        },
                        "tainted": false
                    },
                    "deposed": [],
                    "provider": ""
                },
                "google_compute_instance.tiny-frontend": {
                    "type": "google_compute_instance",
                    "depends_on": [
                        "google_compute_instance.tiny-consul"
                    ],
                    "primary": {
                        "id": "new-top-drawer-stage-frontend",
                        "attributes": {
                            "can_ip_forward": "false",
                            "disk.#": "1",
                            "disk.0.auto_delete": "true",
                            "disk.0.device_name": "",
                            "disk.0.disk": "",
                            "disk.0.image": "tinystack-frontend-1477026455",
                            "disk.0.scratch": "false",
                            "disk.0.size": "30",
                            "disk.0.type": "pd-ssd",
                            "id": "new-top-drawer-stage-frontend",
                            "machine_type": "n1-highcpu-8",
                            "metadata.%": "0",
                            "metadata_fingerprint": "1-7KLxnxNkU=",
                            "name": "new-top-drawer-stage-frontend",
                            "network.#": "0",
                            "network_interface.#": "1",
                            "network_interface.0.access_config.#": "0",
                            "network_interface.0.address": "10.240.0.59",
                            "network_interface.0.name": "nic0",
                            "network_interface.0.network": "default",
                            "network_interface.0.subnetwork": "",
                            "self_link": "https://www.googleapis.com/compute/v1/projects/foxcomm-staging/zones/us-central1-a/instances/new-top-drawer-stage-frontend",
                            "service_account.#": "0",
                            "tags.#": "4",
                            "tags.1472900357": "no-ip",
                            "tags.1936433573": "https-server",
                            "tags.579873040": "new-top-drawer-stage-frontend",
                            "tags.988335155": "http-server",
                            "tags_fingerprint": "KSpPBUX5txE=",
                            "zone": "us-central1-a"
                        },
                        "meta": {
                            "schema_version": "2"
                        },
                        "tainted": false
                    },
                    "deposed": [],
                    "provider": ""
                }
            },
            "depends_on": []
        }
    ]
}
