{
    "version": 3,
    "terraform_version": "0.7.4",
    "serial": 63,
    "lineage": "93e86224-aa0b-4af1-98dc-65177da9649b",
    "modules": [
        {
            "path": [
                "root"
            ],
            "outputs": {},
            "resources": {
                "google_storage_bucket.docker-registry": {
                    "type": "google_storage_bucket",
                    "depends_on": [],
                    "primary": {
                        "id": "swarm-production-docker",
                        "attributes": {
                            "force_destroy": "false",
                            "id": "swarm-production-docker",
                            "location": "us",
                            "name": "swarm-production-docker",
                            "self_link": "https://www.googleapis.com/storage/v1/b/swarm-production-docker"
                        },
                        "meta": {},
                        "tainted": false
                    },
                    "deposed": [],
                    "provider": ""
                }
            },
            "depends_on": []
        },
        {
            "path": [
                "root",
                "master_cluster"
            ],
            "outputs": {
                "ips": {
                    "sensitive": false,
                    "type": "list",
                    "value": [
                        "10.240.0.56",
                        "10.240.0.58",
                        "10.240.0.60"
                    ]
                },
                "leader": {
                    "sensitive": false,
                    "type": "string",
                    "value": "10.240.0.56"
                }
            },
            "resources": {
                "google_compute_instance.swarm_server.0": {
                    "type": "google_compute_instance",
                    "depends_on": [],
                    "primary": {
                        "id": "swarm-production-master-server-0",
                        "attributes": {
                            "can_ip_forward": "false",
                            "disk.#": "1",
                            "disk.0.auto_delete": "true",
                            "disk.0.device_name": "",
                            "disk.0.disk": "",
                            "disk.0.image": "swarm-master-161103-143828",
                            "disk.0.scratch": "false",
                            "disk.0.size": "30",
                            "disk.0.type": "pd-ssd",
                            "id": "swarm-production-master-server-0",
                            "machine_type": "n1-standard-2",
                            "metadata.%": "0",
                            "metadata_fingerprint": "1-7KLxnxNkU=",
                            "name": "swarm-production-master-server-0",
                            "network.#": "0",
                            "network_interface.#": "1",
                            "network_interface.0.access_config.#": "0",
                            "network_interface.0.address": "10.240.0.56",
                            "network_interface.0.name": "nic0",
                            "network_interface.0.network": "default",
                            "network_interface.0.subnetwork": "",
                            "self_link": "https://www.googleapis.com/compute/v1/projects/foxcomm-staging/zones/us-central1-a/instances/swarm-production-master-server-0",
                            "service_account.#": "1",
                            "service_account.0.email": "953682058057-compute@developer.gserviceaccount.com",
                            "service_account.0.scopes.#": "1",
                            "service_account.0.scopes.1328717722": "https://www.googleapis.com/auth/devstorage.read_write",
                            "tags.#": "5",
                            "tags.1472900357": "no-ip",
                            "tags.1610600400": "swarm-production-master-server-0",
                            "tags.2275428408": "swarm-production",
                            "tags.4002270276": "ssh",
                            "tags.755370076": "swarm-production-master-server",
                            "tags_fingerprint": "o3NOR9yThLE=",
                            "zone": "us-central1-a"
                        },
                        "meta": {
                            "schema_version": "2"
                        },
                        "tainted": false
                    },
                    "deposed": [],
                    "provider": ""
                },
                "google_compute_instance.swarm_server.1": {
                    "type": "google_compute_instance",
                    "depends_on": [],
                    "primary": {
                        "id": "swarm-production-master-server-1",
                        "attributes": {
                            "can_ip_forward": "false",
                            "disk.#": "1",
                            "disk.0.auto_delete": "true",
                            "disk.0.device_name": "",
                            "disk.0.disk": "",
                            "disk.0.image": "swarm-master-161103-143828",
                            "disk.0.scratch": "false",
                            "disk.0.size": "30",
                            "disk.0.type": "pd-ssd",
                            "id": "swarm-production-master-server-1",
                            "machine_type": "n1-standard-2",
                            "metadata.%": "0",
                            "metadata_fingerprint": "1-7KLxnxNkU=",
                            "name": "swarm-production-master-server-1",
                            "network.#": "0",
                            "network_interface.#": "1",
                            "network_interface.0.access_config.#": "0",
                            "network_interface.0.address": "10.240.0.58",
                            "network_interface.0.name": "nic0",
                            "network_interface.0.network": "default",
                            "network_interface.0.subnetwork": "",
                            "self_link": "https://www.googleapis.com/compute/v1/projects/foxcomm-staging/zones/us-central1-a/instances/swarm-production-master-server-1",
                            "service_account.#": "1",
                            "service_account.0.email": "953682058057-compute@developer.gserviceaccount.com",
                            "service_account.0.scopes.#": "1",
                            "service_account.0.scopes.1328717722": "https://www.googleapis.com/auth/devstorage.read_write",
                            "tags.#": "5",
                            "tags.1472900357": "no-ip",
                            "tags.2275428408": "swarm-production",
                            "tags.4002270276": "ssh",
                            "tags.687406918": "swarm-production-master-server-1",
                            "tags.755370076": "swarm-production-master-server",
                            "tags_fingerprint": "HmEFyQyXKzw=",
                            "zone": "us-central1-a"
                        },
                        "meta": {
                            "schema_version": "2"
                        },
                        "tainted": false
                    },
                    "deposed": [],
                    "provider": ""
                },
                "google_compute_instance.swarm_server.2": {
                    "type": "google_compute_instance",
                    "depends_on": [],
                    "primary": {
                        "id": "swarm-production-master-server-2",
                        "attributes": {
                            "can_ip_forward": "false",
                            "disk.#": "1",
                            "disk.0.auto_delete": "true",
                            "disk.0.device_name": "",
                            "disk.0.disk": "",
                            "disk.0.image": "swarm-master-161103-143828",
                            "disk.0.scratch": "false",
                            "disk.0.size": "30",
                            "disk.0.type": "pd-ssd",
                            "id": "swarm-production-master-server-2",
                            "machine_type": "n1-standard-2",
                            "metadata.%": "0",
                            "metadata_fingerprint": "1-7KLxnxNkU=",
                            "name": "swarm-production-master-server-2",
                            "network.#": "0",
                            "network_interface.#": "1",
                            "network_interface.0.access_config.#": "0",
                            "network_interface.0.address": "10.240.0.60",
                            "network_interface.0.name": "nic0",
                            "network_interface.0.network": "default",
                            "network_interface.0.subnetwork": "",
                            "self_link": "https://www.googleapis.com/compute/v1/projects/foxcomm-staging/zones/us-central1-a/instances/swarm-production-master-server-2",
                            "service_account.#": "1",
                            "service_account.0.email": "953682058057-compute@developer.gserviceaccount.com",
                            "service_account.0.scopes.#": "1",
                            "service_account.0.scopes.1328717722": "https://www.googleapis.com/auth/devstorage.read_write",
                            "tags.#": "5",
                            "tags.1472900357": "no-ip",
                            "tags.2275428408": "swarm-production",
                            "tags.2985406204": "swarm-production-master-server-2",
                            "tags.4002270276": "ssh",
                            "tags.755370076": "swarm-production-master-server",
                            "tags_fingerprint": "rhYMQBwNDZE=",
                            "zone": "us-central1-a"
                        },
                        "meta": {
                            "schema_version": "2"
                        },
                        "tainted": false
                    },
                    "deposed": [],
                    "provider": ""
                }
            },
            "depends_on": []
        },
        {
            "path": [
                "root",
                "master_cluster_provision"
            ],
            "outputs": {},
            "resources": {
                "null_resource.swarm_master_server_provision.0": {
                    "type": "null_resource",
                    "depends_on": [],
                    "primary": {
                        "id": "8182298660946187531",
                        "attributes": {
                            "id": "8182298660946187531"
                        },
                        "meta": {},
                        "tainted": false
                    },
                    "deposed": [],
                    "provider": ""
                },
                "null_resource.swarm_master_server_provision.1": {
                    "type": "null_resource",
                    "depends_on": [],
                    "primary": {
                        "id": "3915259185017741059",
                        "attributes": {
                            "id": "3915259185017741059"
                        },
                        "meta": {},
                        "tainted": false
                    },
                    "deposed": [],
                    "provider": ""
                },
                "null_resource.swarm_master_server_provision.2": {
                    "type": "null_resource",
                    "depends_on": [],
                    "primary": {
                        "id": "4251116821432271199",
                        "attributes": {
                            "id": "4251116821432271199"
                        },
                        "meta": {},
                        "tainted": false
                    },
                    "deposed": [],
                    "provider": ""
                }
            },
            "depends_on": []
        },
        {
            "path": [
                "root",
                "worker_cluster"
            ],
            "outputs": {
                "ips": {
                    "sensitive": false,
                    "type": "list",
                    "value": [
                        "10.240.0.59",
                        "10.240.0.57"
                    ]
                },
                "leader": {
                    "sensitive": false,
                    "type": "string",
                    "value": "10.240.0.59"
                }
            },
            "resources": {
                "google_compute_instance.swarm_server.0": {
                    "type": "google_compute_instance",
                    "depends_on": [],
                    "primary": {
                        "id": "swarm-production-worker-server-0",
                        "attributes": {
                            "can_ip_forward": "false",
                            "disk.#": "1",
                            "disk.0.auto_delete": "true",
                            "disk.0.device_name": "",
                            "disk.0.disk": "",
                            "disk.0.image": "swarm-worker-161103-143835",
                            "disk.0.scratch": "false",
                            "disk.0.size": "30",
                            "disk.0.type": "pd-ssd",
                            "id": "swarm-production-worker-server-0",
                            "machine_type": "n1-standard-2",
                            "metadata.%": "0",
                            "metadata_fingerprint": "1-7KLxnxNkU=",
                            "name": "swarm-production-worker-server-0",
                            "network.#": "0",
                            "network_interface.#": "1",
                            "network_interface.0.access_config.#": "0",
                            "network_interface.0.address": "10.240.0.59",
                            "network_interface.0.name": "nic0",
                            "network_interface.0.network": "default",
                            "network_interface.0.subnetwork": "",
                            "self_link": "https://www.googleapis.com/compute/v1/projects/foxcomm-staging/zones/us-central1-a/instances/swarm-production-worker-server-0",
                            "service_account.#": "1",
                            "service_account.0.email": "953682058057-compute@developer.gserviceaccount.com",
                            "service_account.0.scopes.#": "1",
                            "service_account.0.scopes.1328717722": "https://www.googleapis.com/auth/devstorage.read_write",
                            "tags.#": "5",
                            "tags.1472900357": "no-ip",
                            "tags.1564745243": "swarm-production-worker-server",
                            "tags.2275428408": "swarm-production",
                            "tags.336843521": "swarm-production-worker-server-0",
                            "tags.4002270276": "ssh",
                            "tags_fingerprint": "Z88KdGUbaJs=",
                            "zone": "us-central1-a"
                        },
                        "meta": {
                            "schema_version": "2"
                        },
                        "tainted": false
                    },
                    "deposed": [],
                    "provider": ""
                },
                "google_compute_instance.swarm_server.1": {
                    "type": "google_compute_instance",
                    "depends_on": [],
                    "primary": {
                        "id": "swarm-production-worker-server-1",
                        "attributes": {
                            "can_ip_forward": "false",
                            "disk.#": "1",
                            "disk.0.auto_delete": "true",
                            "disk.0.device_name": "",
                            "disk.0.disk": "",
                            "disk.0.image": "swarm-worker-161103-143835",
                            "disk.0.scratch": "false",
                            "disk.0.size": "30",
                            "disk.0.type": "pd-ssd",
                            "id": "swarm-production-worker-server-1",
                            "machine_type": "n1-standard-2",
                            "metadata.%": "0",
                            "metadata_fingerprint": "1-7KLxnxNkU=",
                            "name": "swarm-production-worker-server-1",
                            "network.#": "0",
                            "network_interface.#": "1",
                            "network_interface.0.access_config.#": "0",
                            "network_interface.0.address": "10.240.0.57",
                            "network_interface.0.name": "nic0",
                            "network_interface.0.network": "default",
                            "network_interface.0.subnetwork": "",
                            "self_link": "https://www.googleapis.com/compute/v1/projects/foxcomm-staging/zones/us-central1-a/instances/swarm-production-worker-server-1",
                            "service_account.#": "1",
                            "service_account.0.email": "953682058057-compute@developer.gserviceaccount.com",
                            "service_account.0.scopes.#": "1",
                            "service_account.0.scopes.1328717722": "https://www.googleapis.com/auth/devstorage.read_write",
                            "tags.#": "5",
                            "tags.1472900357": "no-ip",
                            "tags.1564745243": "swarm-production-worker-server",
                            "tags.1662313367": "swarm-production-worker-server-1",
                            "tags.2275428408": "swarm-production",
                            "tags.4002270276": "ssh",
                            "tags_fingerprint": "4_dfEbmScWM=",
                            "zone": "us-central1-a"
                        },
                        "meta": {
                            "schema_version": "2"
                        },
                        "tainted": false
                    },
                    "deposed": [],
                    "provider": ""
                }
            },
            "depends_on": []
        },
        {
            "path": [
                "root",
                "worker_cluster_provision"
            ],
            "outputs": {},
            "resources": {
                "null_resource.swarm_worker_server_provision.0": {
                    "type": "null_resource",
                    "depends_on": [],
                    "primary": {
                        "id": "2737441524902184875",
                        "attributes": {
                            "id": "2737441524902184875"
                        },
                        "meta": {},
                        "tainted": false
                    },
                    "deposed": [],
                    "provider": ""
                },
                "null_resource.swarm_worker_server_provision.1": {
                    "type": "null_resource",
                    "depends_on": [],
                    "primary": {
                        "id": "6075181743920551356",
                        "attributes": {
                            "id": "6075181743920551356"
                        },
                        "meta": {},
                        "tainted": false
                    },
                    "deposed": [],
                    "provider": ""
                }
            },
            "depends_on": []
        }
    ]
}
