{
    "version": 3,
    "terraform_version": "0.11.0",
    "serial": 1,
    "lineage": "bb851860-d300-4987-9379-c7db4d3dcea4",
    "modules": [
        {
            "path": [
                "root"
            ],
            "outputs": {},
            "resources": {},
            "depends_on": []
        },
        {
            "path": [
                "root",
                "vpn"
            ],
            "outputs": {},
            "resources": {
                "google_compute_firewall.vpn": {
                    "type": "google_compute_firewall",
                    "depends_on": [],
                    "primary": {
                        "id": "default-vpn",
                        "attributes": {
                            "allow.#": "3",
                            "allow.1138858115.ports.#": "1",
                            "allow.1138858115.ports.0": "1194",
                            "allow.1138858115.protocol": "tcp",
                            "allow.1367131964.ports.#": "0",
                            "allow.1367131964.protocol": "icmp",
                            "allow.1583318489.ports.#": "1",
                            "allow.1583318489.ports.0": "1194",
                            "allow.1583318489.protocol": "udp",
                            "deny.#": "0",
                            "description": "",
                            "destination_ranges.#": "0",
                            "id": "default-vpn",
                            "name": "default-vpn",
                            "network": "https://www.googleapis.com/compute/v1/projects/polished-watch-187318/global/networks/default",
                            "priority": "1000",
                            "project": "polished-watch-187318",
                            "self_link": "https://www.googleapis.com/compute/v1/projects/polished-watch-187318/global/firewalls/default-vpn",
                            "source_ranges.#": "1",
                            "source_ranges.1080289494": "0.0.0.0/0",
                            "source_service_accounts.#": "0",
                            "source_tags.#": "0",
                            "target_service_accounts.#": "0",
                            "target_tags.#": "1",
                            "target_tags.3311002467": "default-vpn"
                        },
                        "meta": {
                            "schema_version": "1"
                        },
                        "tainted": false
                    },
                    "deposed": [],
                    "provider": "provider.google"
                },
                "google_compute_instance.vpn": {
                    "type": "google_compute_instance",
                    "depends_on": [],
                    "primary": {
                        "id": "default-vpn",
                        "attributes": {
                            "attached_disk.#": "0",
                            "boot_disk.#": "1",
                            "boot_disk.0.auto_delete": "true",
                            "boot_disk.0.device_name": "persistent-disk-0",
                            "boot_disk.0.disk_encryption_key_raw": "",
                            "boot_disk.0.disk_encryption_key_sha256": "",
                            "boot_disk.0.initialize_params.#": "1",
                            "boot_disk.0.initialize_params.0.image": "ubuntu-1604-xenial-v20160921",
                            "boot_disk.0.initialize_params.0.size": "10",
                            "boot_disk.0.initialize_params.0.type": "pd-ssd",
                            "boot_disk.0.source": "https://www.googleapis.com/compute/v1/projects/polished-watch-187318/zones/us-central1-a/disks/default-vpn",
                            "can_ip_forward": "true",
                            "cpu_platform": "Intel Sandy Bridge",
                            "create_timeout": "4",
                            "guest_accelerator.#": "0",
                            "id": "default-vpn",
                            "instance_id": "6282863787006724291",
                            "label_fingerprint": "42WmSpB8rSM=",
                            "machine_type": "n1-standard-1",
                            "metadata.%": "0",
                            "metadata_fingerprint": "OZ1D-Plb4lU=",
                            "min_cpu_platform": "",
                            "name": "default-vpn",
                            "network_interface.#": "1",
                            "network_interface.0.access_config.#": "1",
                            "network_interface.0.access_config.0.assigned_nat_ip": "35.193.116.176",
                            "network_interface.0.access_config.0.nat_ip": "",
                            "network_interface.0.address": "10.128.0.2",
                            "network_interface.0.alias_ip_range.#": "0",
                            "network_interface.0.name": "nic0",
                            "network_interface.0.network": "https://www.googleapis.com/compute/v1/projects/polished-watch-187318/global/networks/default",
                            "network_interface.0.subnetwork": "https://www.googleapis.com/compute/v1/projects/polished-watch-187318/regions/us-central1/subnetworks/default",
                            "network_interface.0.subnetwork_project": "polished-watch-187318",
                            "scheduling.#": "1",
                            "scheduling.0.automatic_restart": "true",
                            "scheduling.0.on_host_maintenance": "MIGRATE",
                            "scheduling.0.preemptible": "false",
                            "scratch_disk.#": "0",
                            "self_link": "https://www.googleapis.com/compute/v1/projects/polished-watch-187318/zones/us-central1-a/instances/default-vpn",
                            "service_account.#": "0",
                            "tags.#": "2",
                            "tags.3311002467": "default-vpn",
                            "tags.4002270276": "ssh",
                            "tags_fingerprint": "gtMzGxoiyIk=",
                            "zone": "us-central1-a"
                        },
                        "meta": {
                            "schema_version": "6"
                        },
                        "tainted": false
                    },
                    "deposed": [],
                    "provider": "provider.google"
                },
                "google_compute_route.vpn": {
                    "type": "google_compute_route",
                    "depends_on": [
                        "google_compute_instance.vpn"
                    ],
                    "primary": {
                        "id": "default-vpn-route",
                        "attributes": {
                            "dest_range": "0.0.0.0/0",
                            "id": "default-vpn-route",
                            "name": "default-vpn-route",
                            "network": "https://www.googleapis.com/compute/v1/projects/polished-watch-187318/global/networks/default",
                            "next_hop_gateway": "",
                            "next_hop_instance": "default-vpn",
                            "next_hop_instance_zone": "us-central1-a",
                            "next_hop_ip": "",
                            "next_hop_network": "",
                            "next_hop_vpn_tunnel": "",
                            "priority": "800",
                            "self_link": "https://www.googleapis.com/compute/v1/projects/polished-watch-187318/global/routes/default-vpn-route",
                            "tags.#": "1",
                            "tags.1472900357": "no-ip"
                        },
                        "meta": {},
                        "tainted": false
                    },
                    "deposed": [],
                    "provider": "provider.google"
                }
            },
            "depends_on": []
        }
    ]
}
