hash: 4f71e9945f82e38e6451ea69e509f8c5b49fbd7ae104668ba81e343e7de92201
updated: 2016-08-10T15:22:14.7387843-07:00
imports:
- name: github.com/FoxComm/metamorphosis
  version: e034438c2ca03d5dbdc117eaadfb2c1b23ee21c0
  repo: git@github.com:FoxComm/metamorphosis.git
  vcs: git
- name: github.com/jpfuentes2/go-env
  version: 8e0a68de05f21bcefcd581c6b934a1d1e4390fa1
devImports: []
