{
    "version": 3,
    "terraform_version": "0.8.7",
    "serial": 11,
    "lineage": "c0794ba9-7fe1-47b8-83ee-dd12cd64dbf5",
    "modules": [
        {
            "path": [
                "root"
            ],
            "outputs": {},
            "resources": {},
            "depends_on": []
        },
        {
            "path": [
                "root",
                "coupons"
            ],
            "outputs": {},
            "resources": {
                "dnsimple_record.frontend-dns-record": {
                    "type": "dnsimple_record",
                    "depends_on": [
                        "google_compute_instance.appliance"
                    ],
                    "primary": {
                        "id": "10524029",
                        "attributes": {
                            "domain": "foxcommerce.com",
                            "domain_id": "123968",
                            "hostname": "feature-branch-coupons.foxcommerce.com",
                            "id": "10524029",
                            "name": "feature-branch-coupons",
                            "priority": "0",
                            "ttl": "3600",
                            "type": "A",
                            "value": "10.240.0.12"
                        },
                        "meta": {},
                        "tainted": false
                    },
                    "deposed": [],
                    "provider": ""
                },
                "google_compute_instance.appliance": {
                    "type": "google_compute_instance",
                    "depends_on": [],
                    "primary": {
                        "id": "feature-branch-coupons",
                        "attributes": {
                            "can_ip_forward": "false",
                            "create_timeout": "4",
                            "disk.#": "1",
                            "disk.0.auto_delete": "true",
                            "disk.0.device_name": "",
                            "disk.0.disk": "",
                            "disk.0.disk_encryption_key_raw": "",
                            "disk.0.disk_encryption_key_sha256": "",
                            "disk.0.image": "appliance-base-170207-004420",
                            "disk.0.scratch": "false",
                            "disk.0.size": "40",
                            "disk.0.type": "pd-ssd",
                            "id": "feature-branch-coupons",
                            "machine_type": "n1-standard-4",
                            "metadata.%": "0",
                            "metadata_fingerprint": "1-7KLxnxNkU=",
                            "name": "feature-branch-coupons",
                            "network.#": "0",
                            "network_interface.#": "1",
                            "network_interface.0.access_config.#": "0",
                            "network_interface.0.address": "10.240.0.12",
                            "network_interface.0.name": "nic0",
                            "network_interface.0.network": "default",
                            "network_interface.0.subnetwork": "",
                            "network_interface.0.subnetwork_project": "",
                            "self_link": "https://www.googleapis.com/compute/v1/projects/foxcomm-staging/zones/us-central1-a/instances/feature-branch-coupons",
                            "service_account.#": "1",
                            "service_account.0.email": "953682058057-compute@developer.gserviceaccount.com",
                            "service_account.0.scopes.#": "1",
                            "service_account.0.scopes.1328717722": "https://www.googleapis.com/auth/devstorage.read_write",
                            "tags.#": "2",
                            "tags.1472900357": "no-ip",
                            "tags.3595657155": "feature-branch-coupons",
                            "tags_fingerprint": "Ivf0M0TZp5A=",
                            "zone": "us-central1-a"
                        },
                        "meta": {
                            "schema_version": "2"
                        },
                        "tainted": false
                    },
                    "deposed": [],
                    "provider": ""
                }
            },
            "depends_on": []
        },
        {
            "path": [
                "root",
                "peacock"
            ],
            "outputs": {},
            "resources": {
                "dnsimple_record.frontend-dns-record": {
                    "type": "dnsimple_record",
                    "depends_on": [
                        "google_compute_instance.appliance"
                    ],
                    "primary": {
                        "id": "11150010",
                        "attributes": {
                            "domain": "foxcommerce.com",
                            "domain_id": "123968",
                            "hostname": "feature-branch-peacock.foxcommerce.com",
                            "id": "11150010",
                            "name": "feature-branch-peacock",
                            "priority": "0",
                            "ttl": "3600",
                            "type": "A",
                            "value": "10.240.0.21"
                        },
                        "meta": {},
                        "tainted": false
                    },
                    "deposed": [],
                    "provider": ""
                },
                "google_compute_instance.appliance": {
                    "type": "google_compute_instance",
                    "depends_on": [],
                    "primary": {
                        "id": "feature-branch-peacock",
                        "attributes": {
                            "can_ip_forward": "false",
                            "create_timeout": "4",
                            "disk.#": "1",
                            "disk.0.auto_delete": "true",
                            "disk.0.device_name": "",
                            "disk.0.disk": "",
                            "disk.0.disk_encryption_key_raw": "",
                            "disk.0.disk_encryption_key_sha256": "",
                            "disk.0.image": "appliance-base-170207-004420",
                            "disk.0.scratch": "false",
                            "disk.0.size": "40",
                            "disk.0.type": "pd-ssd",
                            "id": "feature-branch-peacock",
                            "machine_type": "n1-standard-4",
                            "metadata.%": "0",
                            "metadata_fingerprint": "1-7KLxnxNkU=",
                            "name": "feature-branch-peacock",
                            "network.#": "0",
                            "network_interface.#": "1",
                            "network_interface.0.access_config.#": "0",
                            "network_interface.0.address": "10.240.0.21",
                            "network_interface.0.name": "nic0",
                            "network_interface.0.network": "default",
                            "network_interface.0.subnetwork": "",
                            "network_interface.0.subnetwork_project": "",
                            "self_link": "https://www.googleapis.com/compute/v1/projects/foxcomm-staging/zones/us-central1-a/instances/feature-branch-peacock",
                            "service_account.#": "1",
                            "service_account.0.email": "953682058057-compute@developer.gserviceaccount.com",
                            "service_account.0.scopes.#": "1",
                            "service_account.0.scopes.1328717722": "https://www.googleapis.com/auth/devstorage.read_write",
                            "tags.#": "2",
                            "tags.1358091742": "feature-branch-peacock",
                            "tags.1472900357": "no-ip",
                            "tags_fingerprint": "IPvV2u-8E0k=",
                            "zone": "us-central1-a"
                        },
                        "meta": {
                            "schema_version": "2"
                        },
                        "tainted": false
                    },
                    "deposed": [],
                    "provider": ""
                }
            },
            "depends_on": []
        },
        {
            "path": [
                "root",
                "returns"
            ],
            "outputs": {},
            "resources": {
                "dnsimple_record.frontend-dns-record": {
                    "type": "dnsimple_record",
                    "depends_on": [
                        "google_compute_instance.appliance"
                    ],
                    "primary": {
                        "id": "10494051",
                        "attributes": {
                            "domain": "foxcommerce.com",
                            "domain_id": "123968",
                            "hostname": "feature-branch-returns.foxcommerce.com",
                            "id": "10494051",
                            "name": "feature-branch-returns",
                            "priority": "0",
                            "ttl": "3600",
                            "type": "A",
                            "value": "10.240.0.22"
                        },
                        "meta": {},
                        "tainted": false
                    },
                    "deposed": [],
                    "provider": ""
                },
                "google_compute_instance.appliance": {
                    "type": "google_compute_instance",
                    "depends_on": [],
                    "primary": {
                        "id": "feature-branch-returns-consul-server",
                        "attributes": {
                            "can_ip_forward": "false",
                            "create_timeout": "4",
                            "disk.#": "1",
                            "disk.0.auto_delete": "true",
                            "disk.0.device_name": "",
                            "disk.0.disk": "",
                            "disk.0.disk_encryption_key_raw": "",
                            "disk.0.disk_encryption_key_sha256": "",
                            "disk.0.image": "appliance-base-170207-004420",
                            "disk.0.scratch": "false",
                            "disk.0.size": "40",
                            "disk.0.type": "pd-ssd",
                            "id": "feature-branch-returns-consul-server",
                            "machine_type": "n1-standard-4",
                            "metadata.%": "0",
                            "metadata_fingerprint": "1-7KLxnxNkU=",
                            "name": "feature-branch-returns-consul-server",
                            "network.#": "0",
                            "network_interface.#": "1",
                            "network_interface.0.access_config.#": "0",
                            "network_interface.0.address": "10.240.0.22",
                            "network_interface.0.name": "nic0",
                            "network_interface.0.network": "default",
                            "network_interface.0.subnetwork": "",
                            "network_interface.0.subnetwork_project": "",
                            "self_link": "https://www.googleapis.com/compute/v1/projects/foxcomm-staging/zones/us-central1-a/instances/feature-branch-returns-consul-server",
                            "service_account.#": "1",
                            "service_account.0.email": "953682058057-compute@developer.gserviceaccount.com",
                            "service_account.0.scopes.#": "1",
                            "service_account.0.scopes.1328717722": "https://www.googleapis.com/auth/devstorage.read_write",
                            "tags.#": "3",
                            "tags.1074440676": "feature-branch-returns-consul-server",
                            "tags.1472900357": "no-ip",
                            "tags.2820866686": "feature-branch-returns",
                            "tags_fingerprint": "tVKmZ18zpb0=",
                            "zone": "us-central1-a"
                        },
                        "meta": {
                            "schema_version": "2"
                        },
                        "tainted": false
                    },
                    "deposed": [],
                    "provider": ""
                }
            },
            "depends_on": []
        }
    ]
}
