{
    "version": 3,
    "terraform_version": "0.7.4",
    "serial": 3,
    "lineage": "3fcd0ecf-145b-4e99-9b10-2ac5ffa098b0",
    "modules": [
        {
            "path": [
                "root"
            ],
            "outputs": {},
            "resources": {},
            "depends_on": []
        },
        {
            "path": [
                "root",
                "dev"
            ],
            "outputs": {},
            "resources": {
                "google_compute_instance.swarm_dev_server": {
                    "type": "google_compute_instance",
                    "depends_on": [],
                    "primary": {
                        "id": "swarm-swarm-dev-server-alexey",
                        "attributes": {
                            "can_ip_forward": "false",
                            "disk.#": "1",
                            "disk.0.auto_delete": "true",
                            "disk.0.device_name": "",
                            "disk.0.disk": "",
                            "disk.0.image": "swarm-development-161104-120724",
                            "disk.0.scratch": "false",
                            "disk.0.size": "30",
                            "disk.0.type": "pd-ssd",
                            "id": "swarm-swarm-dev-server-alexey",
                            "machine_type": "n1-standard-1",
                            "metadata.%": "0",
                            "metadata_fingerprint": "1-7KLxnxNkU=",
                            "name": "swarm-swarm-dev-server-alexey",
                            "network.#": "0",
                            "network_interface.#": "1",
                            "network_interface.0.access_config.#": "0",
                            "network_interface.0.address": "10.240.0.59",
                            "network_interface.0.name": "nic0",
                            "network_interface.0.network": "default",
                            "network_interface.0.subnetwork": "",
                            "self_link": "https://www.googleapis.com/compute/v1/projects/foxcomm-staging/zones/us-central1-a/instances/swarm-swarm-dev-server-alexey",
                            "service_account.#": "1",
                            "service_account.0.email": "953682058057-compute@developer.gserviceaccount.com",
                            "service_account.0.scopes.#": "1",
                            "service_account.0.scopes.1328717722": "https://www.googleapis.com/auth/devstorage.read_write",
                            "tags.#": "5",
                            "tags.1472900357": "no-ip",
                            "tags.1674248903": "swarm-swarm-master-server",
                            "tags.3920056993": "swarm",
                            "tags.4002270276": "ssh",
                            "tags.765410258": "swarm-swarm-master-server-0",
                            "tags_fingerprint": "B-fJKBM99zc=",
                            "zone": "us-central1-a"
                        },
                        "meta": {
                            "schema_version": "2"
                        },
                        "tainted": false
                    },
                    "deposed": [],
                    "provider": ""
                },
                "null_resource.swarm_dev_server_provision": {
                    "type": "null_resource",
                    "depends_on": [
                        "google_compute_instance.swarm_dev_server",
                        "google_compute_instance.swarm_dev_server",
                        "google_compute_instance.swarm_dev_server"
                    ],
                    "primary": {
                        "id": "822601456306564106",
                        "attributes": {
                            "id": "822601456306564106"
                        },
                        "meta": {},
                        "tainted": false
                    },
                    "deposed": [],
                    "provider": ""
                }
            },
            "depends_on": []
        }
    ]
}
