{
    "version": 3,
    "terraform_version": "0.7.4",
    "serial": 1,
    "lineage": "e1613ab3-d182-4dbe-b03a-7525b29c85a0",
    "modules": [
        {
            "path": [
                "root"
            ],
            "outputs": {},
            "resources": {
                "google_compute_network.tpg": {
                    "type": "google_compute_network",
                    "depends_on": [],
                    "primary": {
                        "id": "tpg",
                        "attributes": {
                            "gateway_ipv4": "10.0.0.1",
                            "id": "tpg",
                            "ipv4_range": "10.0.0.0/16",
                            "name": "tpg",
                            "self_link": "https://www.googleapis.com/compute/v1/projects/foxcommerce-production-shared/global/networks/tpg"
                        },
                        "meta": {},
                        "tainted": false
                    },
                    "deposed": [],
                    "provider": ""
                }
            },
            "depends_on": []
        },
        {
            "path": [
                "root",
                "tpg_vpn"
            ],
            "outputs": {},
            "resources": {
                "google_compute_firewall.vpn": {
                    "type": "google_compute_firewall",
                    "depends_on": [],
                    "primary": {
                        "id": "tpg-vpn",
                        "attributes": {
                            "allow.#": "3",
                            "allow.1138858115.ports.#": "1",
                            "allow.1138858115.ports.0": "1194",
                            "allow.1138858115.protocol": "tcp",
                            "allow.1367131964.ports.#": "0",
                            "allow.1367131964.protocol": "icmp",
                            "allow.1583318489.ports.#": "1",
                            "allow.1583318489.ports.0": "1194",
                            "allow.1583318489.protocol": "udp",
                            "description": "",
                            "id": "tpg-vpn",
                            "name": "tpg-vpn",
                            "network": "tpg",
                            "project": "foxcommerce-production-shared",
                            "self_link": "https://www.googleapis.com/compute/v1/projects/foxcommerce-production-shared/global/firewalls/tpg-vpn",
                            "source_ranges.#": "1",
                            "source_ranges.1080289494": "0.0.0.0/0",
                            "source_tags.#": "0",
                            "target_tags.#": "1",
                            "target_tags.577428338": "tpg-vpn"
                        },
                        "meta": {
                            "schema_version": "1"
                        },
                        "tainted": false
                    },
                    "deposed": [],
                    "provider": ""
                },
                "google_compute_instance.vpn": {
                    "type": "google_compute_instance",
                    "depends_on": [],
                    "primary": {
                        "id": "tpg-vpn",
                        "attributes": {
                            "can_ip_forward": "true",
                            "disk.#": "1",
                            "disk.0.auto_delete": "true",
                            "disk.0.device_name": "",
                            "disk.0.disk": "",
                            "disk.0.image": "ubuntu-1604-xenial-v20160921",
                            "disk.0.scratch": "false",
                            "disk.0.size": "10",
                            "disk.0.type": "pd-ssd",
                            "id": "tpg-vpn",
                            "machine_type": "n1-standard-1",
                            "metadata.%": "0",
                            "metadata_fingerprint": "T7NK9iJnyFA=",
                            "name": "tpg-vpn",
                            "network.#": "0",
                            "network_interface.#": "1",
                            "network_interface.0.access_config.#": "1",
                            "network_interface.0.access_config.0.assigned_nat_ip": "104.198.210.70",
                            "network_interface.0.access_config.0.nat_ip": "",
                            "network_interface.0.address": "10.0.0.2",
                            "network_interface.0.name": "nic0",
                            "network_interface.0.network": "tpg",
                            "network_interface.0.subnetwork": "",
                            "self_link": "https://www.googleapis.com/compute/v1/projects/foxcommerce-production-shared/zones/us-central1-a/instances/tpg-vpn",
                            "service_account.#": "0",
                            "tags.#": "2",
                            "tags.4002270276": "ssh",
                            "tags.577428338": "tpg-vpn",
                            "tags_fingerprint": "C3Iz8qaEa6U=",
                            "zone": "us-central1-a"
                        },
                        "meta": {
                            "schema_version": "2"
                        },
                        "tainted": false
                    },
                    "deposed": [],
                    "provider": ""
                },
                "google_compute_route.vpn": {
                    "type": "google_compute_route",
                    "depends_on": [
                        "google_compute_instance.vpn"
                    ],
                    "primary": {
                        "id": "tpg-vpn-route",
                        "attributes": {
                            "dest_range": "0.0.0.0/0",
                            "id": "tpg-vpn-route",
                            "name": "tpg-vpn-route",
                            "network": "tpg",
                            "next_hop_instance": "tpg-vpn",
                            "next_hop_instance_zone": "us-central1-a",
                            "next_hop_network": "",
                            "priority": "800",
                            "self_link": "https://www.googleapis.com/compute/v1/projects/foxcommerce-production-shared/global/routes/tpg-vpn-route",
                            "tags.#": "1",
                            "tags.1472900357": "no-ip"
                        },
                        "meta": {},
                        "tainted": false
                    },
                    "deposed": [],
                    "provider": ""
                }
            },
            "depends_on": []
        }
    ]
}
