{
    "version": 3,
    "terraform_version": "0.7.8",
    "serial": 7,
    "lineage": "e1613ab3-d182-4dbe-b03a-7525b29c85a0",
    "modules": [
        {
            "path": [
                "root"
            ],
            "outputs": {},
            "resources": {
                "dnsimple_record.docker-registry-dns-record": {
                    "type": "dnsimple_record",
                    "depends_on": [
                        "module.tpg_production"
                    ],
                    "primary": {
                        "id": "6652332",
                        "attributes": {
                            "domain": "foxcommerce.com",
                            "domain_id": "123968",
                            "hostname": "docker-tpg.foxcommerce.com",
                            "id": "6652332",
                            "name": "docker-tpg",
                            "priority": "0",
                            "ttl": "3600",
                            "type": "A",
                            "value": "10.0.0.3"
                        },
                        "meta": {},
                        "tainted": false
                    },
                    "deposed": [],
                    "provider": ""
                },
                "google_compute_firewall.tpg_internal": {
                    "type": "google_compute_firewall",
                    "depends_on": [],
                    "primary": {
                        "id": "tpg-internal",
                        "attributes": {
                            "allow.#": "3",
                            "allow.1249999313.ports.#": "1",
                            "allow.1249999313.ports.0": "1-65535",
                            "allow.1249999313.protocol": "tcp",
                            "allow.1367131964.ports.#": "0",
                            "allow.1367131964.protocol": "icmp",
                            "allow.4162789437.ports.#": "1",
                            "allow.4162789437.ports.0": "1-65535",
                            "allow.4162789437.protocol": "udp",
                            "description": "",
                            "id": "tpg-internal",
                            "name": "tpg-internal",
                            "network": "tpg",
                            "project": "foxcommerce-production-shared",
                            "self_link": "https://www.googleapis.com/compute/v1/projects/foxcommerce-production-shared/global/firewalls/tpg-internal",
                            "source_ranges.#": "1",
                            "source_ranges.179966490": "10.0.0.0/16",
                            "source_tags.#": "0",
                            "target_tags.#": "0"
                        },
                        "meta": {
                            "schema_version": "1"
                        },
                        "tainted": false
                    },
                    "deposed": [],
                    "provider": ""
                },
                "google_compute_firewall.tpg_ssh": {
                    "type": "google_compute_firewall",
                    "depends_on": [],
                    "primary": {
                        "id": "tpg-ssh",
                        "attributes": {
                            "allow.#": "2",
                            "allow.1367131964.ports.#": "0",
                            "allow.1367131964.protocol": "icmp",
                            "allow.803338340.ports.#": "1",
                            "allow.803338340.ports.0": "22",
                            "allow.803338340.protocol": "tcp",
                            "description": "",
                            "id": "tpg-ssh",
                            "name": "tpg-ssh",
                            "network": "tpg",
                            "project": "foxcommerce-production-shared",
                            "self_link": "https://www.googleapis.com/compute/v1/projects/foxcommerce-production-shared/global/firewalls/tpg-ssh",
                            "source_ranges.#": "1",
                            "source_ranges.1080289494": "0.0.0.0/0",
                            "source_tags.#": "0",
                            "target_tags.#": "1",
                            "target_tags.4002270276": "ssh"
                        },
                        "meta": {
                            "schema_version": "1"
                        },
                        "tainted": false
                    },
                    "deposed": [],
                    "provider": ""
                },
                "google_compute_firewall.tpg_web": {
                    "type": "google_compute_firewall",
                    "depends_on": [],
                    "primary": {
                        "id": "tpg-web",
                        "attributes": {
                            "allow.#": "2",
                            "allow.1250112605.ports.#": "2",
                            "allow.1250112605.ports.0": "80",
                            "allow.1250112605.ports.1": "443",
                            "allow.1250112605.protocol": "tcp",
                            "allow.1367131964.ports.#": "0",
                            "allow.1367131964.protocol": "icmp",
                            "description": "",
                            "id": "tpg-web",
                            "name": "tpg-web",
                            "network": "tpg",
                            "project": "foxcommerce-production-shared",
                            "self_link": "https://www.googleapis.com/compute/v1/projects/foxcommerce-production-shared/global/firewalls/tpg-web",
                            "source_ranges.#": "1",
                            "source_ranges.1080289494": "0.0.0.0/0",
                            "source_tags.#": "0",
                            "target_tags.#": "2",
                            "target_tags.1936433573": "https-server",
                            "target_tags.988335155": "http-server"
                        },
                        "meta": {
                            "schema_version": "1"
                        },
                        "tainted": false
                    },
                    "deposed": [],
                    "provider": ""
                },
                "google_compute_network.tpg": {
                    "type": "google_compute_network",
                    "depends_on": [],
                    "primary": {
                        "id": "tpg",
                        "attributes": {
                            "gateway_ipv4": "10.0.0.1",
                            "id": "tpg",
                            "ipv4_range": "10.0.0.0/16",
                            "name": "tpg",
                            "self_link": "https://www.googleapis.com/compute/v1/projects/foxcommerce-production-shared/global/networks/tpg"
                        },
                        "meta": {},
                        "tainted": false
                    },
                    "deposed": [],
                    "provider": ""
                }
            },
            "depends_on": []
        },
        {
            "path": [
                "root",
                "tpg_amigo_cluster"
            ],
            "outputs": {
                "leader": {
                    "sensitive": false,
                    "type": "string",
                    "value": "10.0.0.3"
                }
            },
            "resources": {},
            "depends_on": []
        },
        {
            "path": [
                "root",
                "tpg_production"
            ],
            "outputs": {
                "amigo_leader": {
                    "sensitive": false,
                    "type": "string",
                    "value": "10.0.0.3"
                }
            },
            "resources": {
                "google_compute_instance.tinyprod-amigo": {
                    "type": "google_compute_instance",
                    "depends_on": [],
                    "primary": {
                        "id": "tpg-amigo",
                        "attributes": {
                            "can_ip_forward": "false",
                            "disk.#": "1",
                            "disk.0.auto_delete": "true",
                            "disk.0.device_name": "",
                            "disk.0.disk": "",
                            "disk.0.image": "base-amigo-161104-095319",
                            "disk.0.scratch": "false",
                            "disk.0.size": "20",
                            "disk.0.type": "pd-ssd",
                            "id": "tpg-amigo",
                            "machine_type": "n1-standard-2",
                            "metadata.%": "0",
                            "metadata_fingerprint": "T7NK9iJnyFA=",
                            "name": "tpg-amigo",
                            "network.#": "0",
                            "network_interface.#": "1",
                            "network_interface.0.access_config.#": "0",
                            "network_interface.0.address": "10.0.0.3",
                            "network_interface.0.name": "nic0",
                            "network_interface.0.network": "tpg",
                            "network_interface.0.subnetwork": "",
                            "self_link": "https://www.googleapis.com/compute/v1/projects/foxcommerce-production-shared/zones/us-central1-a/instances/tpg-amigo",
                            "service_account.#": "1",
                            "service_account.0.email": "594091449665-compute@developer.gserviceaccount.com",
                            "service_account.0.scopes.#": "1",
                            "service_account.0.scopes.1328717722": "https://www.googleapis.com/auth/devstorage.read_write",
                            "tags.#": "1",
                            "tags.1472900357": "no-ip",
                            "tags_fingerprint": "76jL_jN2Vts=",
                            "zone": "us-central1-a"
                        },
                        "meta": {
                            "schema_version": "2"
                        },
                        "tainted": false
                    },
                    "deposed": [],
                    "provider": ""
                },
                "google_storage_bucket.backups": {
                    "type": "google_storage_bucket",
                    "depends_on": [],
                    "primary": {
                        "id": "tpg-backups",
                        "attributes": {
                            "force_destroy": "false",
                            "id": "tpg-backups",
                            "location": "us",
                            "name": "tpg-backups",
                            "self_link": "https://www.googleapis.com/storage/v1/b/tpg-backups",
                            "storage_class": "STANDARD"
                        },
                        "meta": {},
                        "tainted": false
                    },
                    "deposed": [],
                    "provider": ""
                },
                "google_storage_bucket.registry": {
                    "type": "google_storage_bucket",
                    "depends_on": [],
                    "primary": {
                        "id": "tpg-docker",
                        "attributes": {
                            "force_destroy": "false",
                            "id": "tpg-docker",
                            "location": "us",
                            "name": "tpg-docker",
                            "self_link": "https://www.googleapis.com/storage/v1/b/tpg-docker",
                            "storage_class": "STANDARD"
                        },
                        "meta": {},
                        "tainted": false
                    },
                    "deposed": [],
                    "provider": ""
                }
            },
            "depends_on": []
        },
        {
            "path": [
                "root",
                "tpg_stack"
            ],
            "outputs": {
                "kakfa_address": {
                    "sensitive": false,
                    "type": "string",
                    "value": "10.0.0.9"
                }
            },
            "resources": {},
            "depends_on": []
        },
        {
            "path": [
                "root",
                "tpg_vpn"
            ],
            "outputs": {},
            "resources": {
                "google_compute_firewall.vpn": {
                    "type": "google_compute_firewall",
                    "depends_on": [],
                    "primary": {
                        "id": "tpg-vpn",
                        "attributes": {
                            "allow.#": "3",
                            "allow.1138858115.ports.#": "1",
                            "allow.1138858115.ports.0": "1194",
                            "allow.1138858115.protocol": "tcp",
                            "allow.1367131964.ports.#": "0",
                            "allow.1367131964.protocol": "icmp",
                            "allow.1583318489.ports.#": "1",
                            "allow.1583318489.ports.0": "1194",
                            "allow.1583318489.protocol": "udp",
                            "description": "",
                            "id": "tpg-vpn",
                            "name": "tpg-vpn",
                            "network": "tpg",
                            "project": "foxcommerce-production-shared",
                            "self_link": "https://www.googleapis.com/compute/v1/projects/foxcommerce-production-shared/global/firewalls/tpg-vpn",
                            "source_ranges.#": "1",
                            "source_ranges.1080289494": "0.0.0.0/0",
                            "source_tags.#": "0",
                            "target_tags.#": "1",
                            "target_tags.577428338": "tpg-vpn"
                        },
                        "meta": {
                            "schema_version": "1"
                        },
                        "tainted": false
                    },
                    "deposed": [],
                    "provider": ""
                },
                "google_compute_instance.vpn": {
                    "type": "google_compute_instance",
                    "depends_on": [],
                    "primary": {
                        "id": "tpg-vpn",
                        "attributes": {
                            "can_ip_forward": "true",
                            "disk.#": "1",
                            "disk.0.auto_delete": "true",
                            "disk.0.device_name": "",
                            "disk.0.disk": "",
                            "disk.0.image": "ubuntu-1604-xenial-v20160921",
                            "disk.0.scratch": "false",
                            "disk.0.size": "10",
                            "disk.0.type": "pd-ssd",
                            "id": "tpg-vpn",
                            "machine_type": "n1-standard-1",
                            "metadata.%": "0",
                            "metadata_fingerprint": "T7NK9iJnyFA=",
                            "name": "tpg-vpn",
                            "network.#": "0",
                            "network_interface.#": "1",
                            "network_interface.0.access_config.#": "1",
                            "network_interface.0.access_config.0.assigned_nat_ip": "104.198.210.70",
                            "network_interface.0.access_config.0.nat_ip": "",
                            "network_interface.0.address": "10.0.0.2",
                            "network_interface.0.name": "nic0",
                            "network_interface.0.network": "tpg",
                            "network_interface.0.subnetwork": "",
                            "self_link": "https://www.googleapis.com/compute/v1/projects/foxcommerce-production-shared/zones/us-central1-a/instances/tpg-vpn",
                            "service_account.#": "0",
                            "tags.#": "2",
                            "tags.4002270276": "ssh",
                            "tags.577428338": "tpg-vpn",
                            "tags_fingerprint": "C3Iz8qaEa6U=",
                            "zone": "us-central1-a"
                        },
                        "meta": {
                            "schema_version": "2"
                        },
                        "tainted": false
                    },
                    "deposed": [],
                    "provider": ""
                },
                "google_compute_route.vpn": {
                    "type": "google_compute_route",
                    "depends_on": [
                        "google_compute_instance.vpn"
                    ],
                    "primary": {
                        "id": "tpg-vpn-route",
                        "attributes": {
                            "dest_range": "0.0.0.0/0",
                            "id": "tpg-vpn-route",
                            "name": "tpg-vpn-route",
                            "network": "tpg",
                            "next_hop_instance": "tpg-vpn",
                            "next_hop_instance_zone": "us-central1-a",
                            "next_hop_network": "",
                            "priority": "800",
                            "self_link": "https://www.googleapis.com/compute/v1/projects/foxcommerce-production-shared/global/routes/tpg-vpn-route",
                            "tags.#": "1",
                            "tags.1472900357": "no-ip"
                        },
                        "meta": {},
                        "tainted": false
                    },
                    "deposed": [],
                    "provider": ""
                }
            },
            "depends_on": []
        }
    ]
}
