{
    "version": 3,
    "terraform_version": "0.7.11",
    "serial": 0,
    "lineage": "f26ea1bf-ad2c-4e15-9847-14a01705165e",
    "modules": [
        {
            "path": [
                "root"
            ],
            "outputs": {},
            "resources": {},
            "depends_on": []
        },
        {
            "path": [
                "root",
                "tpg_production2"
            ],
            "outputs": {
                "amigo_address": {
                    "sensitive": false,
                    "type": "string",
                    "value": "10.0.0.10"
                }
            },
            "resources": {
                "google_compute_instance.tinyprod-amigo": {
                    "type": "google_compute_instance",
                    "depends_on": [],
                    "primary": {
                        "id": "tpg-production2-amigo",
                        "attributes": {
                            "can_ip_forward": "false",
                            "disk.#": "1",
                            "disk.0.auto_delete": "true",
                            "disk.0.device_name": "",
                            "disk.0.disk": "",
                            "disk.0.image": "base-amigo-170428-054708",
                            "disk.0.scratch": "false",
                            "disk.0.size": "20",
                            "disk.0.type": "pd-ssd",
                            "id": "tpg-production2-amigo",
                            "machine_type": "n1-standard-2",
                            "metadata.%": "0",
                            "metadata_fingerprint": "T7NK9iJnyFA=",
                            "name": "tpg-production2-amigo",
                            "network.#": "0",
                            "network_interface.#": "1",
                            "network_interface.0.access_config.#": "0",
                            "network_interface.0.address": "10.0.0.10",
                            "network_interface.0.name": "nic0",
                            "network_interface.0.network": "tpg",
                            "network_interface.0.subnetwork": "",
                            "self_link": "https://www.googleapis.com/compute/v1/projects/foxcommerce-production-shared/zones/us-central1-a/instances/tpg-production2-amigo",
                            "service_account.#": "1",
                            "service_account.0.email": "594091449665-compute@developer.gserviceaccount.com",
                            "service_account.0.scopes.#": "1",
                            "service_account.0.scopes.1328717722": "https://www.googleapis.com/auth/devstorage.read_write",
                            "tags.#": "1",
                            "tags.1472900357": "no-ip",
                            "tags_fingerprint": "76jL_jN2Vts=",
                            "zone": "us-central1-a"
                        },
                        "meta": {
                            "schema_version": "2"
                        },
                        "tainted": true
                    },
                    "deposed": [],
                    "provider": ""
                },
                "google_storage_bucket.backups": {
                    "type": "google_storage_bucket",
                    "depends_on": [],
                    "primary": {
                        "id": "tpg-production2-backups",
                        "attributes": {
                            "force_destroy": "false",
                            "id": "tpg-production2-backups",
                            "location": "us",
                            "name": "tpg-production2-backups",
                            "self_link": "https://www.googleapis.com/storage/v1/b/tpg-production2-backups",
                            "storage_class": "STANDARD"
                        },
                        "meta": {},
                        "tainted": false
                    },
                    "deposed": [],
                    "provider": ""
                },
                "google_storage_bucket.registry": {
                    "type": "google_storage_bucket",
                    "depends_on": [],
                    "primary": {
                        "id": "tpg-production2-docker",
                        "attributes": {
                            "force_destroy": "false",
                            "id": "tpg-production2-docker",
                            "location": "us",
                            "name": "tpg-production2-docker",
                            "self_link": "https://www.googleapis.com/storage/v1/b/tpg-production2-docker",
                            "storage_class": "STANDARD"
                        },
                        "meta": {},
                        "tainted": false
                    },
                    "deposed": [],
                    "provider": ""
                }
            },
            "depends_on": []
        }
    ]
}
